// !$*UTF8*$!
{
	archiveVersion = 1;
	classes = {
	};
	objectVersion = 56;
	objects = {

/* Begin PBXBuildFile section */
		1400FEF32AEA3BFB006AFB96 /* TableViewController.swift in Sources */ = {isa = PBXBuildFile; fileRef = 1400FEF22AEA3BFB006AFB96 /* TableViewController.swift */; };
		1400FEF52AEA3F84006AFB96 /* Visits.swift in Sources */ = {isa = PBXBuildFile; fileRef = 1400FEF42AEA3F84006AFB96 /* Visits.swift */; };
		1400FEFB2AEA503F006AFB96 /* CustomTableViewCell.swift in Sources */ = {isa = PBXBuildFile; fileRef = 1400FEFA2AEA503F006AFB96 /* CustomTableViewCell.swift */; };
		140DD3152AE9F0470012B4E0 /* AppDelegate.swift in Sources */ = {isa = PBXBuildFile; fileRef = 140DD3142AE9F0470012B4E0 /* AppDelegate.swift */; };
		140DD3172AE9F0470012B4E0 /* SceneDelegate.swift in Sources */ = {isa = PBXBuildFile; fileRef = 140DD3162AE9F0470012B4E0 /* SceneDelegate.swift */; };
		140DD3192AE9F0470012B4E0 /* FirstViewController.swift in Sources */ = {isa = PBXBuildFile; fileRef = 140DD3182AE9F0470012B4E0 /* FirstViewController.swift */; };
		140DD31E2AE9F0490012B4E0 /* Assets.xcassets in Resources */ = {isa = PBXBuildFile; fileRef = 140DD31D2AE9F0490012B4E0 /* Assets.xcassets */; };
		140DD3212AE9F0490012B4E0 /* LaunchScreen.storyboard in Resources */ = {isa = PBXBuildFile; fileRef = 140DD31F2AE9F0490012B4E0 /* LaunchScreen.storyboard */; };
		140DD32C2AE9F0490012B4E0 /* newVisitsTests.swift in Sources */ = {isa = PBXBuildFile; fileRef = 140DD32B2AE9F0490012B4E0 /* newVisitsTests.swift */; };
		140DD3362AE9F0490012B4E0 /* newVisitsUITests.swift in Sources */ = {isa = PBXBuildFile; fileRef = 140DD3352AE9F0490012B4E0 /* newVisitsUITests.swift */; };
		140DD3382AE9F0490012B4E0 /* newVisitsUITestsLaunchTests.swift in Sources */ = {isa = PBXBuildFile; fileRef = 140DD3372AE9F0490012B4E0 /* newVisitsUITestsLaunchTests.swift */; };
		EE85001F45E19C0C2B957BDC /* Pods_newVisits.framework in Frameworks */ = {isa = PBXBuildFile; fileRef = DA6D800C11EC19F557996C1B /* Pods_newVisits.framework */; };
/* End PBXBuildFile section */

/* Begin PBXContainerItemProxy section */
		140DD3282AE9F0490012B4E0 /* PBXContainerItemProxy */ = {
			isa = PBXContainerItemProxy;
			containerPortal = 140DD3092AE9F0470012B4E0 /* Project object */;
			proxyType = 1;
			remoteGlobalIDString = 140DD3102AE9F0470012B4E0;
			remoteInfo = newVisits;
		};
		140DD3322AE9F0490012B4E0 /* PBXContainerItemProxy */ = {
			isa = PBXContainerItemProxy;
			containerPortal = 140DD3092AE9F0470012B4E0 /* Project object */;
			proxyType = 1;
			remoteGlobalIDString = 140DD3102AE9F0470012B4E0;
			remoteInfo = newVisits;
		};
/* End PBXContainerItemProxy section */

/* Begin PBXFileReference section */
		1400FEF22AEA3BFB006AFB96 /* TableViewController.swift */ = {isa = PBXFileReference; lastKnownFileType = sourcecode.swift; path = TableViewController.swift; sourceTree = "<group>"; };
		1400FEF42AEA3F84006AFB96 /* Visits.swift */ = {isa = PBXFileReference; lastKnownFileType = sourcecode.swift; path = Visits.swift; sourceTree = "<group>"; };
		1400FEFA2AEA503F006AFB96 /* CustomTableViewCell.swift */ = {isa = PBXFileReference; lastKnownFileType = sourcecode.swift; path = CustomTableViewCell.swift; sourceTree = "<group>"; };
		140DD3112AE9F0470012B4E0 /* newVisits.app */ = {isa = PBXFileReference; explicitFileType = wrapper.application; includeInIndex = 0; path = newVisits.app; sourceTree = BUILT_PRODUCTS_DIR; };
		140DD3142AE9F0470012B4E0 /* AppDelegate.swift */ = {isa = PBXFileReference; lastKnownFileType = sourcecode.swift; path = AppDelegate.swift; sourceTree = "<group>"; };
		140DD3162AE9F0470012B4E0 /* SceneDelegate.swift */ = {isa = PBXFileReference; lastKnownFileType = sourcecode.swift; path = SceneDelegate.swift; sourceTree = "<group>"; };
		140DD3182AE9F0470012B4E0 /* FirstViewController.swift */ = {isa = PBXFileReference; lastKnownFileType = sourcecode.swift; path = FirstViewController.swift; sourceTree = "<group>"; };
		140DD31D2AE9F0490012B4E0 /* Assets.xcassets */ = {isa = PBXFileReference; lastKnownFileType = folder.assetcatalog; path = Assets.xcassets; sourceTree = "<group>"; };
		140DD3202AE9F0490012B4E0 /* Base */ = {isa = PBXFileReference; lastKnownFileType = file.storyboard; name = Base; path = Base.lproj/LaunchScreen.storyboard; sourceTree = "<group>"; };
		140DD3222AE9F0490012B4E0 /* Info.plist */ = {isa = PBXFileReference; lastKnownFileType = text.plist.xml; path = Info.plist; sourceTree = "<group>"; };
		140DD3272AE9F0490012B4E0 /* newVisitsTests.xctest */ = {isa = PBXFileReference; explicitFileType = wrapper.cfbundle; includeInIndex = 0; path = newVisitsTests.xctest; sourceTree = BUILT_PRODUCTS_DIR; };
		140DD32B2AE9F0490012B4E0 /* newVisitsTests.swift */ = {isa = PBXFileReference; lastKnownFileType = sourcecode.swift; path = newVisitsTests.swift; sourceTree = "<group>"; };
		140DD3312AE9F0490012B4E0 /* newVisitsUITests.xctest */ = {isa = PBXFileReference; explicitFileType = wrapper.cfbundle; includeInIndex = 0; path = newVisitsUITests.xctest; sourceTree = BUILT_PRODUCTS_DIR; };
		140DD3352AE9F0490012B4E0 /* newVisitsUITests.swift */ = {isa = PBXFileReference; lastKnownFileType = sourcecode.swift; path = newVisitsUITests.swift; sourceTree = "<group>"; };
		140DD3372AE9F0490012B4E0 /* newVisitsUITestsLaunchTests.swift */ = {isa = PBXFileReference; lastKnownFileType = sourcecode.swift; path = newVisitsUITestsLaunchTests.swift; sourceTree = "<group>"; };
		2ECDB596F70902FE445DC316 /* Pods-newVisits.release.xcconfig */ = {isa = PBXFileReference; includeInIndex = 1; lastKnownFileType = text.xcconfig; name = "Pods-newVisits.release.xcconfig"; path = "Target Support Files/Pods-newVisits/Pods-newVisits.release.xcconfig"; sourceTree = "<group>"; };
		3DE796E255D43294DDC1DC4D /* Pods-newVisits.debug.xcconfig */ = {isa = PBXFileReference; includeInIndex = 1; lastKnownFileType = text.xcconfig; name = "Pods-newVisits.debug.xcconfig"; path = "Target Support Files/Pods-newVisits/Pods-newVisits.debug.xcconfig"; sourceTree = "<group>"; };
		DA6D800C11EC19F557996C1B /* Pods_newVisits.framework */ = {isa = PBXFileReference; explicitFileType = wrapper.framework; includeInIndex = 0; path = Pods_newVisits.framework; sourceTree = BUILT_PRODUCTS_DIR; };
/* End PBXFileReference section */

/* Begin PBXFrameworksBuildPhase section */
		140DD30E2AE9F0470012B4E0 /* Frameworks */ = {
			isa = PBXFrameworksBuildPhase;
			buildActionMask = 2147483647;
			files = (
				EE85001F45E19C0C2B957BDC /* Pods_newVisits.framework in Frameworks */,
			);
			runOnlyForDeploymentPostprocessing = 0;
		};
		140DD3242AE9F0490012B4E0 /* Frameworks */ = {
			isa = PBXFrameworksBuildPhase;
			buildActionMask = 2147483647;
			files = (
			);
			runOnlyForDeploymentPostprocessing = 0;
		};
		140DD32E2AE9F0490012B4E0 /* Frameworks */ = {
			isa = PBXFrameworksBuildPhase;
			buildActionMask = 2147483647;
			files = (
			);
			runOnlyForDeploymentPostprocessing = 0;
		};
/* End PBXFrameworksBuildPhase section */

/* Begin PBXGroup section */
		140DD3082AE9F0470012B4E0 = {
			isa = PBXGroup;
			children = (
				140DD3132AE9F0470012B4E0 /* newVisits */,
				140DD32A2AE9F0490012B4E0 /* newVisitsTests */,
				140DD3342AE9F0490012B4E0 /* newVisitsUITests */,
				140DD3122AE9F0470012B4E0 /* Products */,
				E99431B859AB945EE4D6504C /* Pods */,
				BC1C2D159395967BBACEDB5D /* Frameworks */,
			);
			sourceTree = "<group>";
		};
		140DD3122AE9F0470012B4E0 /* Products */ = {
			isa = PBXGroup;
			children = (
				140DD3112AE9F0470012B4E0 /* newVisits.app */,
				140DD3272AE9F0490012B4E0 /* newVisitsTests.xctest */,
				140DD3312AE9F0490012B4E0 /* newVisitsUITests.xctest */,
			);
			name = Products;
			sourceTree = "<group>";
		};
		140DD3132AE9F0470012B4E0 /* newVisits */ = {
			isa = PBXGroup;
			children = (
				140DD3142AE9F0470012B4E0 /* AppDelegate.swift */,
				140DD3162AE9F0470012B4E0 /* SceneDelegate.swift */,
				140DD3182AE9F0470012B4E0 /* FirstViewController.swift */,
				1400FEF22AEA3BFB006AFB96 /* TableViewController.swift */,
				1400FEF42AEA3F84006AFB96 /* Visits.swift */,
				1400FEFA2AEA503F006AFB96 /* CustomTableViewCell.swift */,
				140DD31D2AE9F0490012B4E0 /* Assets.xcassets */,
				140DD31F2AE9F0490012B4E0 /* LaunchScreen.storyboard */,
				140DD3222AE9F0490012B4E0 /* Info.plist */,
			);
			path = newVisits;
			sourceTree = "<group>";
		};
		140DD32A2AE9F0490012B4E0 /* newVisitsTests */ = {
			isa = PBXGroup;
			children = (
				140DD32B2AE9F0490012B4E0 /* newVisitsTests.swift */,
			);
			path = newVisitsTests;
			sourceTree = "<group>";
		};
		140DD3342AE9F0490012B4E0 /* newVisitsUITests */ = {
			isa = PBXGroup;
			children = (
				140DD3352AE9F0490012B4E0 /* newVisitsUITests.swift */,
				140DD3372AE9F0490012B4E0 /* newVisitsUITestsLaunchTests.swift */,
			);
			path = newVisitsUITests;
			sourceTree = "<group>";
		};
		BC1C2D159395967BBACEDB5D /* Frameworks */ = {
			isa = PBXGroup;
			children = (
				DA6D800C11EC19F557996C1B /* Pods_newVisits.framework */,
			);
			name = Frameworks;
			sourceTree = "<group>";
		};
		E99431B859AB945EE4D6504C /* Pods */ = {
			isa = PBXGroup;
			children = (
				3DE796E255D43294DDC1DC4D /* Pods-newVisits.debug.xcconfig */,
				2ECDB596F70902FE445DC316 /* Pods-newVisits.release.xcconfig */,
			);
			path = Pods;
			sourceTree = "<group>";
		};
/* End PBXGroup section */

/* Begin PBXNativeTarget section */
		140DD3102AE9F0470012B4E0 /* newVisits */ = {
			isa = PBXNativeTarget;
			buildConfigurationList = 140DD33B2AE9F0490012B4E0 /* Build configuration list for PBXNativeTarget "newVisits" */;
			buildPhases = (
				48328C6F9A573268B15BD64E /* [CP] Check Pods Manifest.lock */,
				140DD30D2AE9F0470012B4E0 /* Sources */,
				140DD30E2AE9F0470012B4E0 /* Frameworks */,
				140DD30F2AE9F0470012B4E0 /* Resources */,
			);
			buildRules = (
			);
			dependencies = (
			);
			name = newVisits;
			productName = newVisits;
			productReference = 140DD3112AE9F0470012B4E0 /* newVisits.app */;
			productType = "com.apple.product-type.application";
		};
		140DD3262AE9F0490012B4E0 /* newVisitsTests */ = {
			isa = PBXNativeTarget;
			buildConfigurationList = 140DD33E2AE9F0490012B4E0 /* Build configuration list for PBXNativeTarget "newVisitsTests" */;
			buildPhases = (
				140DD3232AE9F0490012B4E0 /* Sources */,
				140DD3242AE9F0490012B4E0 /* Frameworks */,
				140DD3252AE9F0490012B4E0 /* Resources */,
			);
			buildRules = (
			);
			dependencies = (
				140DD3292AE9F0490012B4E0 /* PBXTargetDependency */,
			);
			name = newVisitsTests;
			productName = newVisitsTests;
			productReference = 140DD3272AE9F0490012B4E0 /* newVisitsTests.xctest */;
			productType = "com.apple.product-type.bundle.unit-test";
		};
		140DD3302AE9F0490012B4E0 /* newVisitsUITests */ = {
			isa = PBXNativeTarget;
			buildConfigurationList = 140DD3412AE9F0490012B4E0 /* Build configuration list for PBXNativeTarget "newVisitsUITests" */;
			buildPhases = (
				140DD32D2AE9F0490012B4E0 /* Sources */,
				140DD32E2AE9F0490012B4E0 /* Frameworks */,
				140DD32F2AE9F0490012B4E0 /* Resources */,
			);
			buildRules = (
			);
			dependencies = (
				140DD3332AE9F0490012B4E0 /* PBXTargetDependency */,
			);
			name = newVisitsUITests;
			productName = newVisitsUITests;
			productReference = 140DD3312AE9F0490012B4E0 /* newVisitsUITests.xctest */;
			productType = "com.apple.product-type.bundle.ui-testing";
		};
/* End PBXNativeTarget section */

/* Begin PBXProject section */
		140DD3092AE9F0470012B4E0 /* Project object */ = {
			isa = PBXProject;
			attributes = {
				BuildIndependentTargetsInParallel = 1;
				LastSwiftUpdateCheck = 1500;
				LastUpgradeCheck = 1500;
				TargetAttributes = {
					140DD3102AE9F0470012B4E0 = {
						CreatedOnToolsVersion = 15.0.1;
					};
					140DD3262AE9F0490012B4E0 = {
						CreatedOnToolsVersion = 15.0.1;
						TestTargetID = 140DD3102AE9F0470012B4E0;
					};
					140DD3302AE9F0490012B4E0 = {
						CreatedOnToolsVersion = 15.0.1;
						TestTargetID = 140DD3102AE9F0470012B4E0;
					};
				};
			};
			buildConfigurationList = 140DD30C2AE9F0470012B4E0 /* Build configuration list for PBXProject "newVisits" */;
			compatibilityVersion = "Xcode 14.0";
			developmentRegion = en;
			hasScannedForEncodings = 0;
			knownRegions = (
				en,
				Base,
			);
			mainGroup = 140DD3082AE9F0470012B4E0;
			productRefGroup = 140DD3122AE9F0470012B4E0 /* Products */;
			projectDirPath = "";
			projectRoot = "";
			targets = (
				140DD3102AE9F0470012B4E0 /* newVisits */,
				140DD3262AE9F0490012B4E0 /* newVisitsTests */,
				140DD3302AE9F0490012B4E0 /* newVisitsUITests */,
			);
		};
/* End PBXProject section */

/* Begin PBXResourcesBuildPhase section */
		140DD30F2AE9F0470012B4E0 /* Resources */ = {
			isa = PBXResourcesBuildPhase;
			buildActionMask = 2147483647;
			files = (
				140DD3212AE9F0490012B4E0 /* LaunchScreen.storyboard in Resources */,
				140DD31E2AE9F0490012B4E0 /* Assets.xcassets in Resources */,
			);
			runOnlyForDeploymentPostprocessing = 0;
		};
		140DD3252AE9F0490012B4E0 /* Resources */ = {
			isa = PBXResourcesBuildPhase;
			buildActionMask = 2147483647;
			files = (
			);
			runOnlyForDeploymentPostprocessing = 0;
		};
		140DD32F2AE9F0490012B4E0 /* Resources */ = {
			isa = PBXResourcesBuildPhase;
			buildActionMask = 2147483647;
			files = (
			);
			runOnlyForDeploymentPostprocessing = 0;
		};
/* End PBXResourcesBuildPhase section */

/* Begin PBXShellScriptBuildPhase section */
		48328C6F9A573268B15BD64E /* [CP] Check Pods Manifest.lock */ = {
			isa = PBXShellScriptBuildPhase;
			buildActionMask = 2147483647;
			files = (
			);
			inputFileListPaths = (
			);
			inputPaths = (
				"${PODS_PODFILE_DIR_PATH}/Podfile.lock",
				"${PODS_ROOT}/Manifest.lock",
			);
			name = "[CP] Check Pods Manifest.lock";
			outputFileListPaths = (
			);
			outputPaths = (
				"$(DERIVED_FILE_DIR)/Pods-newVisits-checkManifestLockResult.txt",
			);
			runOnlyForDeploymentPostprocessing = 0;
			shellPath = /bin/sh;
			shellScript = "diff \"${PODS_PODFILE_DIR_PATH}/Podfile.lock\" \"${PODS_ROOT}/Manifest.lock\" > /dev/null\nif [ $? != 0 ] ; then\n    # print error to STDERR\n    echo \"error: The sandbox is not in sync with the Podfile.lock. Run 'pod install' or update your CocoaPods installation.\" >&2\n    exit 1\nfi\n# This output is used by Xcode 'outputs' to avoid re-running this script phase.\necho \"SUCCESS\" > \"${SCRIPT_OUTPUT_FILE_0}\"\n";
			showEnvVarsInLog = 0;
		};
/* End PBXShellScriptBuildPhase section */

/* Begin PBXSourcesBuildPhase section */
		140DD30D2AE9F0470012B4E0 /* Sources */ = {
			isa = PBXSourcesBuildPhase;
			buildActionMask = 2147483647;
			files = (
				1400FEFB2AEA503F006AFB96 /* CustomTableViewCell.swift in Sources */,
				140DD3192AE9F0470012B4E0 /* FirstViewController.swift in Sources */,
				1400FEF52AEA3F84006AFB96 /* Visits.swift in Sources */,
				1400FEF32AEA3BFB006AFB96 /* TableViewController.swift in Sources */,
				140DD3152AE9F0470012B4E0 /* AppDelegate.swift in Sources */,
				140DD3172AE9F0470012B4E0 /* SceneDelegate.swift in Sources */,
			);
			runOnlyForDeploymentPostprocessing = 0;
		};
		140DD3232AE9F0490012B4E0 /* Sources */ = {
			isa = PBXSourcesBuildPhase;
			buildActionMask = 2147483647;
			files = (
				140DD32C2AE9F0490012B4E0 /* newVisitsTests.swift in Sources */,
			);
			runOnlyForDeploymentPostprocessing = 0;
		};
		140DD32D2AE9F0490012B4E0 /* Sources */ = {
			isa = PBXSourcesBuildPhase;
			buildActionMask = 2147483647;
			files = (
				140DD3362AE9F0490012B4E0 /* newVisitsUITests.swift in Sources */,
				140DD3382AE9F0490012B4E0 /* newVisitsUITestsLaunchTests.swift in Sources */,
			);
			runOnlyForDeploymentPostprocessing = 0;
		};
/* End PBXSourcesBuildPhase section */

/* Begin PBXTargetDependency section */
		140DD3292AE9F0490012B4E0 /* PBXTargetDependency */ = {
			isa = PBXTargetDependency;
			target = 140DD3102AE9F0470012B4E0 /* newVisits */;
			targetProxy = 140DD3282AE9F0490012B4E0 /* PBXContainerItemProxy */;
		};
		140DD3332AE9F0490012B4E0 /* PBXTargetDependency */ = {
			isa = PBXTargetDependency;
			target = 140DD3102AE9F0470012B4E0 /* newVisits */;
			targetProxy = 140DD3322AE9F0490012B4E0 /* PBXContainerItemProxy */;
		};
/* End PBXTargetDependency section */

/* Begin PBXVariantGroup section */
		140DD31F2AE9F0490012B4E0 /* LaunchScreen.storyboard */ = {
			isa = PBXVariantGroup;
			children = (
				140DD3202AE9F0490012B4E0 /* Base */,
			);
			name = LaunchScreen.storyboard;
			sourceTree = "<group>";
		};
/* End PBXVariantGroup section */

/* Begin XCBuildConfiguration section */
		140DD3392AE9F0490012B4E0 /* Debug */ = {
			isa = XCBuildConfiguration;
			buildSettings = {
				ALWAYS_SEARCH_USER_PATHS = NO;
				ASSETCATALOG_COMPILER_GENERATE_SWIFT_ASSET_SYMBOL_EXTENSIONS = YES;
				CLANG_ANALYZER_NONNULL = YES;
				CLANG_ANALYZER_NUMBER_OBJECT_CONVERSION = YES_AGGRESSIVE;
				CLANG_CXX_LANGUAGE_STANDARD = "gnu++20";
				CLANG_ENABLE_MODULES = YES;
				CLANG_ENABLE_OBJC_ARC = YES;
				CLANG_ENABLE_OBJC_WEAK = YES;
				CLANG_WARN_BLOCK_CAPTURE_AUTORELEASING = YES;
				CLANG_WARN_BOOL_CONVERSION = YES;
				CLANG_WARN_COMMA = YES;
				CLANG_WARN_CONSTANT_CONVERSION = YES;
				CLANG_WARN_DEPRECATED_OBJC_IMPLEMENTATIONS = YES;
				CLANG_WARN_DIRECT_OBJC_ISA_USAGE = YES_ERROR;
				CLANG_WARN_DOCUMENTATION_COMMENTS = YES;
				CLANG_WARN_EMPTY_BODY = YES;
				CLANG_WARN_ENUM_CONVERSION = YES;
				CLANG_WARN_INFINITE_RECURSION = YES;
				CLANG_WARN_INT_CONVERSION = YES;
				CLANG_WARN_NON_LITERAL_NULL_CONVERSION = YES;
				CLANG_WARN_OBJC_IMPLICIT_RETAIN_SELF = YES;
				CLANG_WARN_OBJC_LITERAL_CONVERSION = YES;
				CLANG_WARN_OBJC_ROOT_CLASS = YES_ERROR;
				CLANG_WARN_QUOTED_INCLUDE_IN_FRAMEWORK_HEADER = YES;
				CLANG_WARN_RANGE_LOOP_ANALYSIS = YES;
				CLANG_WARN_STRICT_PROTOTYPES = YES;
				CLANG_WARN_SUSPICIOUS_MOVE = YES;
				CLANG_WARN_UNGUARDED_AVAILABILITY = YES_AGGRESSIVE;
				CLANG_WARN_UNREACHABLE_CODE = YES;
				CLANG_WARN__DUPLICATE_METHOD_MATCH = YES;
				COPY_PHASE_STRIP = NO;
				DEBUG_INFORMATION_FORMAT = dwarf;
				ENABLE_STRICT_OBJC_MSGSEND = YES;
				ENABLE_TESTABILITY = YES;
				ENABLE_USER_SCRIPT_SANDBOXING = YES;
				GCC_C_LANGUAGE_STANDARD = gnu17;
				GCC_DYNAMIC_NO_PIC = NO;
				GCC_NO_COMMON_BLOCKS = YES;
				GCC_OPTIMIZATION_LEVEL = 0;
				GCC_PREPROCESSOR_DEFINITIONS = (
					"DEBUG=1",
					"$(inherited)",
				);
				GCC_WARN_64_TO_32_BIT_CONVERSION = YES;
				GCC_WARN_ABOUT_RETURN_TYPE = YES_ERROR;
				GCC_WARN_UNDECLARED_SELECTOR = YES;
				GCC_WARN_UNINITIALIZED_AUTOS = YES_AGGRESSIVE;
				GCC_WARN_UNUSED_FUNCTION = YES;
				GCC_WARN_UNUSED_VARIABLE = YES;
				IPHONEOS_DEPLOYMENT_TARGET = 17.0;
				LOCALIZATION_PREFERS_STRING_CATALOGS = YES;
				MTL_ENABLE_DEBUG_INFO = INCLUDE_SOURCE;
				MTL_FAST_MATH = YES;
				ONLY_ACTIVE_ARCH = YES;
				SDKROOT = iphoneos;
				SWIFT_ACTIVE_COMPILATION_CONDITIONS = "DEBUG $(inherited)";
				SWIFT_OPTIMIZATION_LEVEL = "-Onone";
			};
			name = Debug;
		};
		140DD33A2AE9F0490012B4E0 /* Release */ = {
			isa = XCBuildConfiguration;
			buildSettings = {
				ALWAYS_SEARCH_USER_PATHS = NO;
				ASSETCATALOG_COMPILER_GENERATE_SWIFT_ASSET_SYMBOL_EXTENSIONS = YES;
				CLANG_ANALYZER_NONNULL = YES;
				CLANG_ANALYZER_NUMBER_OBJECT_CONVERSION = YES_AGGRESSIVE;
				CLANG_CXX_LANGUAGE_STANDARD = "gnu++20";
				CLANG_ENABLE_MODULES = YES;
				CLANG_ENABLE_OBJC_ARC = YES;
				CLANG_ENABLE_OBJC_WEAK = YES;
				CLANG_WARN_BLOCK_CAPTURE_AUTORELEASING = YES;
				CLANG_WARN_BOOL_CONVERSION = YES;
				CLANG_WARN_COMMA = YES;
				CLANG_WARN_CONSTANT_CONVERSION = YES;
				CLANG_WARN_DEPRECATED_OBJC_IMPLEMENTATIONS = YES;
				CLANG_WARN_DIRECT_OBJC_ISA_USAGE = YES_ERROR;
				CLANG_WARN_DOCUMENTATION_COMMENTS = YES;
				CLANG_WARN_EMPTY_BODY = YES;
				CLANG_WARN_ENUM_CONVERSION = YES;
				CLANG_WARN_INFINITE_RECURSION = YES;
				CLANG_WARN_INT_CONVERSION = YES;
				CLANG_WARN_NON_LITERAL_NULL_CONVERSION = YES;
				CLANG_WARN_OBJC_IMPLICIT_RETAIN_SELF = YES;
				CLANG_WARN_OBJC_LITERAL_CONVERSION = YES;
				CLANG_WARN_OBJC_ROOT_CLASS = YES_ERROR;
				CLANG_WARN_QUOTED_INCLUDE_IN_FRAMEWORK_HEADER = YES;
				CLANG_WARN_RANGE_LOOP_ANALYSIS = YES;
				CLANG_WARN_STRICT_PROTOTYPES = YES;
				CLANG_WARN_SUSPICIOUS_MOVE = YES;
				CLANG_WARN_UNGUARDED_AVAILABILITY = YES_AGGRESSIVE;
				CLANG_WARN_UNREACHABLE_CODE = YES;
				CLANG_WARN__DUPLICATE_METHOD_MATCH = YES;
				COPY_PHASE_STRIP = NO;
				DEBUG_INFORMATION_FORMAT = "dwarf-with-dsym";
				ENABLE_NS_ASSERTIONS = NO;
				ENABLE_STRICT_OBJC_MSGSEND = YES;
				ENABLE_USER_SCRIPT_SANDBOXING = YES;
				GCC_C_LANGUAGE_STANDARD = gnu17;
				GCC_NO_COMMON_BLOCKS = YES;
				GCC_WARN_64_TO_32_BIT_CONVERSION = YES;
				GCC_WARN_ABOUT_RETURN_TYPE = YES_ERROR;
				GCC_WARN_UNDECLARED_SELECTOR = YES;
				GCC_WARN_UNINITIALIZED_AUTOS = YES_AGGRESSIVE;
				GCC_WARN_UNUSED_FUNCTION = YES;
				GCC_WARN_UNUSED_VARIABLE = YES;
				IPHONEOS_DEPLOYMENT_TARGET = 17.0;
				LOCALIZATION_PREFERS_STRING_CATALOGS = YES;
				MTL_ENABLE_DEBUG_INFO = NO;
				MTL_FAST_MATH = YES;
				SDKROOT = iphoneos;
				SWIFT_COMPILATION_MODE = wholemodule;
				VALIDATE_PRODUCT = YES;
			};
			name = Release;
		};
		140DD33C2AE9F0490012B4E0 /* Debug */ = {
			isa = XCBuildConfiguration;
			baseConfigurationReference = 3DE796E255D43294DDC1DC4D /* Pods-newVisits.debug.xcconfig */;
			buildSettings = {
				ASSETCATALOG_COMPILER_APPICON_NAME = AppIcon;
				ASSETCATALOG_COMPILER_GLOBAL_ACCENT_COLOR_NAME = AccentColor;
				CODE_SIGN_STYLE = Automatic;
				CURRENT_PROJECT_VERSION = 1;
				DEVELOPMENT_TEAM = 39X532FCX5;
				ENABLE_USER_SCRIPT_SANDBOXING = NO;
				GENERATE_INFOPLIST_FILE = YES;
				INFOPLIST_FILE = newVisits/Info.plist;
				INFOPLIST_KEY_UIApplicationSupportsIndirectInputEvents = YES;
				INFOPLIST_KEY_UILaunchStoryboardName = LaunchScreen;
				INFOPLIST_KEY_UISupportedInterfaceOrientations_iPad = "UIInterfaceOrientationPortrait UIInterfaceOrientationPortraitUpsideDown UIInterfaceOrientationLandscapeLeft UIInterfaceOrientationLandscapeRight";
				INFOPLIST_KEY_UISupportedInterfaceOrientations_iPhone = "UIInterfaceOrientationPortrait UIInterfaceOrientationLandscapeLeft UIInterfaceOrientationLandscapeRight";
				LD_RUNPATH_SEARCH_PATHS = (
					"$(inherited)",
					"@executable_path/Frameworks",
				);
				MARKETING_VERSION = 1.0;
				PRODUCT_BUNDLE_IDENTIFIER = vedantmistry.newVisits;
				PRODUCT_NAME = "$(TARGET_NAME)";
				SWIFT_EMIT_LOC_STRINGS = YES;
				SWIFT_VERSION = 5.0;
				TARGETED_DEVICE_FAMILY = "1,2";
			};
			name = Debug;
		};
		140DD33D2AE9F0490012B4E0 /* Release */ = {
			isa = XCBuildConfiguration;
			baseConfigurationReference = 2ECDB596F70902FE445DC316 /* Pods-newVisits.release.xcconfig */;
			buildSettings = {
				ASSETCATALOG_COMPILER_APPICON_NAME = AppIcon;
				ASSETCATALOG_COMPILER_GLOBAL_ACCENT_COLOR_NAME = AccentColor;
				CODE_SIGN_STYLE = Automatic;
				CURRENT_PROJECT_VERSION = 1;
				DEVELOPMENT_TEAM = 39X532FCX5;
				ENABLE_USER_SCRIPT_SANDBOXING = NO;
				GENERATE_INFOPLIST_FILE = YES;
				INFOPLIST_FILE = newVisits/Info.plist;
				INFOPLIST_KEY_UIApplicationSupportsIndirectInputEvents = YES;
				INFOPLIST_KEY_UILaunchStoryboardName = LaunchScreen;
				INFOPLIST_KEY_UISupportedInterfaceOrientations_iPad = "UIInterfaceOrientationPortrait UIInterfaceOrientationPortraitUpsideDown UIInterfaceOrientationLandscapeLeft UIInterfaceOrientationLandscapeRight";
				INFOPLIST_KEY_UISupportedInterfaceOrientations_iPhone = "UIInterfaceOrientationPortrait UIInterfaceOrientationLandscapeLeft UIInterfaceOrientationLandscapeRight";
				LD_RUNPATH_SEARCH_PATHS = (
					"$(inherited)",
					"@executable_path/Frameworks",
				);
				MARKETING_VERSION = 1.0;
				PRODUCT_BUNDLE_IDENTIFIER = vedantmistry.newVisits;
				PRODUCT_NAME = "$(TARGET_NAME)";
				SWIFT_EMIT_LOC_STRINGS = YES;
				SWIFT_VERSION = 5.0;
				TARGETED_DEVICE_FAMILY = "1,2";
			};
			name = Release;
		};
		140DD33F2AE9F0490012B4E0 /* Debug */ = {
			isa = XCBuildConfiguration;
			buildSettings = {
				ALWAYS_EMBED_SWIFT_STANDARD_LIBRARIES = YES;
				BUNDLE_LOADER = "$(TEST_HOST)";
				CODE_SIGN_STYLE = Automatic;
				CURRENT_PROJECT_VERSION = 1;
				DEVELOPMENT_TEAM = 39X532FCX5;
				GENERATE_INFOPLIST_FILE = YES;
				IPHONEOS_DEPLOYMENT_TARGET = 17.0;
				MARKETING_VERSION = 1.0;
				PRODUCT_BUNDLE_IDENTIFIER = vedantmistry.newVisitsTests;
				PRODUCT_NAME = "$(TARGET_NAME)";
				SWIFT_EMIT_LOC_STRINGS = NO;
				SWIFT_VERSION = 5.0;
				TARGETED_DEVICE_FAMILY = "1,2";
				TEST_HOST = "$(BUILT_PRODUCTS_DIR)/newVisits.app/$(BUNDLE_EXECUTABLE_FOLDER_PATH)/newVisits";
			};
			name = Debug;
		};
		140DD3402AE9F0490012B4E0 /* Release */ = {
			isa = XCBuildConfiguration;
			buildSettings = {
				ALWAYS_EMBED_SWIFT_STANDARD_LIBRARIES = YES;
				BUNDLE_LOADER = "$(TEST_HOST)";
				CODE_SIGN_STYLE = Automatic;
				CURRENT_PROJECT_VERSION = 1;
				DEVELOPMENT_TEAM = 39X532FCX5;
				GENERATE_INFOPLIST_FILE = YES;
				IPHONEOS_DEPLOYMENT_TARGET = 17.0;
				MARKETING_VERSION = 1.0;
				PRODUCT_BUNDLE_IDENTIFIER = vedantmistry.newVisitsTests;
				PRODUCT_NAME = "$(TARGET_NAME)";
				SWIFT_EMIT_LOC_STRINGS = NO;
				SWIFT_VERSION = 5.0;
				TARGETED_DEVICE_FAMILY = "1,2";
				TEST_HOST = "$(BUILT_PRODUCTS_DIR)/newVisits.app/$(BUNDLE_EXECUTABLE_FOLDER_PATH)/newVisits";
			};
			name = Release;
		};
		140DD3422AE9F0490012B4E0 /* Debug */ = {
			isa = XCBuildConfiguration;
			buildSettings = {
				ALWAYS_EMBED_SWIFT_STANDARD_LIBRARIES = YES;
				CODE_SIGN_STYLE = Automatic;
				CURRENT_PROJECT_VERSION = 1;
				DEVELOPMENT_TEAM = 39X532FCX5;
				GENERATE_INFOPLIST_FILE = YES;
				MARKETING_VERSION = 1.0;
				PRODUCT_BUNDLE_IDENTIFIER = vedantmistry.newVisitsUITests;
				PRODUCT_NAME = "$(TARGET_NAME)";
				SWIFT_EMIT_LOC_STRINGS = NO;
				SWIFT_VERSION = 5.0;
				TARGETED_DEVICE_FAMILY = "1,2";
				TEST_TARGET_NAME = newVisits;
			};
			name = Debug;
		};
		140DD3432AE9F0490012B4E0 /* Release */ = {
			isa = XCBuildConfiguration;
			buildSettings = {
				ALWAYS_EMBED_SWIFT_STANDARD_LIBRARIES = YES;
				CODE_SIGN_STYLE = Automatic;
				CURRENT_PROJECT_VERSION = 1;
				DEVELOPMENT_TEAM = 39X532FCX5;
				GENERATE_INFOPLIST_FILE = YES;
				MARKETING_VERSION = 1.0;
				PRODUCT_BUNDLE_IDENTIFIER = vedantmistry.newVisitsUITests;
				PRODUCT_NAME = "$(TARGET_NAME)";
				SWIFT_EMIT_LOC_STRINGS = NO;
				SWIFT_VERSION = 5.0;
				TARGETED_DEVICE_FAMILY = "1,2";
				TEST_TARGET_NAME = newVisits;
			};
			name = Release;
		};
/* End XCBuildConfiguration section */

/* Begin XCConfigurationList section */
		140DD30C2AE9F0470012B4E0 /* Build configuration list for PBXProject "newVisits" */ = {
			isa = XCConfigurationList;
			buildConfigurations = (
				140DD3392AE9F0490012B4E0 /* Debug */,
				140DD33A2AE9F0490012B4E0 /* Release */,
			);
			defaultConfigurationIsVisible = 0;
			defaultConfigurationName = Release;
		};
		140DD33B2AE9F0490012B4E0 /* Build configuration list for PBXNativeTarget "newVisits" */ = {
			isa = XCConfigurationList;
			buildConfigurations = (
				140DD33C2AE9F0490012B4E0 /* Debug */,
				140DD33D2AE9F0490012B4E0 /* Release */,
			);
			defaultConfigurationIsVisible = 0;
			defaultConfigurationName = Release;
		};
		140DD33E2AE9F0490012B4E0 /* Build configuration list for PBXNativeTarget "newVisitsTests" */ = {
			isa = XCConfigurationList;
			buildConfigurations = (
				140DD33F2AE9F0490012B4E0 /* Debug */,
				140DD3402AE9F0490012B4E0 /* Release */,
			);
			defaultConfigurationIsVisible = 0;
			defaultConfigurationName = Release;
		};
		140DD3412AE9F0490012B4E0 /* Build configuration list for PBXNativeTarget "newVisitsUITests" */ = {
			isa = XCConfigurationList;
			buildConfigurations = (
				140DD3422AE9F0490012B4E0 /* Debug */,
				140DD3432AE9F0490012B4E0 /* Release */,
			);
			defaultConfigurationIsVisible = 0;
			defaultConfigurationName = Release;
		};
/* End XCConfigurationList section */
	};
	rootObject = 140DD3092AE9F0470012B4E0 /* Project object */;
}
