// !$*UTF8*$!
{
	archiveVersion = 1;
	classes = {
	};
	objectVersion = 56;
	objects = {

/* Begin PBXBuildFile section */
		1426FB202B68FF4400C87862 /* AppDelegate.swift in Sources */ = {isa = PBXBuildFile; fileRef = 1426FB1F2B68FF4400C87862 /* AppDelegate.swift */; };
		1426FB222B68FF4400C87862 /* art.scnassets in Resources */ = {isa = PBXBuildFile; fileRef = 1426FB212B68FF4400C87862 /* art.scnassets */; };
		1426FB242B68FF4400C87862 /* ViewController.swift in Sources */ = {isa = PBXBuildFile; fileRef = 1426FB232B68FF4400C87862 /* ViewController.swift */; };
		1426FB272B68FF4400C87862 /* Main.storyboard in Resources */ = {isa = PBXBuildFile; fileRef = 1426FB252B68FF4400C87862 /* Main.storyboard */; };
		1426FB332B68FF4500C87862 /* colourTheCube3DTests.swift in Sources */ = {isa = PBXBuildFile; fileRef = 1426FB322B68FF4500C87862 /* colourTheCube3DTests.swift */; };
		1426FB3D2B68FF4600C87862 /* colourTheCube3DUITests.swift in Sources */ = {isa = PBXBuildFile; fileRef = 1426FB3C2B68FF4600C87862 /* colourTheCube3DUITests.swift */; };
		1426FB3F2B68FF4600C87862 /* colourTheCube3DUITestsLaunchTests.swift in Sources */ = {isa = PBXBuildFile; fileRef = 1426FB3E2B68FF4600C87862 /* colourTheCube3DUITestsLaunchTests.swift */; };
		1426FB4C2B6906C400C87862 /* Assets.xcassets in Resources */ = {isa = PBXBuildFile; fileRef = 1426FB4B2B6906C400C87862 /* Assets.xcassets */; };
/* End PBXBuildFile section */

/* Begin PBXContainerItemProxy section */
		1426FB2F2B68FF4500C87862 /* PBXContainerItemProxy */ = {
			isa = PBXContainerItemProxy;
			containerPortal = 1426FB142B68FF4400C87862 /* Project object */;
			proxyType = 1;
			remoteGlobalIDString = 1426FB1B2B68FF4400C87862;
			remoteInfo = colourTheCube3D;
		};
		1426FB392B68FF4600C87862 /* PBXContainerItemProxy */ = {
			isa = PBXContainerItemProxy;
			containerPortal = 1426FB142B68FF4400C87862 /* Project object */;
			proxyType = 1;
			remoteGlobalIDString = 1426FB1B2B68FF4400C87862;
			remoteInfo = colourTheCube3D;
		};
/* End PBXContainerItemProxy section */

/* Begin PBXFileReference section */
		1426FB1C2B68FF4400C87862 /* colourTheCube3D.app */ = {isa = PBXFileReference; explicitFileType = wrapper.application; includeInIndex = 0; path = colourTheCube3D.app; sourceTree = BUILT_PRODUCTS_DIR; };
		1426FB1F2B68FF4400C87862 /* AppDelegate.swift */ = {isa = PBXFileReference; lastKnownFileType = sourcecode.swift; path = AppDelegate.swift; sourceTree = "<group>"; };
		1426FB212B68FF4400C87862 /* art.scnassets */ = {isa = PBXFileReference; lastKnownFileType = wrapper.scnassets; path = art.scnassets; sourceTree = "<group>"; };
		1426FB232B68FF4400C87862 /* ViewController.swift */ = {isa = PBXFileReference; lastKnownFileType = sourcecode.swift; path = ViewController.swift; sourceTree = "<group>"; };
		1426FB262B68FF4400C87862 /* Base */ = {isa = PBXFileReference; lastKnownFileType = file.storyboard; name = Base; path = Base.lproj/Main.storyboard; sourceTree = "<group>"; };
		1426FB2E2B68FF4500C87862 /* colourTheCube3DTests.xctest */ = {isa = PBXFileReference; explicitFileType = wrapper.cfbundle; includeInIndex = 0; path = colourTheCube3DTests.xctest; sourceTree = BUILT_PRODUCTS_DIR; };
		1426FB322B68FF4500C87862 /* colourTheCube3DTests.swift */ = {isa = PBXFileReference; lastKnownFileType = sourcecode.swift; path = colourTheCube3DTests.swift; sourceTree = "<group>"; };
		1426FB382B68FF4600C87862 /* colourTheCube3DUITests.xctest */ = {isa = PBXFileReference; explicitFileType = wrapper.cfbundle; includeInIndex = 0; path = colourTheCube3DUITests.xctest; sourceTree = BUILT_PRODUCTS_DIR; };
		1426FB3C2B68FF4600C87862 /* colourTheCube3DUITests.swift */ = {isa = PBXFileReference; lastKnownFileType = sourcecode.swift; path = colourTheCube3DUITests.swift; sourceTree = "<group>"; };
		1426FB3E2B68FF4600C87862 /* colourTheCube3DUITestsLaunchTests.swift */ = {isa = PBXFileReference; lastKnownFileType = sourcecode.swift; path = colourTheCube3DUITestsLaunchTests.swift; sourceTree = "<group>"; };
		1426FB4B2B6906C400C87862 /* Assets.xcassets */ = {isa = PBXFileReference; lastKnownFileType = folder.assetcatalog; path = Assets.xcassets; sourceTree = "<group>"; };
/* End PBXFileReference section */

/* Begin PBXFrameworksBuildPhase section */
		1426FB192B68FF4400C87862 /* Frameworks */ = {
			isa = PBXFrameworksBuildPhase;
			buildActionMask = 2147483647;
			files = (
			);
			runOnlyForDeploymentPostprocessing = 0;
		};
		1426FB2B2B68FF4500C87862 /* Frameworks */ = {
			isa = PBXFrameworksBuildPhase;
			buildActionMask = 2147483647;
			files = (
			);
			runOnlyForDeploymentPostprocessing = 0;
		};
		1426FB352B68FF4600C87862 /* Frameworks */ = {
			isa = PBXFrameworksBuildPhase;
			buildActionMask = 2147483647;
			files = (
			);
			runOnlyForDeploymentPostprocessing = 0;
		};
/* End PBXFrameworksBuildPhase section */

/* Begin PBXGroup section */
		1426FB132B68FF4400C87862 = {
			isa = PBXGroup;
			children = (
				1426FB1E2B68FF4400C87862 /* colourTheCube3D */,
				1426FB312B68FF4500C87862 /* colourTheCube3DTests */,
				1426FB3B2B68FF4600C87862 /* colourTheCube3DUITests */,
				1426FB1D2B68FF4400C87862 /* Products */,
			);
			sourceTree = "<group>";
		};
		1426FB1D2B68FF4400C87862 /* Products */ = {
			isa = PBXGroup;
			children = (
				1426FB1C2B68FF4400C87862 /* colourTheCube3D.app */,
				1426FB2E2B68FF4500C87862 /* colourTheCube3DTests.xctest */,
				1426FB382B68FF4600C87862 /* colourTheCube3DUITests.xctest */,
			);
			name = Products;
			sourceTree = "<group>";
		};
		1426FB1E2B68FF4400C87862 /* colourTheCube3D */ = {
			isa = PBXGroup;
			children = (
				1426FB1F2B68FF4400C87862 /* AppDelegate.swift */,
				1426FB212B68FF4400C87862 /* art.scnassets */,
				1426FB232B68FF4400C87862 /* ViewController.swift */,
				1426FB252B68FF4400C87862 /* Main.storyboard */,
				1426FB4B2B6906C400C87862 /* Assets.xcassets */,
			);
			path = colourTheCube3D;
			sourceTree = "<group>";
		};
		1426FB312B68FF4500C87862 /* colourTheCube3DTests */ = {
			isa = PBXGroup;
			children = (
				1426FB322B68FF4500C87862 /* colourTheCube3DTests.swift */,
			);
			path = colourTheCube3DTests;
			sourceTree = "<group>";
		};
		1426FB3B2B68FF4600C87862 /* colourTheCube3DUITests */ = {
			isa = PBXGroup;
			children = (
				1426FB3C2B68FF4600C87862 /* colourTheCube3DUITests.swift */,
				1426FB3E2B68FF4600C87862 /* colourTheCube3DUITestsLaunchTests.swift */,
			);
			path = colourTheCube3DUITests;
			sourceTree = "<group>";
		};
/* End PBXGroup section */

/* Begin PBXNativeTarget section */
		1426FB1B2B68FF4400C87862 /* colourTheCube3D */ = {
			isa = PBXNativeTarget;
			buildConfigurationList = 1426FB422B68FF4600C87862 /* Build configuration list for PBXNativeTarget "colourTheCube3D" */;
			buildPhases = (
				1426FB182B68FF4400C87862 /* Sources */,
				1426FB192B68FF4400C87862 /* Frameworks */,
				1426FB1A2B68FF4400C87862 /* Resources */,
			);
			buildRules = (
			);
			dependencies = (
			);
			name = colourTheCube3D;
			productName = colourTheCube3D;
			productReference = 1426FB1C2B68FF4400C87862 /* colourTheCube3D.app */;
			productType = "com.apple.product-type.application";
		};
		1426FB2D2B68FF4500C87862 /* colourTheCube3DTests */ = {
			isa = PBXNativeTarget;
			buildConfigurationList = 1426FB452B68FF4600C87862 /* Build configuration list for PBXNativeTarget "colourTheCube3DTests" */;
			buildPhases = (
				1426FB2A2B68FF4500C87862 /* Sources */,
				1426FB2B2B68FF4500C87862 /* Frameworks */,
				1426FB2C2B68FF4500C87862 /* Resources */,
			);
			buildRules = (
			);
			dependencies = (
				1426FB302B68FF4500C87862 /* PBXTargetDependency */,
			);
			name = colourTheCube3DTests;
			productName = colourTheCube3DTests;
			productReference = 1426FB2E2B68FF4500C87862 /* colourTheCube3DTests.xctest */;
			productType = "com.apple.product-type.bundle.unit-test";
		};
		1426FB372B68FF4600C87862 /* colourTheCube3DUITests */ = {
			isa = PBXNativeTarget;
			buildConfigurationList = 1426FB482B68FF4600C87862 /* Build configuration list for PBXNativeTarget "colourTheCube3DUITests" */;
			buildPhases = (
				1426FB342B68FF4600C87862 /* Sources */,
				1426FB352B68FF4600C87862 /* Frameworks */,
				1426FB362B68FF4600C87862 /* Resources */,
			);
			buildRules = (
			);
			dependencies = (
				1426FB3A2B68FF4600C87862 /* PBXTargetDependency */,
			);
			name = colourTheCube3DUITests;
			productName = colourTheCube3DUITests;
			productReference = 1426FB382B68FF4600C87862 /* colourTheCube3DUITests.xctest */;
			productType = "com.apple.product-type.bundle.ui-testing";
		};
/* End PBXNativeTarget section */

/* Begin PBXProject section */
		1426FB142B68FF4400C87862 /* Project object */ = {
			isa = PBXProject;
			attributes = {
				BuildIndependentTargetsInParallel = 1;
				LastSwiftUpdateCheck = 1520;
				LastUpgradeCheck = 1520;
				TargetAttributes = {
					1426FB1B2B68FF4400C87862 = {
						CreatedOnToolsVersion = 15.2;
					};
					1426FB2D2B68FF4500C87862 = {
						CreatedOnToolsVersion = 15.2;
						TestTargetID = 1426FB1B2B68FF4400C87862;
					};
					1426FB372B68FF4600C87862 = {
						CreatedOnToolsVersion = 15.2;
						TestTargetID = 1426FB1B2B68FF4400C87862;
					};
				};
			};
			buildConfigurationList = 1426FB172B68FF4400C87862 /* Build configuration list for PBXProject "colourTheCube3D" */;
			compatibilityVersion = "Xcode 14.0";
			developmentRegion = en;
			hasScannedForEncodings = 0;
			knownRegions = (
				en,
				Base,
			);
			mainGroup = 1426FB132B68FF4400C87862;
			productRefGroup = 1426FB1D2B68FF4400C87862 /* Products */;
			projectDirPath = "";
			projectRoot = "";
			targets = (
				1426FB1B2B68FF4400C87862 /* colourTheCube3D */,
				1426FB2D2B68FF4500C87862 /* colourTheCube3DTests */,
				1426FB372B68FF4600C87862 /* colourTheCube3DUITests */,
			);
		};
/* End PBXProject section */

/* Begin PBXResourcesBuildPhase section */
		1426FB1A2B68FF4400C87862 /* Resources */ = {
			isa = PBXResourcesBuildPhase;
			buildActionMask = 2147483647;
			files = (
				1426FB222B68FF4400C87862 /* art.scnassets in Resources */,
				1426FB4C2B6906C400C87862 /* Assets.xcassets in Resources */,
				1426FB272B68FF4400C87862 /* Main.storyboard in Resources */,
			);
			runOnlyForDeploymentPostprocessing = 0;
		};
		1426FB2C2B68FF4500C87862 /* Resources */ = {
			isa = PBXResourcesBuildPhase;
			buildActionMask = 2147483647;
			files = (
			);
			runOnlyForDeploymentPostprocessing = 0;
		};
		1426FB362B68FF4600C87862 /* Resources */ = {
			isa = PBXResourcesBuildPhase;
			buildActionMask = 2147483647;
			files = (
			);
			runOnlyForDeploymentPostprocessing = 0;
		};
/* End PBXResourcesBuildPhase section */

/* Begin PBXSourcesBuildPhase section */
		1426FB182B68FF4400C87862 /* Sources */ = {
			isa = PBXSourcesBuildPhase;
			buildActionMask = 2147483647;
			files = (
				1426FB242B68FF4400C87862 /* ViewController.swift in Sources */,
				1426FB202B68FF4400C87862 /* AppDelegate.swift in Sources */,
			);
			runOnlyForDeploymentPostprocessing = 0;
		};
		1426FB2A2B68FF4500C87862 /* Sources */ = {
			isa = PBXSourcesBuildPhase;
			buildActionMask = 2147483647;
			files = (
				1426FB332B68FF4500C87862 /* colourTheCube3DTests.swift in Sources */,
			);
			runOnlyForDeploymentPostprocessing = 0;
		};
		1426FB342B68FF4600C87862 /* Sources */ = {
			isa = PBXSourcesBuildPhase;
			buildActionMask = 2147483647;
			files = (
				1426FB3F2B68FF4600C87862 /* colourTheCube3DUITestsLaunchTests.swift in Sources */,
				1426FB3D2B68FF4600C87862 /* colourTheCube3DUITests.swift in Sources */,
			);
			runOnlyForDeploymentPostprocessing = 0;
		};
/* End PBXSourcesBuildPhase section */

/* Begin PBXTargetDependency section */
		1426FB302B68FF4500C87862 /* PBXTargetDependency */ = {
			isa = PBXTargetDependency;
			target = 1426FB1B2B68FF4400C87862 /* colourTheCube3D */;
			targetProxy = 1426FB2F2B68FF4500C87862 /* PBXContainerItemProxy */;
		};
		1426FB3A2B68FF4600C87862 /* PBXTargetDependency */ = {
			isa = PBXTargetDependency;
			target = 1426FB1B2B68FF4400C87862 /* colourTheCube3D */;
			targetProxy = 1426FB392B68FF4600C87862 /* PBXContainerItemProxy */;
		};
/* End PBXTargetDependency section */

/* Begin PBXVariantGroup section */
		1426FB252B68FF4400C87862 /* Main.storyboard */ = {
			isa = PBXVariantGroup;
			children = (
				1426FB262B68FF4400C87862 /* Base */,
			);
			name = Main.storyboard;
			sourceTree = "<group>";
		};
/* End PBXVariantGroup section */

/* Begin XCBuildConfiguration section */
		1426FB402B68FF4600C87862 /* Debug */ = {
			isa = XCBuildConfiguration;
			buildSettings = {
				ALWAYS_SEARCH_USER_PATHS = NO;
				ASSETCATALOG_COMPILER_GENERATE_SWIFT_ASSET_SYMBOL_EXTENSIONS = YES;
				CLANG_ANALYZER_NONNULL = YES;
				CLANG_ANALYZER_NUMBER_OBJECT_CONVERSION = YES_AGGRESSIVE;
				CLANG_CXX_LANGUAGE_STANDARD = "gnu++20";
				CLANG_ENABLE_MODULES = YES;
				CLANG_ENABLE_OBJC_ARC = YES;
				CLANG_ENABLE_OBJC_WEAK = YES;
				CLANG_WARN_BLOCK_CAPTURE_AUTORELEASING = YES;
				CLANG_WARN_BOOL_CONVERSION = YES;
				CLANG_WARN_COMMA = YES;
				CLANG_WARN_CONSTANT_CONVERSION = YES;
				CLANG_WARN_DEPRECATED_OBJC_IMPLEMENTATIONS = YES;
				CLANG_WARN_DIRECT_OBJC_ISA_USAGE = YES_ERROR;
				CLANG_WARN_DOCUMENTATION_COMMENTS = YES;
				CLANG_WARN_EMPTY_BODY = YES;
				CLANG_WARN_ENUM_CONVERSION = YES;
				CLANG_WARN_INFINITE_RECURSION = YES;
				CLANG_WARN_INT_CONVERSION = YES;
				CLANG_WARN_NON_LITERAL_NULL_CONVERSION = YES;
				CLANG_WARN_OBJC_IMPLICIT_RETAIN_SELF = YES;
				CLANG_WARN_OBJC_LITERAL_CONVERSION = YES;
				CLANG_WARN_OBJC_ROOT_CLASS = YES_ERROR;
				CLANG_WARN_QUOTED_INCLUDE_IN_FRAMEWORK_HEADER = YES;
				CLANG_WARN_RANGE_LOOP_ANALYSIS = YES;
				CLANG_WARN_STRICT_PROTOTYPES = YES;
				CLANG_WARN_SUSPICIOUS_MOVE = YES;
				CLANG_WARN_UNGUARDED_AVAILABILITY = YES_AGGRESSIVE;
				CLANG_WARN_UNREACHABLE_CODE = YES;
				CLANG_WARN__DUPLICATE_METHOD_MATCH = YES;
				COPY_PHASE_STRIP = NO;
				DEBUG_INFORMATION_FORMAT = dwarf;
				ENABLE_STRICT_OBJC_MSGSEND = YES;
				ENABLE_TESTABILITY = YES;
				ENABLE_USER_SCRIPT_SANDBOXING = YES;
				GCC_C_LANGUAGE_STANDARD = gnu17;
				GCC_DYNAMIC_NO_PIC = NO;
				GCC_NO_COMMON_BLOCKS = YES;
				GCC_OPTIMIZATION_LEVEL = 0;
				GCC_PREPROCESSOR_DEFINITIONS = (
					"DEBUG=1",
					"$(inherited)",
				);
				GCC_WARN_64_TO_32_BIT_CONVERSION = YES;
				GCC_WARN_ABOUT_RETURN_TYPE = YES_ERROR;
				GCC_WARN_UNDECLARED_SELECTOR = YES;
				GCC_WARN_UNINITIALIZED_AUTOS = YES_AGGRESSIVE;
				GCC_WARN_UNUSED_FUNCTION = YES;
				GCC_WARN_UNUSED_VARIABLE = YES;
				IPHONEOS_DEPLOYMENT_TARGET = 17.2;
				LOCALIZATION_PREFERS_STRING_CATALOGS = YES;
				MTL_ENABLE_DEBUG_INFO = INCLUDE_SOURCE;
				MTL_FAST_MATH = YES;
				ONLY_ACTIVE_ARCH = YES;
				SDKROOT = iphoneos;
				SWIFT_ACTIVE_COMPILATION_CONDITIONS = "DEBUG $(inherited)";
				SWIFT_OPTIMIZATION_LEVEL = "-Onone";
			};
			name = Debug;
		};
		1426FB412B68FF4600C87862 /* Release */ = {
			isa = XCBuildConfiguration;
			buildSettings = {
				ALWAYS_SEARCH_USER_PATHS = NO;
				ASSETCATALOG_COMPILER_GENERATE_SWIFT_ASSET_SYMBOL_EXTENSIONS = YES;
				CLANG_ANALYZER_NONNULL = YES;
				CLANG_ANALYZER_NUMBER_OBJECT_CONVERSION = YES_AGGRESSIVE;
				CLANG_CXX_LANGUAGE_STANDARD = "gnu++20";
				CLANG_ENABLE_MODULES = YES;
				CLANG_ENABLE_OBJC_ARC = YES;
				CLANG_ENABLE_OBJC_WEAK = YES;
				CLANG_WARN_BLOCK_CAPTURE_AUTORELEASING = YES;
				CLANG_WARN_BOOL_CONVERSION = YES;
				CLANG_WARN_COMMA = YES;
				CLANG_WARN_CONSTANT_CONVERSION = YES;
				CLANG_WARN_DEPRECATED_OBJC_IMPLEMENTATIONS = YES;
				CLANG_WARN_DIRECT_OBJC_ISA_USAGE = YES_ERROR;
				CLANG_WARN_DOCUMENTATION_COMMENTS = YES;
				CLANG_WARN_EMPTY_BODY = YES;
				CLANG_WARN_ENUM_CONVERSION = YES;
				CLANG_WARN_INFINITE_RECURSION = YES;
				CLANG_WARN_INT_CONVERSION = YES;
				CLANG_WARN_NON_LITERAL_NULL_CONVERSION = YES;
				CLANG_WARN_OBJC_IMPLICIT_RETAIN_SELF = YES;
				CLANG_WARN_OBJC_LITERAL_CONVERSION = YES;
				CLANG_WARN_OBJC_ROOT_CLASS = YES_ERROR;
				CLANG_WARN_QUOTED_INCLUDE_IN_FRAMEWORK_HEADER = YES;
				CLANG_WARN_RANGE_LOOP_ANALYSIS = YES;
				CLANG_WARN_STRICT_PROTOTYPES = YES;
				CLANG_WARN_SUSPICIOUS_MOVE = YES;
				CLANG_WARN_UNGUARDED_AVAILABILITY = YES_AGGRESSIVE;
				CLANG_WARN_UNREACHABLE_CODE = YES;
				CLANG_WARN__DUPLICATE_METHOD_MATCH = YES;
				COPY_PHASE_STRIP = NO;
				DEBUG_INFORMATION_FORMAT = "dwarf-with-dsym";
				ENABLE_NS_ASSERTIONS = NO;
				ENABLE_STRICT_OBJC_MSGSEND = YES;
				ENABLE_USER_SCRIPT_SANDBOXING = YES;
				GCC_C_LANGUAGE_STANDARD = gnu17;
				GCC_NO_COMMON_BLOCKS = YES;
				GCC_WARN_64_TO_32_BIT_CONVERSION = YES;
				GCC_WARN_ABOUT_RETURN_TYPE = YES_ERROR;
				GCC_WARN_UNDECLARED_SELECTOR = YES;
				GCC_WARN_UNINITIALIZED_AUTOS = YES_AGGRESSIVE;
				GCC_WARN_UNUSED_FUNCTION = YES;
				GCC_WARN_UNUSED_VARIABLE = YES;
				IPHONEOS_DEPLOYMENT_TARGET = 17.2;
				LOCALIZATION_PREFERS_STRING_CATALOGS = YES;
				MTL_ENABLE_DEBUG_INFO = NO;
				MTL_FAST_MATH = YES;
				SDKROOT = iphoneos;
				SWIFT_COMPILATION_MODE = wholemodule;
				VALIDATE_PRODUCT = YES;
			};
			name = Release;
		};
		1426FB432B68FF4600C87862 /* Debug */ = {
			isa = XCBuildConfiguration;
			buildSettings = {
				ASSETCATALOG_COMPILER_APPICON_NAME = AppIcon;
				ASSETCATALOG_COMPILER_GLOBAL_ACCENT_COLOR_NAME = AccentColor;
				CODE_SIGN_STYLE = Automatic;
				CURRENT_PROJECT_VERSION = 1;
				DEVELOPMENT_TEAM = 39X532FCX5;
				GENERATE_INFOPLIST_FILE = YES;
				INFOPLIST_KEY_NSCameraUsageDescription = "";
				INFOPLIST_KEY_UIApplicationSupportsIndirectInputEvents = YES;
				INFOPLIST_KEY_UIMainStoryboardFile = Main;
				INFOPLIST_KEY_UIRequiredDeviceCapabilities = arkit;
				INFOPLIST_KEY_UIStatusBarHidden = YES;
				INFOPLIST_KEY_UISupportedInterfaceOrientations_iPad = "UIInterfaceOrientationPortrait UIInterfaceOrientationPortraitUpsideDown UIInterfaceOrientationLandscapeLeft UIInterfaceOrientationLandscapeRight";
				INFOPLIST_KEY_UISupportedInterfaceOrientations_iPhone = "UIInterfaceOrientationPortrait UIInterfaceOrientationLandscapeLeft UIInterfaceOrientationLandscapeRight";
				LD_RUNPATH_SEARCH_PATHS = (
					"$(inherited)",
					"@executable_path/Frameworks",
				);
				MARKETING_VERSION = 1.0;
				PRODUCT_BUNDLE_IDENTIFIER = vedantmistry.colourTheCube3D;
				PRODUCT_NAME = "$(TARGET_NAME)";
				SWIFT_EMIT_LOC_STRINGS = YES;
				SWIFT_VERSION = 5.0;
				TARGETED_DEVICE_FAMILY = "1,2";
			};
			name = Debug;
		};
		1426FB442B68FF4600C87862 /* Release */ = {
			isa = XCBuildConfiguration;
			buildSettings = {
				ASSETCATALOG_COMPILER_APPICON_NAME = AppIcon;
				ASSETCATALOG_COMPILER_GLOBAL_ACCENT_COLOR_NAME = AccentColor;
				CODE_SIGN_STYLE = Automatic;
				CURRENT_PROJECT_VERSION = 1;
				DEVELOPMENT_TEAM = 39X532FCX5;
				GENERATE_INFOPLIST_FILE = YES;
				INFOPLIST_KEY_NSCameraUsageDescription = "";
				INFOPLIST_KEY_UIApplicationSupportsIndirectInputEvents = YES;
				INFOPLIST_KEY_UIMainStoryboardFile = Main;
				INFOPLIST_KEY_UIRequiredDeviceCapabilities = arkit;
				INFOPLIST_KEY_UIStatusBarHidden = YES;
				INFOPLIST_KEY_UISupportedInterfaceOrientations_iPad = "UIInterfaceOrientationPortrait UIInterfaceOrientationPortraitUpsideDown UIInterfaceOrientationLandscapeLeft UIInterfaceOrientationLandscapeRight";
				INFOPLIST_KEY_UISupportedInterfaceOrientations_iPhone = "UIInterfaceOrientationPortrait UIInterfaceOrientationLandscapeLeft UIInterfaceOrientationLandscapeRight";
				LD_RUNPATH_SEARCH_PATHS = (
					"$(inherited)",
					"@executable_path/Frameworks",
				);
				MARKETING_VERSION = 1.0;
				PRODUCT_BUNDLE_IDENTIFIER = vedantmistry.colourTheCube3D;
				PRODUCT_NAME = "$(TARGET_NAME)";
				SWIFT_EMIT_LOC_STRINGS = YES;
				SWIFT_VERSION = 5.0;
				TARGETED_DEVICE_FAMILY = "1,2";
			};
			name = Release;
		};
		1426FB462B68FF4600C87862 /* Debug */ = {
			isa = XCBuildConfiguration;
			buildSettings = {
				ALWAYS_EMBED_SWIFT_STANDARD_LIBRARIES = YES;
				BUNDLE_LOADER = "$(TEST_HOST)";
				CODE_SIGN_STYLE = Automatic;
				CURRENT_PROJECT_VERSION = 1;
				DEVELOPMENT_TEAM = 39X532FCX5;
				GENERATE_INFOPLIST_FILE = YES;
				IPHONEOS_DEPLOYMENT_TARGET = 17.2;
				MARKETING_VERSION = 1.0;
				PRODUCT_BUNDLE_IDENTIFIER = vedantmistry.colourTheCube3DTests;
				PRODUCT_NAME = "$(TARGET_NAME)";
				SWIFT_EMIT_LOC_STRINGS = NO;
				SWIFT_VERSION = 5.0;
				TARGETED_DEVICE_FAMILY = "1,2";
				TEST_HOST = "$(BUILT_PRODUCTS_DIR)/colourTheCube3D.app/$(BUNDLE_EXECUTABLE_FOLDER_PATH)/colourTheCube3D";
			};
			name = Debug;
		};
		1426FB472B68FF4600C87862 /* Release */ = {
			isa = XCBuildConfiguration;
			buildSettings = {
				ALWAYS_EMBED_SWIFT_STANDARD_LIBRARIES = YES;
				BUNDLE_LOADER = "$(TEST_HOST)";
				CODE_SIGN_STYLE = Automatic;
				CURRENT_PROJECT_VERSION = 1;
				DEVELOPMENT_TEAM = 39X532FCX5;
				GENERATE_INFOPLIST_FILE = YES;
				IPHONEOS_DEPLOYMENT_TARGET = 17.2;
				MARKETING_VERSION = 1.0;
				PRODUCT_BUNDLE_IDENTIFIER = vedantmistry.colourTheCube3DTests;
				PRODUCT_NAME = "$(TARGET_NAME)";
				SWIFT_EMIT_LOC_STRINGS = NO;
				SWIFT_VERSION = 5.0;
				TARGETED_DEVICE_FAMILY = "1,2";
				TEST_HOST = "$(BUILT_PRODUCTS_DIR)/colourTheCube3D.app/$(BUNDLE_EXECUTABLE_FOLDER_PATH)/colourTheCube3D";
			};
			name = Release;
		};
		1426FB492B68FF4600C87862 /* Debug */ = {
			isa = XCBuildConfiguration;
			buildSettings = {
				ALWAYS_EMBED_SWIFT_STANDARD_LIBRARIES = YES;
				CODE_SIGN_STYLE = Automatic;
				CURRENT_PROJECT_VERSION = 1;
				DEVELOPMENT_TEAM = 39X532FCX5;
				GENERATE_INFOPLIST_FILE = YES;
				MARKETING_VERSION = 1.0;
				PRODUCT_BUNDLE_IDENTIFIER = vedantmistry.colourTheCube3DUITests;
				PRODUCT_NAME = "$(TARGET_NAME)";
				SWIFT_EMIT_LOC_STRINGS = NO;
				SWIFT_VERSION = 5.0;
				TARGETED_DEVICE_FAMILY = "1,2";
				TEST_TARGET_NAME = colourTheCube3D;
			};
			name = Debug;
		};
		1426FB4A2B68FF4600C87862 /* Release */ = {
			isa = XCBuildConfiguration;
			buildSettings = {
				ALWAYS_EMBED_SWIFT_STANDARD_LIBRARIES = YES;
				CODE_SIGN_STYLE = Automatic;
				CURRENT_PROJECT_VERSION = 1;
				DEVELOPMENT_TEAM = 39X532FCX5;
				GENERATE_INFOPLIST_FILE = YES;
				MARKETING_VERSION = 1.0;
				PRODUCT_BUNDLE_IDENTIFIER = vedantmistry.colourTheCube3DUITests;
				PRODUCT_NAME = "$(TARGET_NAME)";
				SWIFT_EMIT_LOC_STRINGS = NO;
				SWIFT_VERSION = 5.0;
				TARGETED_DEVICE_FAMILY = "1,2";
				TEST_TARGET_NAME = colourTheCube3D;
			};
			name = Release;
		};
/* End XCBuildConfiguration section */

/* Begin XCConfigurationList section */
		1426FB172B68FF4400C87862 /* Build configuration list for PBXProject "colourTheCube3D" */ = {
			isa = XCConfigurationList;
			buildConfigurations = (
				1426FB402B68FF4600C87862 /* Debug */,
				1426FB412B68FF4600C87862 /* Release */,
			);
			defaultConfigurationIsVisible = 0;
			defaultConfigurationName = Release;
		};
		1426FB422B68FF4600C87862 /* Build configuration list for PBXNativeTarget "colourTheCube3D" */ = {
			isa = XCConfigurationList;
			buildConfigurations = (
				1426FB432B68FF4600C87862 /* Debug */,
				1426FB442B68FF4600C87862 /* Release */,
			);
			defaultConfigurationIsVisible = 0;
			defaultConfigurationName = Release;
		};
		1426FB452B68FF4600C87862 /* Build configuration list for PBXNativeTarget "colourTheCube3DTests" */ = {
			isa = XCConfigurationList;
			buildConfigurations = (
				1426FB462B68FF4600C87862 /* Debug */,
				1426FB472B68FF4600C87862 /* Release */,
			);
			defaultConfigurationIsVisible = 0;
			defaultConfigurationName = Release;
		};
		1426FB482B68FF4600C87862 /* Build configuration list for PBXNativeTarget "colourTheCube3DUITests" */ = {
			isa = XCConfigurationList;
			buildConfigurations = (
				1426FB492B68FF4600C87862 /* Debug */,
				1426FB4A2B68FF4600C87862 /* Release */,
			);
			defaultConfigurationIsVisible = 0;
			defaultConfigurationName = Release;
		};
/* End XCConfigurationList section */
	};
	rootObject = 1426FB142B68FF4400C87862 /* Project object */;
}
