// !$*UTF8*$!
{
	archiveVersion = 1;
	classes = {
	};
	objectVersion = 56;
	objects = {

/* Begin PBXBuildFile section */
		142E45C22B2D624500690854 /* AllRemindersView.swift in Sources */ = {isa = PBXBuildFile; fileRef = 142E45C12B2D624500690854 /* AllRemindersView.swift */; };
		14346C202B2E47080035FC93 /* AllPurchasesView.swift in Sources */ = {isa = PBXBuildFile; fileRef = 14346C1F2B2E47080035FC93 /* AllPurchasesView.swift */; };
		14346C232B2E6C370035FC93 /* AddPurchaseView.swift in Sources */ = {isa = PBXBuildFile; fileRef = 14346C222B2E6C370035FC93 /* AddPurchaseView.swift */; };
		146E2C4F2B27D39E0062D0DA /* NoteModel.xcdatamodeld in Sources */ = {isa = PBXBuildFile; fileRef = 146E2C4D2B27D39E0062D0DA /* NoteModel.xcdatamodeld */; };
		146E2C542B27D5270062D0DA /* DataController.swift in Sources */ = {isa = PBXBuildFile; fileRef = 146E2C532B27D5270062D0DA /* DataController.swift */; };
		146E2C572B27D6FF0062D0DA /* TimeFormatter.swift in Sources */ = {isa = PBXBuildFile; fileRef = 146E2C562B27D6FF0062D0DA /* TimeFormatter.swift */; };
		146E2C5B2B27F1CD0062D0DA /* AddNoteView.swift in Sources */ = {isa = PBXBuildFile; fileRef = 146E2C5A2B27F1CC0062D0DA /* AddNoteView.swift */; };
		146E2C5D2B27F5680062D0DA /* EditNoteView.swift in Sources */ = {isa = PBXBuildFile; fileRef = 146E2C5C2B27F5680062D0DA /* EditNoteView.swift */; };
		1488C7BF2B2C22D6002CC70E /* AllNotesView.swift in Sources */ = {isa = PBXBuildFile; fileRef = 1488C7BE2B2C22D6002CC70E /* AllNotesView.swift */; };
		14A15C722B267E180064E51D /* coreDataAppApp.swift in Sources */ = {isa = PBXBuildFile; fileRef = 14A15C712B267E180064E51D /* coreDataAppApp.swift */; };
		14A15C742B267E180064E51D /* ContentView.swift in Sources */ = {isa = PBXBuildFile; fileRef = 14A15C732B267E180064E51D /* ContentView.swift */; };
		14A15C762B267E1A0064E51D /* Assets.xcassets in Resources */ = {isa = PBXBuildFile; fileRef = 14A15C752B267E1A0064E51D /* Assets.xcassets */; };
		14A15C792B267E1A0064E51D /* Preview Assets.xcassets in Resources */ = {isa = PBXBuildFile; fileRef = 14A15C782B267E1A0064E51D /* Preview Assets.xcassets */; };
		14A15C832B267E1A0064E51D /* coreDataAppTests.swift in Sources */ = {isa = PBXBuildFile; fileRef = 14A15C822B267E1A0064E51D /* coreDataAppTests.swift */; };
		14A15C8D2B267E1A0064E51D /* coreDataAppUITests.swift in Sources */ = {isa = PBXBuildFile; fileRef = 14A15C8C2B267E1A0064E51D /* coreDataAppUITests.swift */; };
		14A15C8F2B267E1A0064E51D /* coreDataAppUITestsLaunchTests.swift in Sources */ = {isa = PBXBuildFile; fileRef = 14A15C8E2B267E1A0064E51D /* coreDataAppUITestsLaunchTests.swift */; };
		14E7BB492B2DFFD400FEF2AE /* AddReminderView.swift in Sources */ = {isa = PBXBuildFile; fileRef = 14E7BB482B2DFFD400FEF2AE /* AddReminderView.swift */; };
		14E7BB4B2B2DFFDB00FEF2AE /* EditReminderView.swift in Sources */ = {isa = PBXBuildFile; fileRef = 14E7BB4A2B2DFFDB00FEF2AE /* EditReminderView.swift */; };
/* End PBXBuildFile section */

/* Begin PBXContainerItemProxy section */
		14A15C7F2B267E1A0064E51D /* PBXContainerItemProxy */ = {
			isa = PBXContainerItemProxy;
			containerPortal = 14A15C662B267E180064E51D /* Project object */;
			proxyType = 1;
			remoteGlobalIDString = 14A15C6D2B267E180064E51D;
			remoteInfo = coreDataApp;
		};
		14A15C892B267E1A0064E51D /* PBXContainerItemProxy */ = {
			isa = PBXContainerItemProxy;
			containerPortal = 14A15C662B267E180064E51D /* Project object */;
			proxyType = 1;
			remoteGlobalIDString = 14A15C6D2B267E180064E51D;
			remoteInfo = coreDataApp;
		};
/* End PBXContainerItemProxy section */

/* Begin PBXFileReference section */
		142E45C12B2D624500690854 /* AllRemindersView.swift */ = {isa = PBXFileReference; lastKnownFileType = sourcecode.swift; path = AllRemindersView.swift; sourceTree = "<group>"; };
		14346C1F2B2E47080035FC93 /* AllPurchasesView.swift */ = {isa = PBXFileReference; lastKnownFileType = sourcecode.swift; path = AllPurchasesView.swift; sourceTree = "<group>"; };
		14346C222B2E6C370035FC93 /* AddPurchaseView.swift */ = {isa = PBXFileReference; lastKnownFileType = sourcecode.swift; path = AddPurchaseView.swift; sourceTree = "<group>"; };
		146E2C4E2B27D39E0062D0DA /* NoteModel.xcdatamodel */ = {isa = PBXFileReference; lastKnownFileType = wrapper.xcdatamodel; path = NoteModel.xcdatamodel; sourceTree = "<group>"; };
		146E2C532B27D5270062D0DA /* DataController.swift */ = {isa = PBXFileReference; lastKnownFileType = sourcecode.swift; path = DataController.swift; sourceTree = "<group>"; };
		146E2C562B27D6FF0062D0DA /* TimeFormatter.swift */ = {isa = PBXFileReference; lastKnownFileType = sourcecode.swift; path = TimeFormatter.swift; sourceTree = "<group>"; };
		146E2C5A2B27F1CC0062D0DA /* AddNoteView.swift */ = {isa = PBXFileReference; lastKnownFileType = sourcecode.swift; path = AddNoteView.swift; sourceTree = "<group>"; };
		146E2C5C2B27F5680062D0DA /* EditNoteView.swift */ = {isa = PBXFileReference; lastKnownFileType = sourcecode.swift; path = EditNoteView.swift; sourceTree = "<group>"; };
		1488C7BE2B2C22D6002CC70E /* AllNotesView.swift */ = {isa = PBXFileReference; lastKnownFileType = sourcecode.swift; path = AllNotesView.swift; sourceTree = "<group>"; };
		14A15C6E2B267E180064E51D /* coreDataApp.app */ = {isa = PBXFileReference; explicitFileType = wrapper.application; includeInIndex = 0; path = coreDataApp.app; sourceTree = BUILT_PRODUCTS_DIR; };
		14A15C712B267E180064E51D /* coreDataAppApp.swift */ = {isa = PBXFileReference; lastKnownFileType = sourcecode.swift; path = coreDataAppApp.swift; sourceTree = "<group>"; };
		14A15C732B267E180064E51D /* ContentView.swift */ = {isa = PBXFileReference; lastKnownFileType = sourcecode.swift; path = ContentView.swift; sourceTree = "<group>"; };
		14A15C752B267E1A0064E51D /* Assets.xcassets */ = {isa = PBXFileReference; lastKnownFileType = folder.assetcatalog; path = Assets.xcassets; sourceTree = "<group>"; };
		14A15C782B267E1A0064E51D /* Preview Assets.xcassets */ = {isa = PBXFileReference; lastKnownFileType = folder.assetcatalog; path = "Preview Assets.xcassets"; sourceTree = "<group>"; };
		14A15C7E2B267E1A0064E51D /* coreDataAppTests.xctest */ = {isa = PBXFileReference; explicitFileType = wrapper.cfbundle; includeInIndex = 0; path = coreDataAppTests.xctest; sourceTree = BUILT_PRODUCTS_DIR; };
		14A15C822B267E1A0064E51D /* coreDataAppTests.swift */ = {isa = PBXFileReference; lastKnownFileType = sourcecode.swift; path = coreDataAppTests.swift; sourceTree = "<group>"; };
		14A15C882B267E1A0064E51D /* coreDataAppUITests.xctest */ = {isa = PBXFileReference; explicitFileType = wrapper.cfbundle; includeInIndex = 0; path = coreDataAppUITests.xctest; sourceTree = BUILT_PRODUCTS_DIR; };
		14A15C8C2B267E1A0064E51D /* coreDataAppUITests.swift */ = {isa = PBXFileReference; lastKnownFileType = sourcecode.swift; path = coreDataAppUITests.swift; sourceTree = "<group>"; };
		14A15C8E2B267E1A0064E51D /* coreDataAppUITestsLaunchTests.swift */ = {isa = PBXFileReference; lastKnownFileType = sourcecode.swift; path = coreDataAppUITestsLaunchTests.swift; sourceTree = "<group>"; };
		14E7BB482B2DFFD400FEF2AE /* AddReminderView.swift */ = {isa = PBXFileReference; lastKnownFileType = sourcecode.swift; path = AddReminderView.swift; sourceTree = "<group>"; };
		14E7BB4A2B2DFFDB00FEF2AE /* EditReminderView.swift */ = {isa = PBXFileReference; lastKnownFileType = sourcecode.swift; path = EditReminderView.swift; sourceTree = "<group>"; };
/* End PBXFileReference section */

/* Begin PBXFrameworksBuildPhase section */
		14A15C6B2B267E180064E51D /* Frameworks */ = {
			isa = PBXFrameworksBuildPhase;
			buildActionMask = 2147483647;
			files = (
			);
			runOnlyForDeploymentPostprocessing = 0;
		};
		14A15C7B2B267E1A0064E51D /* Frameworks */ = {
			isa = PBXFrameworksBuildPhase;
			buildActionMask = 2147483647;
			files = (
			);
			runOnlyForDeploymentPostprocessing = 0;
		};
		14A15C852B267E1A0064E51D /* Frameworks */ = {
			isa = PBXFrameworksBuildPhase;
			buildActionMask = 2147483647;
			files = (
			);
			runOnlyForDeploymentPostprocessing = 0;
		};
/* End PBXFrameworksBuildPhase section */

/* Begin PBXGroup section */
		142E45C02B2D5F7300690854 /* Views */ = {
			isa = PBXGroup;
			children = (
				14A15C732B267E180064E51D /* ContentView.swift */,
				14E7BB472B2DFDF000FEF2AE /* Reminders Views */,
				14E7BB462B2DFDE900FEF2AE /* Notes Views */,
			);
			path = Views;
			sourceTree = "<group>";
		};
		14346C212B2E69AD0035FC93 /* Purchases Views */ = {
			isa = PBXGroup;
			children = (
				14346C1F2B2E47080035FC93 /* AllPurchasesView.swift */,
				14346C222B2E6C370035FC93 /* AddPurchaseView.swift */,
			);
			path = "Purchases Views";
			sourceTree = "<group>";
		};
		146E2C522B27D4260062D0DA /* DataModels */ = {
			isa = PBXGroup;
			children = (
				146E2C532B27D5270062D0DA /* DataController.swift */,
				146E2C4D2B27D39E0062D0DA /* NoteModel.xcdatamodeld */,
			);
			path = DataModels;
			sourceTree = "<group>";
		};
		146E2C552B27D6F10062D0DA /* Helpers */ = {
			isa = PBXGroup;
			children = (
				146E2C562B27D6FF0062D0DA /* TimeFormatter.swift */,
			);
			path = Helpers;
			sourceTree = "<group>";
		};
		14A15C652B267E180064E51D = {
			isa = PBXGroup;
			children = (
				14A15C702B267E180064E51D /* coreDataApp */,
				14A15C812B267E1A0064E51D /* coreDataAppTests */,
				14A15C8B2B267E1A0064E51D /* coreDataAppUITests */,
				14A15C6F2B267E180064E51D /* Products */,
			);
			sourceTree = "<group>";
		};
		14A15C6F2B267E180064E51D /* Products */ = {
			isa = PBXGroup;
			children = (
				14A15C6E2B267E180064E51D /* coreDataApp.app */,
				14A15C7E2B267E1A0064E51D /* coreDataAppTests.xctest */,
				14A15C882B267E1A0064E51D /* coreDataAppUITests.xctest */,
			);
			name = Products;
			sourceTree = "<group>";
		};
		14A15C702B267E180064E51D /* coreDataApp */ = {
			isa = PBXGroup;
			children = (
				14A15C712B267E180064E51D /* coreDataAppApp.swift */,
				142E45C02B2D5F7300690854 /* Views */,
				14346C212B2E69AD0035FC93 /* Purchases Views */,
				146E2C552B27D6F10062D0DA /* Helpers */,
				146E2C522B27D4260062D0DA /* DataModels */,
				14A15C752B267E1A0064E51D /* Assets.xcassets */,
				14A15C772B267E1A0064E51D /* Preview Content */,
			);
			path = coreDataApp;
			sourceTree = "<group>";
		};
		14A15C772B267E1A0064E51D /* Preview Content */ = {
			isa = PBXGroup;
			children = (
				14A15C782B267E1A0064E51D /* Preview Assets.xcassets */,
			);
			path = "Preview Content";
			sourceTree = "<group>";
		};
		14A15C812B267E1A0064E51D /* coreDataAppTests */ = {
			isa = PBXGroup;
			children = (
				14A15C822B267E1A0064E51D /* coreDataAppTests.swift */,
			);
			path = coreDataAppTests;
			sourceTree = "<group>";
		};
		14A15C8B2B267E1A0064E51D /* coreDataAppUITests */ = {
			isa = PBXGroup;
			children = (
				14A15C8C2B267E1A0064E51D /* coreDataAppUITests.swift */,
				14A15C8E2B267E1A0064E51D /* coreDataAppUITestsLaunchTests.swift */,
			);
			path = coreDataAppUITests;
			sourceTree = "<group>";
		};
		14E7BB462B2DFDE900FEF2AE /* Notes Views */ = {
			isa = PBXGroup;
			children = (
				1488C7BE2B2C22D6002CC70E /* AllNotesView.swift */,
				146E2C5A2B27F1CC0062D0DA /* AddNoteView.swift */,
				146E2C5C2B27F5680062D0DA /* EditNoteView.swift */,
			);
			path = "Notes Views";
			sourceTree = "<group>";
		};
		14E7BB472B2DFDF000FEF2AE /* Reminders Views */ = {
			isa = PBXGroup;
			children = (
				142E45C12B2D624500690854 /* AllRemindersView.swift */,
				14E7BB482B2DFFD400FEF2AE /* AddReminderView.swift */,
				14E7BB4A2B2DFFDB00FEF2AE /* EditReminderView.swift */,
			);
			path = "Reminders Views";
			sourceTree = "<group>";
		};
/* End PBXGroup section */

/* Begin PBXNativeTarget section */
		14A15C6D2B267E180064E51D /* coreDataApp */ = {
			isa = PBXNativeTarget;
			buildConfigurationList = 14A15C922B267E1A0064E51D /* Build configuration list for PBXNativeTarget "coreDataApp" */;
			buildPhases = (
				14A15C6A2B267E180064E51D /* Sources */,
				14A15C6B2B267E180064E51D /* Frameworks */,
				14A15C6C2B267E180064E51D /* Resources */,
			);
			buildRules = (
			);
			dependencies = (
			);
			name = coreDataApp;
			productName = coreDataApp;
			productReference = 14A15C6E2B267E180064E51D /* coreDataApp.app */;
			productType = "com.apple.product-type.application";
		};
		14A15C7D2B267E1A0064E51D /* coreDataAppTests */ = {
			isa = PBXNativeTarget;
			buildConfigurationList = 14A15C952B267E1A0064E51D /* Build configuration list for PBXNativeTarget "coreDataAppTests" */;
			buildPhases = (
				14A15C7A2B267E1A0064E51D /* Sources */,
				14A15C7B2B267E1A0064E51D /* Frameworks */,
				14A15C7C2B267E1A0064E51D /* Resources */,
			);
			buildRules = (
			);
			dependencies = (
				14A15C802B267E1A0064E51D /* PBXTargetDependency */,
			);
			name = coreDataAppTests;
			productName = coreDataAppTests;
			productReference = 14A15C7E2B267E1A0064E51D /* coreDataAppTests.xctest */;
			productType = "com.apple.product-type.bundle.unit-test";
		};
		14A15C872B267E1A0064E51D /* coreDataAppUITests */ = {
			isa = PBXNativeTarget;
			buildConfigurationList = 14A15C982B267E1A0064E51D /* Build configuration list for PBXNativeTarget "coreDataAppUITests" */;
			buildPhases = (
				14A15C842B267E1A0064E51D /* Sources */,
				14A15C852B267E1A0064E51D /* Frameworks */,
				14A15C862B267E1A0064E51D /* Resources */,
			);
			buildRules = (
			);
			dependencies = (
				14A15C8A2B267E1A0064E51D /* PBXTargetDependency */,
			);
			name = coreDataAppUITests;
			productName = coreDataAppUITests;
			productReference = 14A15C882B267E1A0064E51D /* coreDataAppUITests.xctest */;
			productType = "com.apple.product-type.bundle.ui-testing";
		};
/* End PBXNativeTarget section */

/* Begin PBXProject section */
		14A15C662B267E180064E51D /* Project object */ = {
			isa = PBXProject;
			attributes = {
				BuildIndependentTargetsInParallel = 1;
				LastSwiftUpdateCheck = 1500;
				LastUpgradeCheck = 1500;
				TargetAttributes = {
					14A15C6D2B267E180064E51D = {
						CreatedOnToolsVersion = 15.0.1;
					};
					14A15C7D2B267E1A0064E51D = {
						CreatedOnToolsVersion = 15.0.1;
						TestTargetID = 14A15C6D2B267E180064E51D;
					};
					14A15C872B267E1A0064E51D = {
						CreatedOnToolsVersion = 15.0.1;
						TestTargetID = 14A15C6D2B267E180064E51D;
					};
				};
			};
			buildConfigurationList = 14A15C692B267E180064E51D /* Build configuration list for PBXProject "coreDataApp" */;
			compatibilityVersion = "Xcode 14.0";
			developmentRegion = en;
			hasScannedForEncodings = 0;
			knownRegions = (
				en,
				Base,
			);
			mainGroup = 14A15C652B267E180064E51D;
			productRefGroup = 14A15C6F2B267E180064E51D /* Products */;
			projectDirPath = "";
			projectRoot = "";
			targets = (
				14A15C6D2B267E180064E51D /* coreDataApp */,
				14A15C7D2B267E1A0064E51D /* coreDataAppTests */,
				14A15C872B267E1A0064E51D /* coreDataAppUITests */,
			);
		};
/* End PBXProject section */

/* Begin PBXResourcesBuildPhase section */
		14A15C6C2B267E180064E51D /* Resources */ = {
			isa = PBXResourcesBuildPhase;
			buildActionMask = 2147483647;
			files = (
				14A15C792B267E1A0064E51D /* Preview Assets.xcassets in Resources */,
				14A15C762B267E1A0064E51D /* Assets.xcassets in Resources */,
			);
			runOnlyForDeploymentPostprocessing = 0;
		};
		14A15C7C2B267E1A0064E51D /* Resources */ = {
			isa = PBXResourcesBuildPhase;
			buildActionMask = 2147483647;
			files = (
			);
			runOnlyForDeploymentPostprocessing = 0;
		};
		14A15C862B267E1A0064E51D /* Resources */ = {
			isa = PBXResourcesBuildPhase;
			buildActionMask = 2147483647;
			files = (
			);
			runOnlyForDeploymentPostprocessing = 0;
		};
/* End PBXResourcesBuildPhase section */

/* Begin PBXSourcesBuildPhase section */
		14A15C6A2B267E180064E51D /* Sources */ = {
			isa = PBXSourcesBuildPhase;
			buildActionMask = 2147483647;
			files = (
				14E7BB4B2B2DFFDB00FEF2AE /* EditReminderView.swift in Sources */,
				146E2C5B2B27F1CD0062D0DA /* AddNoteView.swift in Sources */,
				14A15C742B267E180064E51D /* ContentView.swift in Sources */,
				1488C7BF2B2C22D6002CC70E /* AllNotesView.swift in Sources */,
				146E2C542B27D5270062D0DA /* DataController.swift in Sources */,
				14A15C722B267E180064E51D /* coreDataAppApp.swift in Sources */,
				146E2C572B27D6FF0062D0DA /* TimeFormatter.swift in Sources */,
				14346C202B2E47080035FC93 /* AllPurchasesView.swift in Sources */,
				146E2C4F2B27D39E0062D0DA /* NoteModel.xcdatamodeld in Sources */,
				142E45C22B2D624500690854 /* AllRemindersView.swift in Sources */,
				14E7BB492B2DFFD400FEF2AE /* AddReminderView.swift in Sources */,
				146E2C5D2B27F5680062D0DA /* EditNoteView.swift in Sources */,
				14346C232B2E6C370035FC93 /* AddPurchaseView.swift in Sources */,
			);
			runOnlyForDeploymentPostprocessing = 0;
		};
		14A15C7A2B267E1A0064E51D /* Sources */ = {
			isa = PBXSourcesBuildPhase;
			buildActionMask = 2147483647;
			files = (
				14A15C832B267E1A0064E51D /* coreDataAppTests.swift in Sources */,
			);
			runOnlyForDeploymentPostprocessing = 0;
		};
		14A15C842B267E1A0064E51D /* Sources */ = {
			isa = PBXSourcesBuildPhase;
			buildActionMask = 2147483647;
			files = (
				14A15C8D2B267E1A0064E51D /* coreDataAppUITests.swift in Sources */,
				14A15C8F2B267E1A0064E51D /* coreDataAppUITestsLaunchTests.swift in Sources */,
			);
			runOnlyForDeploymentPostprocessing = 0;
		};
/* End PBXSourcesBuildPhase section */

/* Begin PBXTargetDependency section */
		14A15C802B267E1A0064E51D /* PBXTargetDependency */ = {
			isa = PBXTargetDependency;
			target = 14A15C6D2B267E180064E51D /* coreDataApp */;
			targetProxy = 14A15C7F2B267E1A0064E51D /* PBXContainerItemProxy */;
		};
		14A15C8A2B267E1A0064E51D /* PBXTargetDependency */ = {
			isa = PBXTargetDependency;
			target = 14A15C6D2B267E180064E51D /* coreDataApp */;
			targetProxy = 14A15C892B267E1A0064E51D /* PBXContainerItemProxy */;
		};
/* End PBXTargetDependency section */

/* Begin XCBuildConfiguration section */
		14A15C902B267E1A0064E51D /* Debug */ = {
			isa = XCBuildConfiguration;
			buildSettings = {
				ALWAYS_SEARCH_USER_PATHS = NO;
				ASSETCATALOG_COMPILER_GENERATE_SWIFT_ASSET_SYMBOL_EXTENSIONS = YES;
				CLANG_ANALYZER_NONNULL = YES;
				CLANG_ANALYZER_NUMBER_OBJECT_CONVERSION = YES_AGGRESSIVE;
				CLANG_CXX_LANGUAGE_STANDARD = "gnu++20";
				CLANG_ENABLE_MODULES = YES;
				CLANG_ENABLE_OBJC_ARC = YES;
				CLANG_ENABLE_OBJC_WEAK = YES;
				CLANG_WARN_BLOCK_CAPTURE_AUTORELEASING = YES;
				CLANG_WARN_BOOL_CONVERSION = YES;
				CLANG_WARN_COMMA = YES;
				CLANG_WARN_CONSTANT_CONVERSION = YES;
				CLANG_WARN_DEPRECATED_OBJC_IMPLEMENTATIONS = YES;
				CLANG_WARN_DIRECT_OBJC_ISA_USAGE = YES_ERROR;
				CLANG_WARN_DOCUMENTATION_COMMENTS = YES;
				CLANG_WARN_EMPTY_BODY = YES;
				CLANG_WARN_ENUM_CONVERSION = YES;
				CLANG_WARN_INFINITE_RECURSION = YES;
				CLANG_WARN_INT_CONVERSION = YES;
				CLANG_WARN_NON_LITERAL_NULL_CONVERSION = YES;
				CLANG_WARN_OBJC_IMPLICIT_RETAIN_SELF = YES;
				CLANG_WARN_OBJC_LITERAL_CONVERSION = YES;
				CLANG_WARN_OBJC_ROOT_CLASS = YES_ERROR;
				CLANG_WARN_QUOTED_INCLUDE_IN_FRAMEWORK_HEADER = YES;
				CLANG_WARN_RANGE_LOOP_ANALYSIS = YES;
				CLANG_WARN_STRICT_PROTOTYPES = YES;
				CLANG_WARN_SUSPICIOUS_MOVE = YES;
				CLANG_WARN_UNGUARDED_AVAILABILITY = YES_AGGRESSIVE;
				CLANG_WARN_UNREACHABLE_CODE = YES;
				CLANG_WARN__DUPLICATE_METHOD_MATCH = YES;
				COPY_PHASE_STRIP = NO;
				DEBUG_INFORMATION_FORMAT = dwarf;
				ENABLE_STRICT_OBJC_MSGSEND = YES;
				ENABLE_TESTABILITY = YES;
				ENABLE_USER_SCRIPT_SANDBOXING = YES;
				GCC_C_LANGUAGE_STANDARD = gnu17;
				GCC_DYNAMIC_NO_PIC = NO;
				GCC_NO_COMMON_BLOCKS = YES;
				GCC_OPTIMIZATION_LEVEL = 0;
				GCC_PREPROCESSOR_DEFINITIONS = (
					"DEBUG=1",
					"$(inherited)",
				);
				GCC_WARN_64_TO_32_BIT_CONVERSION = YES;
				GCC_WARN_ABOUT_RETURN_TYPE = YES_ERROR;
				GCC_WARN_UNDECLARED_SELECTOR = YES;
				GCC_WARN_UNINITIALIZED_AUTOS = YES_AGGRESSIVE;
				GCC_WARN_UNUSED_FUNCTION = YES;
				GCC_WARN_UNUSED_VARIABLE = YES;
				IPHONEOS_DEPLOYMENT_TARGET = 17.0;
				LOCALIZATION_PREFERS_STRING_CATALOGS = YES;
				MTL_ENABLE_DEBUG_INFO = INCLUDE_SOURCE;
				MTL_FAST_MATH = YES;
				ONLY_ACTIVE_ARCH = YES;
				SDKROOT = iphoneos;
				SWIFT_ACTIVE_COMPILATION_CONDITIONS = "DEBUG $(inherited)";
				SWIFT_OPTIMIZATION_LEVEL = "-Onone";
			};
			name = Debug;
		};
		14A15C912B267E1A0064E51D /* Release */ = {
			isa = XCBuildConfiguration;
			buildSettings = {
				ALWAYS_SEARCH_USER_PATHS = NO;
				ASSETCATALOG_COMPILER_GENERATE_SWIFT_ASSET_SYMBOL_EXTENSIONS = YES;
				CLANG_ANALYZER_NONNULL = YES;
				CLANG_ANALYZER_NUMBER_OBJECT_CONVERSION = YES_AGGRESSIVE;
				CLANG_CXX_LANGUAGE_STANDARD = "gnu++20";
				CLANG_ENABLE_MODULES = YES;
				CLANG_ENABLE_OBJC_ARC = YES;
				CLANG_ENABLE_OBJC_WEAK = YES;
				CLANG_WARN_BLOCK_CAPTURE_AUTORELEASING = YES;
				CLANG_WARN_BOOL_CONVERSION = YES;
				CLANG_WARN_COMMA = YES;
				CLANG_WARN_CONSTANT_CONVERSION = YES;
				CLANG_WARN_DEPRECATED_OBJC_IMPLEMENTATIONS = YES;
				CLANG_WARN_DIRECT_OBJC_ISA_USAGE = YES_ERROR;
				CLANG_WARN_DOCUMENTATION_COMMENTS = YES;
				CLANG_WARN_EMPTY_BODY = YES;
				CLANG_WARN_ENUM_CONVERSION = YES;
				CLANG_WARN_INFINITE_RECURSION = YES;
				CLANG_WARN_INT_CONVERSION = YES;
				CLANG_WARN_NON_LITERAL_NULL_CONVERSION = YES;
				CLANG_WARN_OBJC_IMPLICIT_RETAIN_SELF = YES;
				CLANG_WARN_OBJC_LITERAL_CONVERSION = YES;
				CLANG_WARN_OBJC_ROOT_CLASS = YES_ERROR;
				CLANG_WARN_QUOTED_INCLUDE_IN_FRAMEWORK_HEADER = YES;
				CLANG_WARN_RANGE_LOOP_ANALYSIS = YES;
				CLANG_WARN_STRICT_PROTOTYPES = YES;
				CLANG_WARN_SUSPICIOUS_MOVE = YES;
				CLANG_WARN_UNGUARDED_AVAILABILITY = YES_AGGRESSIVE;
				CLANG_WARN_UNREACHABLE_CODE = YES;
				CLANG_WARN__DUPLICATE_METHOD_MATCH = YES;
				COPY_PHASE_STRIP = NO;
				DEBUG_INFORMATION_FORMAT = "dwarf-with-dsym";
				ENABLE_NS_ASSERTIONS = NO;
				ENABLE_STRICT_OBJC_MSGSEND = YES;
				ENABLE_USER_SCRIPT_SANDBOXING = YES;
				GCC_C_LANGUAGE_STANDARD = gnu17;
				GCC_NO_COMMON_BLOCKS = YES;
				GCC_WARN_64_TO_32_BIT_CONVERSION = YES;
				GCC_WARN_ABOUT_RETURN_TYPE = YES_ERROR;
				GCC_WARN_UNDECLARED_SELECTOR = YES;
				GCC_WARN_UNINITIALIZED_AUTOS = YES_AGGRESSIVE;
				GCC_WARN_UNUSED_FUNCTION = YES;
				GCC_WARN_UNUSED_VARIABLE = YES;
				IPHONEOS_DEPLOYMENT_TARGET = 17.0;
				LOCALIZATION_PREFERS_STRING_CATALOGS = YES;
				MTL_ENABLE_DEBUG_INFO = NO;
				MTL_FAST_MATH = YES;
				SDKROOT = iphoneos;
				SWIFT_COMPILATION_MODE = wholemodule;
				VALIDATE_PRODUCT = YES;
			};
			name = Release;
		};
		14A15C932B267E1A0064E51D /* Debug */ = {
			isa = XCBuildConfiguration;
			buildSettings = {
				ASSETCATALOG_COMPILER_APPICON_NAME = AppIcon;
				ASSETCATALOG_COMPILER_GLOBAL_ACCENT_COLOR_NAME = AccentColor;
				CODE_SIGN_STYLE = Automatic;
				CURRENT_PROJECT_VERSION = 1;
				DEVELOPMENT_ASSET_PATHS = "\"coreDataApp/Preview Content\"";
				DEVELOPMENT_TEAM = 39X532FCX5;
				ENABLE_PREVIEWS = YES;
				GENERATE_INFOPLIST_FILE = YES;
				INFOPLIST_FILE = coreDataApp/Info.plist;
				INFOPLIST_KEY_UIApplicationSceneManifest_Generation = YES;
				INFOPLIST_KEY_UIApplicationSupportsIndirectInputEvents = YES;
				INFOPLIST_KEY_UILaunchScreen_Generation = YES;
				INFOPLIST_KEY_UISupportedInterfaceOrientations_iPad = "UIInterfaceOrientationPortrait UIInterfaceOrientationPortraitUpsideDown UIInterfaceOrientationLandscapeLeft UIInterfaceOrientationLandscapeRight";
				INFOPLIST_KEY_UISupportedInterfaceOrientations_iPhone = "UIInterfaceOrientationPortrait UIInterfaceOrientationLandscapeLeft UIInterfaceOrientationLandscapeRight";
				LD_RUNPATH_SEARCH_PATHS = (
					"$(inherited)",
					"@executable_path/Frameworks",
				);
				MARKETING_VERSION = 1.0;
				PRODUCT_BUNDLE_IDENTIFIER = vedantmistry.coreDataApp;
				PRODUCT_NAME = "$(TARGET_NAME)";
				SWIFT_EMIT_LOC_STRINGS = YES;
				SWIFT_VERSION = 5.0;
				TARGETED_DEVICE_FAMILY = "1,2";
			};
			name = Debug;
		};
		14A15C942B267E1A0064E51D /* Release */ = {
			isa = XCBuildConfiguration;
			buildSettings = {
				ASSETCATALOG_COMPILER_APPICON_NAME = AppIcon;
				ASSETCATALOG_COMPILER_GLOBAL_ACCENT_COLOR_NAME = AccentColor;
				CODE_SIGN_STYLE = Automatic;
				CURRENT_PROJECT_VERSION = 1;
				DEVELOPMENT_ASSET_PATHS = "\"coreDataApp/Preview Content\"";
				DEVELOPMENT_TEAM = 39X532FCX5;
				ENABLE_PREVIEWS = YES;
				GENERATE_INFOPLIST_FILE = YES;
				INFOPLIST_FILE = coreDataApp/Info.plist;
				INFOPLIST_KEY_UIApplicationSceneManifest_Generation = YES;
				INFOPLIST_KEY_UIApplicationSupportsIndirectInputEvents = YES;
				INFOPLIST_KEY_UILaunchScreen_Generation = YES;
				INFOPLIST_KEY_UISupportedInterfaceOrientations_iPad = "UIInterfaceOrientationPortrait UIInterfaceOrientationPortraitUpsideDown UIInterfaceOrientationLandscapeLeft UIInterfaceOrientationLandscapeRight";
				INFOPLIST_KEY_UISupportedInterfaceOrientations_iPhone = "UIInterfaceOrientationPortrait UIInterfaceOrientationLandscapeLeft UIInterfaceOrientationLandscapeRight";
				LD_RUNPATH_SEARCH_PATHS = (
					"$(inherited)",
					"@executable_path/Frameworks",
				);
				MARKETING_VERSION = 1.0;
				PRODUCT_BUNDLE_IDENTIFIER = vedantmistry.coreDataApp;
				PRODUCT_NAME = "$(TARGET_NAME)";
				SWIFT_EMIT_LOC_STRINGS = YES;
				SWIFT_VERSION = 5.0;
				TARGETED_DEVICE_FAMILY = "1,2";
			};
			name = Release;
		};
		14A15C962B267E1A0064E51D /* Debug */ = {
			isa = XCBuildConfiguration;
			buildSettings = {
				ALWAYS_EMBED_SWIFT_STANDARD_LIBRARIES = YES;
				BUNDLE_LOADER = "$(TEST_HOST)";
				CODE_SIGN_STYLE = Automatic;
				CURRENT_PROJECT_VERSION = 1;
				DEVELOPMENT_TEAM = 39X532FCX5;
				GENERATE_INFOPLIST_FILE = YES;
				IPHONEOS_DEPLOYMENT_TARGET = 17.0;
				MARKETING_VERSION = 1.0;
				PRODUCT_BUNDLE_IDENTIFIER = vedantmistry.coreDataAppTests;
				PRODUCT_NAME = "$(TARGET_NAME)";
				SWIFT_EMIT_LOC_STRINGS = NO;
				SWIFT_VERSION = 5.0;
				TARGETED_DEVICE_FAMILY = "1,2";
				TEST_HOST = "$(BUILT_PRODUCTS_DIR)/coreDataApp.app/$(BUNDLE_EXECUTABLE_FOLDER_PATH)/coreDataApp";
			};
			name = Debug;
		};
		14A15C972B267E1A0064E51D /* Release */ = {
			isa = XCBuildConfiguration;
			buildSettings = {
				ALWAYS_EMBED_SWIFT_STANDARD_LIBRARIES = YES;
				BUNDLE_LOADER = "$(TEST_HOST)";
				CODE_SIGN_STYLE = Automatic;
				CURRENT_PROJECT_VERSION = 1;
				DEVELOPMENT_TEAM = 39X532FCX5;
				GENERATE_INFOPLIST_FILE = YES;
				IPHONEOS_DEPLOYMENT_TARGET = 17.0;
				MARKETING_VERSION = 1.0;
				PRODUCT_BUNDLE_IDENTIFIER = vedantmistry.coreDataAppTests;
				PRODUCT_NAME = "$(TARGET_NAME)";
				SWIFT_EMIT_LOC_STRINGS = NO;
				SWIFT_VERSION = 5.0;
				TARGETED_DEVICE_FAMILY = "1,2";
				TEST_HOST = "$(BUILT_PRODUCTS_DIR)/coreDataApp.app/$(BUNDLE_EXECUTABLE_FOLDER_PATH)/coreDataApp";
			};
			name = Release;
		};
		14A15C992B267E1A0064E51D /* Debug */ = {
			isa = XCBuildConfiguration;
			buildSettings = {
				ALWAYS_EMBED_SWIFT_STANDARD_LIBRARIES = YES;
				CODE_SIGN_STYLE = Automatic;
				CURRENT_PROJECT_VERSION = 1;
				DEVELOPMENT_TEAM = 39X532FCX5;
				GENERATE_INFOPLIST_FILE = YES;
				MARKETING_VERSION = 1.0;
				PRODUCT_BUNDLE_IDENTIFIER = vedantmistry.coreDataAppUITests;
				PRODUCT_NAME = "$(TARGET_NAME)";
				SWIFT_EMIT_LOC_STRINGS = NO;
				SWIFT_VERSION = 5.0;
				TARGETED_DEVICE_FAMILY = "1,2";
				TEST_TARGET_NAME = coreDataApp;
			};
			name = Debug;
		};
		14A15C9A2B267E1A0064E51D /* Release */ = {
			isa = XCBuildConfiguration;
			buildSettings = {
				ALWAYS_EMBED_SWIFT_STANDARD_LIBRARIES = YES;
				CODE_SIGN_STYLE = Automatic;
				CURRENT_PROJECT_VERSION = 1;
				DEVELOPMENT_TEAM = 39X532FCX5;
				GENERATE_INFOPLIST_FILE = YES;
				MARKETING_VERSION = 1.0;
				PRODUCT_BUNDLE_IDENTIFIER = vedantmistry.coreDataAppUITests;
				PRODUCT_NAME = "$(TARGET_NAME)";
				SWIFT_EMIT_LOC_STRINGS = NO;
				SWIFT_VERSION = 5.0;
				TARGETED_DEVICE_FAMILY = "1,2";
				TEST_TARGET_NAME = coreDataApp;
			};
			name = Release;
		};
/* End XCBuildConfiguration section */

/* Begin XCConfigurationList section */
		14A15C692B267E180064E51D /* Build configuration list for PBXProject "coreDataApp" */ = {
			isa = XCConfigurationList;
			buildConfigurations = (
				14A15C902B267E1A0064E51D /* Debug */,
				14A15C912B267E1A0064E51D /* Release */,
			);
			defaultConfigurationIsVisible = 0;
			defaultConfigurationName = Release;
		};
		14A15C922B267E1A0064E51D /* Build configuration list for PBXNativeTarget "coreDataApp" */ = {
			isa = XCConfigurationList;
			buildConfigurations = (
				14A15C932B267E1A0064E51D /* Debug */,
				14A15C942B267E1A0064E51D /* Release */,
			);
			defaultConfigurationIsVisible = 0;
			defaultConfigurationName = Release;
		};
		14A15C952B267E1A0064E51D /* Build configuration list for PBXNativeTarget "coreDataAppTests" */ = {
			isa = XCConfigurationList;
			buildConfigurations = (
				14A15C962B267E1A0064E51D /* Debug */,
				14A15C972B267E1A0064E51D /* Release */,
			);
			defaultConfigurationIsVisible = 0;
			defaultConfigurationName = Release;
		};
		14A15C982B267E1A0064E51D /* Build configuration list for PBXNativeTarget "coreDataAppUITests" */ = {
			isa = XCConfigurationList;
			buildConfigurations = (
				14A15C992B267E1A0064E51D /* Debug */,
				14A15C9A2B267E1A0064E51D /* Release */,
			);
			defaultConfigurationIsVisible = 0;
			defaultConfigurationName = Release;
		};
/* End XCConfigurationList section */

/* Begin XCVersionGroup section */
		146E2C4D2B27D39E0062D0DA /* NoteModel.xcdatamodeld */ = {
			isa = XCVersionGroup;
			children = (
				146E2C4E2B27D39E0062D0DA /* NoteModel.xcdatamodel */,
			);
			currentVersion = 146E2C4E2B27D39E0062D0DA /* NoteModel.xcdatamodel */;
			path = NoteModel.xcdatamodeld;
			sourceTree = "<group>";
			versionGroupType = wrapper.xcdatamodel;
		};
/* End XCVersionGroup section */
	};
	rootObject = 14A15C662B267E180064E51D /* Project object */;
}
