// !$*UTF8*$!
{
	archiveVersion = 1;
	classes = {
	};
	objectVersion = 56;
	objects = {

/* Begin PBXBuildFile section */
		14C676722AF27F9400E9ABED /* passingDataApp.swift in Sources */ = {isa = PBXBuildFile; fileRef = 14C676712AF27F9400E9ABED /* passingDataApp.swift */; };
		14C676742AF27F9400E9ABED /* ContentView.swift in Sources */ = {isa = PBXBuildFile; fileRef = 14C676732AF27F9400E9ABED /* ContentView.swift */; };
		14C676762AF27F9500E9ABED /* Assets.xcassets in Resources */ = {isa = PBXBuildFile; fileRef = 14C676752AF27F9500E9ABED /* Assets.xcassets */; };
		14C676792AF27F9500E9ABED /* Preview Assets.xcassets in Resources */ = {isa = PBXBuildFile; fileRef = 14C676782AF27F9500E9ABED /* Preview Assets.xcassets */; };
		14C676832AF27F9500E9ABED /* passingDataTests.swift in Sources */ = {isa = PBXBuildFile; fileRef = 14C676822AF27F9500E9ABED /* passingDataTests.swift */; };
		14C6768D2AF27F9500E9ABED /* passingDataUITests.swift in Sources */ = {isa = PBXBuildFile; fileRef = 14C6768C2AF27F9500E9ABED /* passingDataUITests.swift */; };
		14C6768F2AF27F9500E9ABED /* passingDataUITestsLaunchTests.swift in Sources */ = {isa = PBXBuildFile; fileRef = 14C6768E2AF27F9500E9ABED /* passingDataUITestsLaunchTests.swift */; };
		14C6769C2AF27FBF00E9ABED /* SpidermanLogo.swift in Sources */ = {isa = PBXBuildFile; fileRef = 14C6769B2AF27FBF00E9ABED /* SpidermanLogo.swift */; };
/* End PBXBuildFile section */

/* Begin PBXContainerItemProxy section */
		14C6767F2AF27F9500E9ABED /* PBXContainerItemProxy */ = {
			isa = PBXContainerItemProxy;
			containerPortal = 14C676662AF27F9300E9ABED /* Project object */;
			proxyType = 1;
			remoteGlobalIDString = 14C6766D2AF27F9400E9ABED;
			remoteInfo = passingData;
		};
		14C676892AF27F9500E9ABED /* PBXContainerItemProxy */ = {
			isa = PBXContainerItemProxy;
			containerPortal = 14C676662AF27F9300E9ABED /* Project object */;
			proxyType = 1;
			remoteGlobalIDString = 14C6766D2AF27F9400E9ABED;
			remoteInfo = passingData;
		};
/* End PBXContainerItemProxy section */

/* Begin PBXFileReference section */
		14C6766E2AF27F9400E9ABED /* passingData.app */ = {isa = PBXFileReference; explicitFileType = wrapper.application; includeInIndex = 0; path = passingData.app; sourceTree = BUILT_PRODUCTS_DIR; };
		14C676712AF27F9400E9ABED /* passingDataApp.swift */ = {isa = PBXFileReference; lastKnownFileType = sourcecode.swift; path = passingDataApp.swift; sourceTree = "<group>"; };
		14C676732AF27F9400E9ABED /* ContentView.swift */ = {isa = PBXFileReference; lastKnownFileType = sourcecode.swift; path = ContentView.swift; sourceTree = "<group>"; };
		14C676752AF27F9500E9ABED /* Assets.xcassets */ = {isa = PBXFileReference; lastKnownFileType = folder.assetcatalog; path = Assets.xcassets; sourceTree = "<group>"; };
		14C676782AF27F9500E9ABED /* Preview Assets.xcassets */ = {isa = PBXFileReference; lastKnownFileType = folder.assetcatalog; path = "Preview Assets.xcassets"; sourceTree = "<group>"; };
		14C6767E2AF27F9500E9ABED /* passingDataTests.xctest */ = {isa = PBXFileReference; explicitFileType = wrapper.cfbundle; includeInIndex = 0; path = passingDataTests.xctest; sourceTree = BUILT_PRODUCTS_DIR; };
		14C676822AF27F9500E9ABED /* passingDataTests.swift */ = {isa = PBXFileReference; lastKnownFileType = sourcecode.swift; path = passingDataTests.swift; sourceTree = "<group>"; };
		14C676882AF27F9500E9ABED /* passingDataUITests.xctest */ = {isa = PBXFileReference; explicitFileType = wrapper.cfbundle; includeInIndex = 0; path = passingDataUITests.xctest; sourceTree = BUILT_PRODUCTS_DIR; };
		14C6768C2AF27F9500E9ABED /* passingDataUITests.swift */ = {isa = PBXFileReference; lastKnownFileType = sourcecode.swift; path = passingDataUITests.swift; sourceTree = "<group>"; };
		14C6768E2AF27F9500E9ABED /* passingDataUITestsLaunchTests.swift */ = {isa = PBXFileReference; lastKnownFileType = sourcecode.swift; path = passingDataUITestsLaunchTests.swift; sourceTree = "<group>"; };
		14C6769B2AF27FBF00E9ABED /* SpidermanLogo.swift */ = {isa = PBXFileReference; lastKnownFileType = sourcecode.swift; path = SpidermanLogo.swift; sourceTree = "<group>"; };
/* End PBXFileReference section */

/* Begin PBXFrameworksBuildPhase section */
		14C6766B2AF27F9400E9ABED /* Frameworks */ = {
			isa = PBXFrameworksBuildPhase;
			buildActionMask = 2147483647;
			files = (
			);
			runOnlyForDeploymentPostprocessing = 0;
		};
		14C6767B2AF27F9500E9ABED /* Frameworks */ = {
			isa = PBXFrameworksBuildPhase;
			buildActionMask = 2147483647;
			files = (
			);
			runOnlyForDeploymentPostprocessing = 0;
		};
		14C676852AF27F9500E9ABED /* Frameworks */ = {
			isa = PBXFrameworksBuildPhase;
			buildActionMask = 2147483647;
			files = (
			);
			runOnlyForDeploymentPostprocessing = 0;
		};
/* End PBXFrameworksBuildPhase section */

/* Begin PBXGroup section */
		14C676652AF27F9300E9ABED = {
			isa = PBXGroup;
			children = (
				14C676702AF27F9400E9ABED /* passingData */,
				14C676812AF27F9500E9ABED /* passingDataTests */,
				14C6768B2AF27F9500E9ABED /* passingDataUITests */,
				14C6766F2AF27F9400E9ABED /* Products */,
			);
			sourceTree = "<group>";
		};
		14C6766F2AF27F9400E9ABED /* Products */ = {
			isa = PBXGroup;
			children = (
				14C6766E2AF27F9400E9ABED /* passingData.app */,
				14C6767E2AF27F9500E9ABED /* passingDataTests.xctest */,
				14C676882AF27F9500E9ABED /* passingDataUITests.xctest */,
			);
			name = Products;
			sourceTree = "<group>";
		};
		14C676702AF27F9400E9ABED /* passingData */ = {
			isa = PBXGroup;
			children = (
				14C676712AF27F9400E9ABED /* passingDataApp.swift */,
				14C6769B2AF27FBF00E9ABED /* SpidermanLogo.swift */,
				14C676732AF27F9400E9ABED /* ContentView.swift */,
				14C676752AF27F9500E9ABED /* Assets.xcassets */,
				14C676772AF27F9500E9ABED /* Preview Content */,
			);
			path = passingData;
			sourceTree = "<group>";
		};
		14C676772AF27F9500E9ABED /* Preview Content */ = {
			isa = PBXGroup;
			children = (
				14C676782AF27F9500E9ABED /* Preview Assets.xcassets */,
			);
			path = "Preview Content";
			sourceTree = "<group>";
		};
		14C676812AF27F9500E9ABED /* passingDataTests */ = {
			isa = PBXGroup;
			children = (
				14C676822AF27F9500E9ABED /* passingDataTests.swift */,
			);
			path = passingDataTests;
			sourceTree = "<group>";
		};
		14C6768B2AF27F9500E9ABED /* passingDataUITests */ = {
			isa = PBXGroup;
			children = (
				14C6768C2AF27F9500E9ABED /* passingDataUITests.swift */,
				14C6768E2AF27F9500E9ABED /* passingDataUITestsLaunchTests.swift */,
			);
			path = passingDataUITests;
			sourceTree = "<group>";
		};
/* End PBXGroup section */

/* Begin PBXNativeTarget section */
		14C6766D2AF27F9400E9ABED /* passingData */ = {
			isa = PBXNativeTarget;
			buildConfigurationList = 14C676922AF27F9500E9ABED /* Build configuration list for PBXNativeTarget "passingData" */;
			buildPhases = (
				14C6766A2AF27F9400E9ABED /* Sources */,
				14C6766B2AF27F9400E9ABED /* Frameworks */,
				14C6766C2AF27F9400E9ABED /* Resources */,
			);
			buildRules = (
			);
			dependencies = (
			);
			name = passingData;
			productName = passingData;
			productReference = 14C6766E2AF27F9400E9ABED /* passingData.app */;
			productType = "com.apple.product-type.application";
		};
		14C6767D2AF27F9500E9ABED /* passingDataTests */ = {
			isa = PBXNativeTarget;
			buildConfigurationList = 14C676952AF27F9500E9ABED /* Build configuration list for PBXNativeTarget "passingDataTests" */;
			buildPhases = (
				14C6767A2AF27F9500E9ABED /* Sources */,
				14C6767B2AF27F9500E9ABED /* Frameworks */,
				14C6767C2AF27F9500E9ABED /* Resources */,
			);
			buildRules = (
			);
			dependencies = (
				14C676802AF27F9500E9ABED /* PBXTargetDependency */,
			);
			name = passingDataTests;
			productName = passingDataTests;
			productReference = 14C6767E2AF27F9500E9ABED /* passingDataTests.xctest */;
			productType = "com.apple.product-type.bundle.unit-test";
		};
		14C676872AF27F9500E9ABED /* passingDataUITests */ = {
			isa = PBXNativeTarget;
			buildConfigurationList = 14C676982AF27F9500E9ABED /* Build configuration list for PBXNativeTarget "passingDataUITests" */;
			buildPhases = (
				14C676842AF27F9500E9ABED /* Sources */,
				14C676852AF27F9500E9ABED /* Frameworks */,
				14C676862AF27F9500E9ABED /* Resources */,
			);
			buildRules = (
			);
			dependencies = (
				14C6768A2AF27F9500E9ABED /* PBXTargetDependency */,
			);
			name = passingDataUITests;
			productName = passingDataUITests;
			productReference = 14C676882AF27F9500E9ABED /* passingDataUITests.xctest */;
			productType = "com.apple.product-type.bundle.ui-testing";
		};
/* End PBXNativeTarget section */

/* Begin PBXProject section */
		14C676662AF27F9300E9ABED /* Project object */ = {
			isa = PBXProject;
			attributes = {
				BuildIndependentTargetsInParallel = 1;
				LastSwiftUpdateCheck = 1500;
				LastUpgradeCheck = 1500;
				TargetAttributes = {
					14C6766D2AF27F9400E9ABED = {
						CreatedOnToolsVersion = 15.0.1;
					};
					14C6767D2AF27F9500E9ABED = {
						CreatedOnToolsVersion = 15.0.1;
						TestTargetID = 14C6766D2AF27F9400E9ABED;
					};
					14C676872AF27F9500E9ABED = {
						CreatedOnToolsVersion = 15.0.1;
						TestTargetID = 14C6766D2AF27F9400E9ABED;
					};
				};
			};
			buildConfigurationList = 14C676692AF27F9300E9ABED /* Build configuration list for PBXProject "passingData" */;
			compatibilityVersion = "Xcode 14.0";
			developmentRegion = en;
			hasScannedForEncodings = 0;
			knownRegions = (
				en,
				Base,
			);
			mainGroup = 14C676652AF27F9300E9ABED;
			productRefGroup = 14C6766F2AF27F9400E9ABED /* Products */;
			projectDirPath = "";
			projectRoot = "";
			targets = (
				14C6766D2AF27F9400E9ABED /* passingData */,
				14C6767D2AF27F9500E9ABED /* passingDataTests */,
				14C676872AF27F9500E9ABED /* passingDataUITests */,
			);
		};
/* End PBXProject section */

/* Begin PBXResourcesBuildPhase section */
		14C6766C2AF27F9400E9ABED /* Resources */ = {
			isa = PBXResourcesBuildPhase;
			buildActionMask = 2147483647;
			files = (
				14C676792AF27F9500E9ABED /* Preview Assets.xcassets in Resources */,
				14C676762AF27F9500E9ABED /* Assets.xcassets in Resources */,
			);
			runOnlyForDeploymentPostprocessing = 0;
		};
		14C6767C2AF27F9500E9ABED /* Resources */ = {
			isa = PBXResourcesBuildPhase;
			buildActionMask = 2147483647;
			files = (
			);
			runOnlyForDeploymentPostprocessing = 0;
		};
		14C676862AF27F9500E9ABED /* Resources */ = {
			isa = PBXResourcesBuildPhase;
			buildActionMask = 2147483647;
			files = (
			);
			runOnlyForDeploymentPostprocessing = 0;
		};
/* End PBXResourcesBuildPhase section */

/* Begin PBXSourcesBuildPhase section */
		14C6766A2AF27F9400E9ABED /* Sources */ = {
			isa = PBXSourcesBuildPhase;
			buildActionMask = 2147483647;
			files = (
				14C676742AF27F9400E9ABED /* ContentView.swift in Sources */,
				14C676722AF27F9400E9ABED /* passingDataApp.swift in Sources */,
				14C6769C2AF27FBF00E9ABED /* SpidermanLogo.swift in Sources */,
			);
			runOnlyForDeploymentPostprocessing = 0;
		};
		14C6767A2AF27F9500E9ABED /* Sources */ = {
			isa = PBXSourcesBuildPhase;
			buildActionMask = 2147483647;
			files = (
				14C676832AF27F9500E9ABED /* passingDataTests.swift in Sources */,
			);
			runOnlyForDeploymentPostprocessing = 0;
		};
		14C676842AF27F9500E9ABED /* Sources */ = {
			isa = PBXSourcesBuildPhase;
			buildActionMask = 2147483647;
			files = (
				14C6768F2AF27F9500E9ABED /* passingDataUITestsLaunchTests.swift in Sources */,
				14C6768D2AF27F9500E9ABED /* passingDataUITests.swift in Sources */,
			);
			runOnlyForDeploymentPostprocessing = 0;
		};
/* End PBXSourcesBuildPhase section */

/* Begin PBXTargetDependency section */
		14C676802AF27F9500E9ABED /* PBXTargetDependency */ = {
			isa = PBXTargetDependency;
			target = 14C6766D2AF27F9400E9ABED /* passingData */;
			targetProxy = 14C6767F2AF27F9500E9ABED /* PBXContainerItemProxy */;
		};
		14C6768A2AF27F9500E9ABED /* PBXTargetDependency */ = {
			isa = PBXTargetDependency;
			target = 14C6766D2AF27F9400E9ABED /* passingData */;
			targetProxy = 14C676892AF27F9500E9ABED /* PBXContainerItemProxy */;
		};
/* End PBXTargetDependency section */

/* Begin XCBuildConfiguration section */
		14C676902AF27F9500E9ABED /* Debug */ = {
			isa = XCBuildConfiguration;
			buildSettings = {
				ALWAYS_SEARCH_USER_PATHS = NO;
				ASSETCATALOG_COMPILER_GENERATE_SWIFT_ASSET_SYMBOL_EXTENSIONS = YES;
				CLANG_ANALYZER_NONNULL = YES;
				CLANG_ANALYZER_NUMBER_OBJECT_CONVERSION = YES_AGGRESSIVE;
				CLANG_CXX_LANGUAGE_STANDARD = "gnu++20";
				CLANG_ENABLE_MODULES = YES;
				CLANG_ENABLE_OBJC_ARC = YES;
				CLANG_ENABLE_OBJC_WEAK = YES;
				CLANG_WARN_BLOCK_CAPTURE_AUTORELEASING = YES;
				CLANG_WARN_BOOL_CONVERSION = YES;
				CLANG_WARN_COMMA = YES;
				CLANG_WARN_CONSTANT_CONVERSION = YES;
				CLANG_WARN_DEPRECATED_OBJC_IMPLEMENTATIONS = YES;
				CLANG_WARN_DIRECT_OBJC_ISA_USAGE = YES_ERROR;
				CLANG_WARN_DOCUMENTATION_COMMENTS = YES;
				CLANG_WARN_EMPTY_BODY = YES;
				CLANG_WARN_ENUM_CONVERSION = YES;
				CLANG_WARN_INFINITE_RECURSION = YES;
				CLANG_WARN_INT_CONVERSION = YES;
				CLANG_WARN_NON_LITERAL_NULL_CONVERSION = YES;
				CLANG_WARN_OBJC_IMPLICIT_RETAIN_SELF = YES;
				CLANG_WARN_OBJC_LITERAL_CONVERSION = YES;
				CLANG_WARN_OBJC_ROOT_CLASS = YES_ERROR;
				CLANG_WARN_QUOTED_INCLUDE_IN_FRAMEWORK_HEADER = YES;
				CLANG_WARN_RANGE_LOOP_ANALYSIS = YES;
				CLANG_WARN_STRICT_PROTOTYPES = YES;
				CLANG_WARN_SUSPICIOUS_MOVE = YES;
				CLANG_WARN_UNGUARDED_AVAILABILITY = YES_AGGRESSIVE;
				CLANG_WARN_UNREACHABLE_CODE = YES;
				CLANG_WARN__DUPLICATE_METHOD_MATCH = YES;
				COPY_PHASE_STRIP = NO;
				DEBUG_INFORMATION_FORMAT = dwarf;
				ENABLE_STRICT_OBJC_MSGSEND = YES;
				ENABLE_TESTABILITY = YES;
				ENABLE_USER_SCRIPT_SANDBOXING = YES;
				GCC_C_LANGUAGE_STANDARD = gnu17;
				GCC_DYNAMIC_NO_PIC = NO;
				GCC_NO_COMMON_BLOCKS = YES;
				GCC_OPTIMIZATION_LEVEL = 0;
				GCC_PREPROCESSOR_DEFINITIONS = (
					"DEBUG=1",
					"$(inherited)",
				);
				GCC_WARN_64_TO_32_BIT_CONVERSION = YES;
				GCC_WARN_ABOUT_RETURN_TYPE = YES_ERROR;
				GCC_WARN_UNDECLARED_SELECTOR = YES;
				GCC_WARN_UNINITIALIZED_AUTOS = YES_AGGRESSIVE;
				GCC_WARN_UNUSED_FUNCTION = YES;
				GCC_WARN_UNUSED_VARIABLE = YES;
				IPHONEOS_DEPLOYMENT_TARGET = 17.0;
				LOCALIZATION_PREFERS_STRING_CATALOGS = YES;
				MTL_ENABLE_DEBUG_INFO = INCLUDE_SOURCE;
				MTL_FAST_MATH = YES;
				ONLY_ACTIVE_ARCH = YES;
				SDKROOT = iphoneos;
				SWIFT_ACTIVE_COMPILATION_CONDITIONS = "DEBUG $(inherited)";
				SWIFT_OPTIMIZATION_LEVEL = "-Onone";
			};
			name = Debug;
		};
		14C676912AF27F9500E9ABED /* Release */ = {
			isa = XCBuildConfiguration;
			buildSettings = {
				ALWAYS_SEARCH_USER_PATHS = NO;
				ASSETCATALOG_COMPILER_GENERATE_SWIFT_ASSET_SYMBOL_EXTENSIONS = YES;
				CLANG_ANALYZER_NONNULL = YES;
				CLANG_ANALYZER_NUMBER_OBJECT_CONVERSION = YES_AGGRESSIVE;
				CLANG_CXX_LANGUAGE_STANDARD = "gnu++20";
				CLANG_ENABLE_MODULES = YES;
				CLANG_ENABLE_OBJC_ARC = YES;
				CLANG_ENABLE_OBJC_WEAK = YES;
				CLANG_WARN_BLOCK_CAPTURE_AUTORELEASING = YES;
				CLANG_WARN_BOOL_CONVERSION = YES;
				CLANG_WARN_COMMA = YES;
				CLANG_WARN_CONSTANT_CONVERSION = YES;
				CLANG_WARN_DEPRECATED_OBJC_IMPLEMENTATIONS = YES;
				CLANG_WARN_DIRECT_OBJC_ISA_USAGE = YES_ERROR;
				CLANG_WARN_DOCUMENTATION_COMMENTS = YES;
				CLANG_WARN_EMPTY_BODY = YES;
				CLANG_WARN_ENUM_CONVERSION = YES;
				CLANG_WARN_INFINITE_RECURSION = YES;
				CLANG_WARN_INT_CONVERSION = YES;
				CLANG_WARN_NON_LITERAL_NULL_CONVERSION = YES;
				CLANG_WARN_OBJC_IMPLICIT_RETAIN_SELF = YES;
				CLANG_WARN_OBJC_LITERAL_CONVERSION = YES;
				CLANG_WARN_OBJC_ROOT_CLASS = YES_ERROR;
				CLANG_WARN_QUOTED_INCLUDE_IN_FRAMEWORK_HEADER = YES;
				CLANG_WARN_RANGE_LOOP_ANALYSIS = YES;
				CLANG_WARN_STRICT_PROTOTYPES = YES;
				CLANG_WARN_SUSPICIOUS_MOVE = YES;
				CLANG_WARN_UNGUARDED_AVAILABILITY = YES_AGGRESSIVE;
				CLANG_WARN_UNREACHABLE_CODE = YES;
				CLANG_WARN__DUPLICATE_METHOD_MATCH = YES;
				COPY_PHASE_STRIP = NO;
				DEBUG_INFORMATION_FORMAT = "dwarf-with-dsym";
				ENABLE_NS_ASSERTIONS = NO;
				ENABLE_STRICT_OBJC_MSGSEND = YES;
				ENABLE_USER_SCRIPT_SANDBOXING = YES;
				GCC_C_LANGUAGE_STANDARD = gnu17;
				GCC_NO_COMMON_BLOCKS = YES;
				GCC_WARN_64_TO_32_BIT_CONVERSION = YES;
				GCC_WARN_ABOUT_RETURN_TYPE = YES_ERROR;
				GCC_WARN_UNDECLARED_SELECTOR = YES;
				GCC_WARN_UNINITIALIZED_AUTOS = YES_AGGRESSIVE;
				GCC_WARN_UNUSED_FUNCTION = YES;
				GCC_WARN_UNUSED_VARIABLE = YES;
				IPHONEOS_DEPLOYMENT_TARGET = 17.0;
				LOCALIZATION_PREFERS_STRING_CATALOGS = YES;
				MTL_ENABLE_DEBUG_INFO = NO;
				MTL_FAST_MATH = YES;
				SDKROOT = iphoneos;
				SWIFT_COMPILATION_MODE = wholemodule;
				VALIDATE_PRODUCT = YES;
			};
			name = Release;
		};
		14C676932AF27F9500E9ABED /* Debug */ = {
			isa = XCBuildConfiguration;
			buildSettings = {
				ASSETCATALOG_COMPILER_APPICON_NAME = AppIcon;
				ASSETCATALOG_COMPILER_GLOBAL_ACCENT_COLOR_NAME = AccentColor;
				CODE_SIGN_STYLE = Automatic;
				CURRENT_PROJECT_VERSION = 1;
				DEVELOPMENT_ASSET_PATHS = "\"passingData/Preview Content\"";
				DEVELOPMENT_TEAM = 39X532FCX5;
				ENABLE_PREVIEWS = YES;
				GENERATE_INFOPLIST_FILE = YES;
				INFOPLIST_KEY_UIApplicationSceneManifest_Generation = YES;
				INFOPLIST_KEY_UIApplicationSupportsIndirectInputEvents = YES;
				INFOPLIST_KEY_UILaunchScreen_Generation = YES;
				INFOPLIST_KEY_UISupportedInterfaceOrientations_iPad = "UIInterfaceOrientationPortrait UIInterfaceOrientationPortraitUpsideDown UIInterfaceOrientationLandscapeLeft UIInterfaceOrientationLandscapeRight";
				INFOPLIST_KEY_UISupportedInterfaceOrientations_iPhone = "UIInterfaceOrientationPortrait UIInterfaceOrientationLandscapeLeft UIInterfaceOrientationLandscapeRight";
				LD_RUNPATH_SEARCH_PATHS = (
					"$(inherited)",
					"@executable_path/Frameworks",
				);
				MARKETING_VERSION = 1.0;
				PRODUCT_BUNDLE_IDENTIFIER = vedantmistry.passingData;
				PRODUCT_NAME = "$(TARGET_NAME)";
				SWIFT_EMIT_LOC_STRINGS = YES;
				SWIFT_VERSION = 5.0;
				TARGETED_DEVICE_FAMILY = "1,2";
			};
			name = Debug;
		};
		14C676942AF27F9500E9ABED /* Release */ = {
			isa = XCBuildConfiguration;
			buildSettings = {
				ASSETCATALOG_COMPILER_APPICON_NAME = AppIcon;
				ASSETCATALOG_COMPILER_GLOBAL_ACCENT_COLOR_NAME = AccentColor;
				CODE_SIGN_STYLE = Automatic;
				CURRENT_PROJECT_VERSION = 1;
				DEVELOPMENT_ASSET_PATHS = "\"passingData/Preview Content\"";
				DEVELOPMENT_TEAM = 39X532FCX5;
				ENABLE_PREVIEWS = YES;
				GENERATE_INFOPLIST_FILE = YES;
				INFOPLIST_KEY_UIApplicationSceneManifest_Generation = YES;
				INFOPLIST_KEY_UIApplicationSupportsIndirectInputEvents = YES;
				INFOPLIST_KEY_UILaunchScreen_Generation = YES;
				INFOPLIST_KEY_UISupportedInterfaceOrientations_iPad = "UIInterfaceOrientationPortrait UIInterfaceOrientationPortraitUpsideDown UIInterfaceOrientationLandscapeLeft UIInterfaceOrientationLandscapeRight";
				INFOPLIST_KEY_UISupportedInterfaceOrientations_iPhone = "UIInterfaceOrientationPortrait UIInterfaceOrientationLandscapeLeft UIInterfaceOrientationLandscapeRight";
				LD_RUNPATH_SEARCH_PATHS = (
					"$(inherited)",
					"@executable_path/Frameworks",
				);
				MARKETING_VERSION = 1.0;
				PRODUCT_BUNDLE_IDENTIFIER = vedantmistry.passingData;
				PRODUCT_NAME = "$(TARGET_NAME)";
				SWIFT_EMIT_LOC_STRINGS = YES;
				SWIFT_VERSION = 5.0;
				TARGETED_DEVICE_FAMILY = "1,2";
			};
			name = Release;
		};
		14C676962AF27F9500E9ABED /* Debug */ = {
			isa = XCBuildConfiguration;
			buildSettings = {
				ALWAYS_EMBED_SWIFT_STANDARD_LIBRARIES = YES;
				BUNDLE_LOADER = "$(TEST_HOST)";
				CODE_SIGN_STYLE = Automatic;
				CURRENT_PROJECT_VERSION = 1;
				DEVELOPMENT_TEAM = 39X532FCX5;
				GENERATE_INFOPLIST_FILE = YES;
				IPHONEOS_DEPLOYMENT_TARGET = 17.0;
				MARKETING_VERSION = 1.0;
				PRODUCT_BUNDLE_IDENTIFIER = vedantmistry.passingDataTests;
				PRODUCT_NAME = "$(TARGET_NAME)";
				SWIFT_EMIT_LOC_STRINGS = NO;
				SWIFT_VERSION = 5.0;
				TARGETED_DEVICE_FAMILY = "1,2";
				TEST_HOST = "$(BUILT_PRODUCTS_DIR)/passingData.app/$(BUNDLE_EXECUTABLE_FOLDER_PATH)/passingData";
			};
			name = Debug;
		};
		14C676972AF27F9500E9ABED /* Release */ = {
			isa = XCBuildConfiguration;
			buildSettings = {
				ALWAYS_EMBED_SWIFT_STANDARD_LIBRARIES = YES;
				BUNDLE_LOADER = "$(TEST_HOST)";
				CODE_SIGN_STYLE = Automatic;
				CURRENT_PROJECT_VERSION = 1;
				DEVELOPMENT_TEAM = 39X532FCX5;
				GENERATE_INFOPLIST_FILE = YES;
				IPHONEOS_DEPLOYMENT_TARGET = 17.0;
				MARKETING_VERSION = 1.0;
				PRODUCT_BUNDLE_IDENTIFIER = vedantmistry.passingDataTests;
				PRODUCT_NAME = "$(TARGET_NAME)";
				SWIFT_EMIT_LOC_STRINGS = NO;
				SWIFT_VERSION = 5.0;
				TARGETED_DEVICE_FAMILY = "1,2";
				TEST_HOST = "$(BUILT_PRODUCTS_DIR)/passingData.app/$(BUNDLE_EXECUTABLE_FOLDER_PATH)/passingData";
			};
			name = Release;
		};
		14C676992AF27F9500E9ABED /* Debug */ = {
			isa = XCBuildConfiguration;
			buildSettings = {
				ALWAYS_EMBED_SWIFT_STANDARD_LIBRARIES = YES;
				CODE_SIGN_STYLE = Automatic;
				CURRENT_PROJECT_VERSION = 1;
				DEVELOPMENT_TEAM = 39X532FCX5;
				GENERATE_INFOPLIST_FILE = YES;
				MARKETING_VERSION = 1.0;
				PRODUCT_BUNDLE_IDENTIFIER = vedantmistry.passingDataUITests;
				PRODUCT_NAME = "$(TARGET_NAME)";
				SWIFT_EMIT_LOC_STRINGS = NO;
				SWIFT_VERSION = 5.0;
				TARGETED_DEVICE_FAMILY = "1,2";
				TEST_TARGET_NAME = passingData;
			};
			name = Debug;
		};
		14C6769A2AF27F9500E9ABED /* Release */ = {
			isa = XCBuildConfiguration;
			buildSettings = {
				ALWAYS_EMBED_SWIFT_STANDARD_LIBRARIES = YES;
				CODE_SIGN_STYLE = Automatic;
				CURRENT_PROJECT_VERSION = 1;
				DEVELOPMENT_TEAM = 39X532FCX5;
				GENERATE_INFOPLIST_FILE = YES;
				MARKETING_VERSION = 1.0;
				PRODUCT_BUNDLE_IDENTIFIER = vedantmistry.passingDataUITests;
				PRODUCT_NAME = "$(TARGET_NAME)";
				SWIFT_EMIT_LOC_STRINGS = NO;
				SWIFT_VERSION = 5.0;
				TARGETED_DEVICE_FAMILY = "1,2";
				TEST_TARGET_NAME = passingData;
			};
			name = Release;
		};
/* End XCBuildConfiguration section */

/* Begin XCConfigurationList section */
		14C676692AF27F9300E9ABED /* Build configuration list for PBXProject "passingData" */ = {
			isa = XCConfigurationList;
			buildConfigurations = (
				14C676902AF27F9500E9ABED /* Debug */,
				14C676912AF27F9500E9ABED /* Release */,
			);
			defaultConfigurationIsVisible = 0;
			defaultConfigurationName = Release;
		};
		14C676922AF27F9500E9ABED /* Build configuration list for PBXNativeTarget "passingData" */ = {
			isa = XCConfigurationList;
			buildConfigurations = (
				14C676932AF27F9500E9ABED /* Debug */,
				14C676942AF27F9500E9ABED /* Release */,
			);
			defaultConfigurationIsVisible = 0;
			defaultConfigurationName = Release;
		};
		14C676952AF27F9500E9ABED /* Build configuration list for PBXNativeTarget "passingDataTests" */ = {
			isa = XCConfigurationList;
			buildConfigurations = (
				14C676962AF27F9500E9ABED /* Debug */,
				14C676972AF27F9500E9ABED /* Release */,
			);
			defaultConfigurationIsVisible = 0;
			defaultConfigurationName = Release;
		};
		14C676982AF27F9500E9ABED /* Build configuration list for PBXNativeTarget "passingDataUITests" */ = {
			isa = XCConfigurationList;
			buildConfigurations = (
				14C676992AF27F9500E9ABED /* Debug */,
				14C6769A2AF27F9500E9ABED /* Release */,
			);
			defaultConfigurationIsVisible = 0;
			defaultConfigurationName = Release;
		};
/* End XCConfigurationList section */
	};
	rootObject = 14C676662AF27F9300E9ABED /* Project object */;
}
