// !$*UTF8*$!
{
	archiveVersion = 1;
	classes = {
	};
	objectVersion = 56;
	objects = {

/* Begin PBXBuildFile section */
		1413449F2ACF747F0000B8AC /* hidingViewsApp.swift in Sources */ = {isa = PBXBuildFile; fileRef = 1413449E2ACF747F0000B8AC /* hidingViewsApp.swift */; };
		141344A12ACF747F0000B8AC /* ContentView.swift in Sources */ = {isa = PBXBuildFile; fileRef = 141344A02ACF747F0000B8AC /* ContentView.swift */; };
		141344A32ACF74820000B8AC /* Assets.xcassets in Resources */ = {isa = PBXBuildFile; fileRef = 141344A22ACF74820000B8AC /* Assets.xcassets */; };
		141344A62ACF74820000B8AC /* Preview Assets.xcassets in Resources */ = {isa = PBXBuildFile; fileRef = 141344A52ACF74820000B8AC /* Preview Assets.xcassets */; };
		141344B02ACF74830000B8AC /* hidingViewsTests.swift in Sources */ = {isa = PBXBuildFile; fileRef = 141344AF2ACF74830000B8AC /* hidingViewsTests.swift */; };
		141344BA2ACF74830000B8AC /* hidingViewsUITests.swift in Sources */ = {isa = PBXBuildFile; fileRef = 141344B92ACF74830000B8AC /* hidingViewsUITests.swift */; };
		141344BC2ACF74830000B8AC /* hidingViewsUITestsLaunchTests.swift in Sources */ = {isa = PBXBuildFile; fileRef = 141344BB2ACF74830000B8AC /* hidingViewsUITestsLaunchTests.swift */; };
		141344C92ACF749D0000B8AC /* IfElseTrain.swift in Sources */ = {isa = PBXBuildFile; fileRef = 141344C82ACF749D0000B8AC /* IfElseTrain.swift */; };
/* End PBXBuildFile section */

/* Begin PBXContainerItemProxy section */
		141344AC2ACF74830000B8AC /* PBXContainerItemProxy */ = {
			isa = PBXContainerItemProxy;
			containerPortal = 141344932ACF747F0000B8AC /* Project object */;
			proxyType = 1;
			remoteGlobalIDString = 1413449A2ACF747F0000B8AC;
			remoteInfo = hidingViews;
		};
		141344B62ACF74830000B8AC /* PBXContainerItemProxy */ = {
			isa = PBXContainerItemProxy;
			containerPortal = 141344932ACF747F0000B8AC /* Project object */;
			proxyType = 1;
			remoteGlobalIDString = 1413449A2ACF747F0000B8AC;
			remoteInfo = hidingViews;
		};
/* End PBXContainerItemProxy section */

/* Begin PBXFileReference section */
		1413449B2ACF747F0000B8AC /* hidingViews.app */ = {isa = PBXFileReference; explicitFileType = wrapper.application; includeInIndex = 0; path = hidingViews.app; sourceTree = BUILT_PRODUCTS_DIR; };
		1413449E2ACF747F0000B8AC /* hidingViewsApp.swift */ = {isa = PBXFileReference; lastKnownFileType = sourcecode.swift; path = hidingViewsApp.swift; sourceTree = "<group>"; };
		141344A02ACF747F0000B8AC /* ContentView.swift */ = {isa = PBXFileReference; lastKnownFileType = sourcecode.swift; path = ContentView.swift; sourceTree = "<group>"; };
		141344A22ACF74820000B8AC /* Assets.xcassets */ = {isa = PBXFileReference; lastKnownFileType = folder.assetcatalog; path = Assets.xcassets; sourceTree = "<group>"; };
		141344A52ACF74820000B8AC /* Preview Assets.xcassets */ = {isa = PBXFileReference; lastKnownFileType = folder.assetcatalog; path = "Preview Assets.xcassets"; sourceTree = "<group>"; };
		141344AB2ACF74830000B8AC /* hidingViewsTests.xctest */ = {isa = PBXFileReference; explicitFileType = wrapper.cfbundle; includeInIndex = 0; path = hidingViewsTests.xctest; sourceTree = BUILT_PRODUCTS_DIR; };
		141344AF2ACF74830000B8AC /* hidingViewsTests.swift */ = {isa = PBXFileReference; lastKnownFileType = sourcecode.swift; path = hidingViewsTests.swift; sourceTree = "<group>"; };
		141344B52ACF74830000B8AC /* hidingViewsUITests.xctest */ = {isa = PBXFileReference; explicitFileType = wrapper.cfbundle; includeInIndex = 0; path = hidingViewsUITests.xctest; sourceTree = BUILT_PRODUCTS_DIR; };
		141344B92ACF74830000B8AC /* hidingViewsUITests.swift */ = {isa = PBXFileReference; lastKnownFileType = sourcecode.swift; path = hidingViewsUITests.swift; sourceTree = "<group>"; };
		141344BB2ACF74830000B8AC /* hidingViewsUITestsLaunchTests.swift */ = {isa = PBXFileReference; lastKnownFileType = sourcecode.swift; path = hidingViewsUITestsLaunchTests.swift; sourceTree = "<group>"; };
		141344C82ACF749D0000B8AC /* IfElseTrain.swift */ = {isa = PBXFileReference; lastKnownFileType = sourcecode.swift; path = IfElseTrain.swift; sourceTree = "<group>"; };
/* End PBXFileReference section */

/* Begin PBXFrameworksBuildPhase section */
		141344982ACF747F0000B8AC /* Frameworks */ = {
			isa = PBXFrameworksBuildPhase;
			buildActionMask = 2147483647;
			files = (
			);
			runOnlyForDeploymentPostprocessing = 0;
		};
		141344A82ACF74830000B8AC /* Frameworks */ = {
			isa = PBXFrameworksBuildPhase;
			buildActionMask = 2147483647;
			files = (
			);
			runOnlyForDeploymentPostprocessing = 0;
		};
		141344B22ACF74830000B8AC /* Frameworks */ = {
			isa = PBXFrameworksBuildPhase;
			buildActionMask = 2147483647;
			files = (
			);
			runOnlyForDeploymentPostprocessing = 0;
		};
/* End PBXFrameworksBuildPhase section */

/* Begin PBXGroup section */
		141344922ACF747F0000B8AC = {
			isa = PBXGroup;
			children = (
				1413449D2ACF747F0000B8AC /* hidingViews */,
				141344AE2ACF74830000B8AC /* hidingViewsTests */,
				141344B82ACF74830000B8AC /* hidingViewsUITests */,
				1413449C2ACF747F0000B8AC /* Products */,
			);
			sourceTree = "<group>";
		};
		1413449C2ACF747F0000B8AC /* Products */ = {
			isa = PBXGroup;
			children = (
				1413449B2ACF747F0000B8AC /* hidingViews.app */,
				141344AB2ACF74830000B8AC /* hidingViewsTests.xctest */,
				141344B52ACF74830000B8AC /* hidingViewsUITests.xctest */,
			);
			name = Products;
			sourceTree = "<group>";
		};
		1413449D2ACF747F0000B8AC /* hidingViews */ = {
			isa = PBXGroup;
			children = (
				1413449E2ACF747F0000B8AC /* hidingViewsApp.swift */,
				141344A02ACF747F0000B8AC /* ContentView.swift */,
				141344C82ACF749D0000B8AC /* IfElseTrain.swift */,
				141344A22ACF74820000B8AC /* Assets.xcassets */,
				141344A42ACF74820000B8AC /* Preview Content */,
			);
			path = hidingViews;
			sourceTree = "<group>";
		};
		141344A42ACF74820000B8AC /* Preview Content */ = {
			isa = PBXGroup;
			children = (
				141344A52ACF74820000B8AC /* Preview Assets.xcassets */,
			);
			path = "Preview Content";
			sourceTree = "<group>";
		};
		141344AE2ACF74830000B8AC /* hidingViewsTests */ = {
			isa = PBXGroup;
			children = (
				141344AF2ACF74830000B8AC /* hidingViewsTests.swift */,
			);
			path = hidingViewsTests;
			sourceTree = "<group>";
		};
		141344B82ACF74830000B8AC /* hidingViewsUITests */ = {
			isa = PBXGroup;
			children = (
				141344B92ACF74830000B8AC /* hidingViewsUITests.swift */,
				141344BB2ACF74830000B8AC /* hidingViewsUITestsLaunchTests.swift */,
			);
			path = hidingViewsUITests;
			sourceTree = "<group>";
		};
/* End PBXGroup section */

/* Begin PBXNativeTarget section */
		1413449A2ACF747F0000B8AC /* hidingViews */ = {
			isa = PBXNativeTarget;
			buildConfigurationList = 141344BF2ACF74830000B8AC /* Build configuration list for PBXNativeTarget "hidingViews" */;
			buildPhases = (
				141344972ACF747F0000B8AC /* Sources */,
				141344982ACF747F0000B8AC /* Frameworks */,
				141344992ACF747F0000B8AC /* Resources */,
			);
			buildRules = (
			);
			dependencies = (
			);
			name = hidingViews;
			productName = hidingViews;
			productReference = 1413449B2ACF747F0000B8AC /* hidingViews.app */;
			productType = "com.apple.product-type.application";
		};
		141344AA2ACF74830000B8AC /* hidingViewsTests */ = {
			isa = PBXNativeTarget;
			buildConfigurationList = 141344C22ACF74830000B8AC /* Build configuration list for PBXNativeTarget "hidingViewsTests" */;
			buildPhases = (
				141344A72ACF74830000B8AC /* Sources */,
				141344A82ACF74830000B8AC /* Frameworks */,
				141344A92ACF74830000B8AC /* Resources */,
			);
			buildRules = (
			);
			dependencies = (
				141344AD2ACF74830000B8AC /* PBXTargetDependency */,
			);
			name = hidingViewsTests;
			productName = hidingViewsTests;
			productReference = 141344AB2ACF74830000B8AC /* hidingViewsTests.xctest */;
			productType = "com.apple.product-type.bundle.unit-test";
		};
		141344B42ACF74830000B8AC /* hidingViewsUITests */ = {
			isa = PBXNativeTarget;
			buildConfigurationList = 141344C52ACF74830000B8AC /* Build configuration list for PBXNativeTarget "hidingViewsUITests" */;
			buildPhases = (
				141344B12ACF74830000B8AC /* Sources */,
				141344B22ACF74830000B8AC /* Frameworks */,
				141344B32ACF74830000B8AC /* Resources */,
			);
			buildRules = (
			);
			dependencies = (
				141344B72ACF74830000B8AC /* PBXTargetDependency */,
			);
			name = hidingViewsUITests;
			productName = hidingViewsUITests;
			productReference = 141344B52ACF74830000B8AC /* hidingViewsUITests.xctest */;
			productType = "com.apple.product-type.bundle.ui-testing";
		};
/* End PBXNativeTarget section */

/* Begin PBXProject section */
		141344932ACF747F0000B8AC /* Project object */ = {
			isa = PBXProject;
			attributes = {
				BuildIndependentTargetsInParallel = 1;
				LastSwiftUpdateCheck = 1500;
				LastUpgradeCheck = 1500;
				TargetAttributes = {
					1413449A2ACF747F0000B8AC = {
						CreatedOnToolsVersion = 15.0;
					};
					141344AA2ACF74830000B8AC = {
						CreatedOnToolsVersion = 15.0;
						TestTargetID = 1413449A2ACF747F0000B8AC;
					};
					141344B42ACF74830000B8AC = {
						CreatedOnToolsVersion = 15.0;
						TestTargetID = 1413449A2ACF747F0000B8AC;
					};
				};
			};
			buildConfigurationList = 141344962ACF747F0000B8AC /* Build configuration list for PBXProject "hidingViews" */;
			compatibilityVersion = "Xcode 14.0";
			developmentRegion = en;
			hasScannedForEncodings = 0;
			knownRegions = (
				en,
				Base,
			);
			mainGroup = 141344922ACF747F0000B8AC;
			productRefGroup = 1413449C2ACF747F0000B8AC /* Products */;
			projectDirPath = "";
			projectRoot = "";
			targets = (
				1413449A2ACF747F0000B8AC /* hidingViews */,
				141344AA2ACF74830000B8AC /* hidingViewsTests */,
				141344B42ACF74830000B8AC /* hidingViewsUITests */,
			);
		};
/* End PBXProject section */

/* Begin PBXResourcesBuildPhase section */
		141344992ACF747F0000B8AC /* Resources */ = {
			isa = PBXResourcesBuildPhase;
			buildActionMask = 2147483647;
			files = (
				141344A62ACF74820000B8AC /* Preview Assets.xcassets in Resources */,
				141344A32ACF74820000B8AC /* Assets.xcassets in Resources */,
			);
			runOnlyForDeploymentPostprocessing = 0;
		};
		141344A92ACF74830000B8AC /* Resources */ = {
			isa = PBXResourcesBuildPhase;
			buildActionMask = 2147483647;
			files = (
			);
			runOnlyForDeploymentPostprocessing = 0;
		};
		141344B32ACF74830000B8AC /* Resources */ = {
			isa = PBXResourcesBuildPhase;
			buildActionMask = 2147483647;
			files = (
			);
			runOnlyForDeploymentPostprocessing = 0;
		};
/* End PBXResourcesBuildPhase section */

/* Begin PBXSourcesBuildPhase section */
		141344972ACF747F0000B8AC /* Sources */ = {
			isa = PBXSourcesBuildPhase;
			buildActionMask = 2147483647;
			files = (
				141344A12ACF747F0000B8AC /* ContentView.swift in Sources */,
				141344C92ACF749D0000B8AC /* IfElseTrain.swift in Sources */,
				1413449F2ACF747F0000B8AC /* hidingViewsApp.swift in Sources */,
			);
			runOnlyForDeploymentPostprocessing = 0;
		};
		141344A72ACF74830000B8AC /* Sources */ = {
			isa = PBXSourcesBuildPhase;
			buildActionMask = 2147483647;
			files = (
				141344B02ACF74830000B8AC /* hidingViewsTests.swift in Sources */,
			);
			runOnlyForDeploymentPostprocessing = 0;
		};
		141344B12ACF74830000B8AC /* Sources */ = {
			isa = PBXSourcesBuildPhase;
			buildActionMask = 2147483647;
			files = (
				141344BC2ACF74830000B8AC /* hidingViewsUITestsLaunchTests.swift in Sources */,
				141344BA2ACF74830000B8AC /* hidingViewsUITests.swift in Sources */,
			);
			runOnlyForDeploymentPostprocessing = 0;
		};
/* End PBXSourcesBuildPhase section */

/* Begin PBXTargetDependency section */
		141344AD2ACF74830000B8AC /* PBXTargetDependency */ = {
			isa = PBXTargetDependency;
			target = 1413449A2ACF747F0000B8AC /* hidingViews */;
			targetProxy = 141344AC2ACF74830000B8AC /* PBXContainerItemProxy */;
		};
		141344B72ACF74830000B8AC /* PBXTargetDependency */ = {
			isa = PBXTargetDependency;
			target = 1413449A2ACF747F0000B8AC /* hidingViews */;
			targetProxy = 141344B62ACF74830000B8AC /* PBXContainerItemProxy */;
		};
/* End PBXTargetDependency section */

/* Begin XCBuildConfiguration section */
		141344BD2ACF74830000B8AC /* Debug */ = {
			isa = XCBuildConfiguration;
			buildSettings = {
				ALWAYS_SEARCH_USER_PATHS = NO;
				ASSETCATALOG_COMPILER_GENERATE_SWIFT_ASSET_SYMBOL_EXTENSIONS = YES;
				CLANG_ANALYZER_NONNULL = YES;
				CLANG_ANALYZER_NUMBER_OBJECT_CONVERSION = YES_AGGRESSIVE;
				CLANG_CXX_LANGUAGE_STANDARD = "gnu++20";
				CLANG_ENABLE_MODULES = YES;
				CLANG_ENABLE_OBJC_ARC = YES;
				CLANG_ENABLE_OBJC_WEAK = YES;
				CLANG_WARN_BLOCK_CAPTURE_AUTORELEASING = YES;
				CLANG_WARN_BOOL_CONVERSION = YES;
				CLANG_WARN_COMMA = YES;
				CLANG_WARN_CONSTANT_CONVERSION = YES;
				CLANG_WARN_DEPRECATED_OBJC_IMPLEMENTATIONS = YES;
				CLANG_WARN_DIRECT_OBJC_ISA_USAGE = YES_ERROR;
				CLANG_WARN_DOCUMENTATION_COMMENTS = YES;
				CLANG_WARN_EMPTY_BODY = YES;
				CLANG_WARN_ENUM_CONVERSION = YES;
				CLANG_WARN_INFINITE_RECURSION = YES;
				CLANG_WARN_INT_CONVERSION = YES;
				CLANG_WARN_NON_LITERAL_NULL_CONVERSION = YES;
				CLANG_WARN_OBJC_IMPLICIT_RETAIN_SELF = YES;
				CLANG_WARN_OBJC_LITERAL_CONVERSION = YES;
				CLANG_WARN_OBJC_ROOT_CLASS = YES_ERROR;
				CLANG_WARN_QUOTED_INCLUDE_IN_FRAMEWORK_HEADER = YES;
				CLANG_WARN_RANGE_LOOP_ANALYSIS = YES;
				CLANG_WARN_STRICT_PROTOTYPES = YES;
				CLANG_WARN_SUSPICIOUS_MOVE = YES;
				CLANG_WARN_UNGUARDED_AVAILABILITY = YES_AGGRESSIVE;
				CLANG_WARN_UNREACHABLE_CODE = YES;
				CLANG_WARN__DUPLICATE_METHOD_MATCH = YES;
				COPY_PHASE_STRIP = NO;
				DEBUG_INFORMATION_FORMAT = dwarf;
				ENABLE_STRICT_OBJC_MSGSEND = YES;
				ENABLE_TESTABILITY = YES;
				ENABLE_USER_SCRIPT_SANDBOXING = YES;
				GCC_C_LANGUAGE_STANDARD = gnu17;
				GCC_DYNAMIC_NO_PIC = NO;
				GCC_NO_COMMON_BLOCKS = YES;
				GCC_OPTIMIZATION_LEVEL = 0;
				GCC_PREPROCESSOR_DEFINITIONS = (
					"DEBUG=1",
					"$(inherited)",
				);
				GCC_WARN_64_TO_32_BIT_CONVERSION = YES;
				GCC_WARN_ABOUT_RETURN_TYPE = YES_ERROR;
				GCC_WARN_UNDECLARED_SELECTOR = YES;
				GCC_WARN_UNINITIALIZED_AUTOS = YES_AGGRESSIVE;
				GCC_WARN_UNUSED_FUNCTION = YES;
				GCC_WARN_UNUSED_VARIABLE = YES;
				IPHONEOS_DEPLOYMENT_TARGET = 17.0;
				LOCALIZATION_PREFERS_STRING_CATALOGS = YES;
				MTL_ENABLE_DEBUG_INFO = INCLUDE_SOURCE;
				MTL_FAST_MATH = YES;
				ONLY_ACTIVE_ARCH = YES;
				SDKROOT = iphoneos;
				SWIFT_ACTIVE_COMPILATION_CONDITIONS = "DEBUG $(inherited)";
				SWIFT_OPTIMIZATION_LEVEL = "-Onone";
			};
			name = Debug;
		};
		141344BE2ACF74830000B8AC /* Release */ = {
			isa = XCBuildConfiguration;
			buildSettings = {
				ALWAYS_SEARCH_USER_PATHS = NO;
				ASSETCATALOG_COMPILER_GENERATE_SWIFT_ASSET_SYMBOL_EXTENSIONS = YES;
				CLANG_ANALYZER_NONNULL = YES;
				CLANG_ANALYZER_NUMBER_OBJECT_CONVERSION = YES_AGGRESSIVE;
				CLANG_CXX_LANGUAGE_STANDARD = "gnu++20";
				CLANG_ENABLE_MODULES = YES;
				CLANG_ENABLE_OBJC_ARC = YES;
				CLANG_ENABLE_OBJC_WEAK = YES;
				CLANG_WARN_BLOCK_CAPTURE_AUTORELEASING = YES;
				CLANG_WARN_BOOL_CONVERSION = YES;
				CLANG_WARN_COMMA = YES;
				CLANG_WARN_CONSTANT_CONVERSION = YES;
				CLANG_WARN_DEPRECATED_OBJC_IMPLEMENTATIONS = YES;
				CLANG_WARN_DIRECT_OBJC_ISA_USAGE = YES_ERROR;
				CLANG_WARN_DOCUMENTATION_COMMENTS = YES;
				CLANG_WARN_EMPTY_BODY = YES;
				CLANG_WARN_ENUM_CONVERSION = YES;
				CLANG_WARN_INFINITE_RECURSION = YES;
				CLANG_WARN_INT_CONVERSION = YES;
				CLANG_WARN_NON_LITERAL_NULL_CONVERSION = YES;
				CLANG_WARN_OBJC_IMPLICIT_RETAIN_SELF = YES;
				CLANG_WARN_OBJC_LITERAL_CONVERSION = YES;
				CLANG_WARN_OBJC_ROOT_CLASS = YES_ERROR;
				CLANG_WARN_QUOTED_INCLUDE_IN_FRAMEWORK_HEADER = YES;
				CLANG_WARN_RANGE_LOOP_ANALYSIS = YES;
				CLANG_WARN_STRICT_PROTOTYPES = YES;
				CLANG_WARN_SUSPICIOUS_MOVE = YES;
				CLANG_WARN_UNGUARDED_AVAILABILITY = YES_AGGRESSIVE;
				CLANG_WARN_UNREACHABLE_CODE = YES;
				CLANG_WARN__DUPLICATE_METHOD_MATCH = YES;
				COPY_PHASE_STRIP = NO;
				DEBUG_INFORMATION_FORMAT = "dwarf-with-dsym";
				ENABLE_NS_ASSERTIONS = NO;
				ENABLE_STRICT_OBJC_MSGSEND = YES;
				ENABLE_USER_SCRIPT_SANDBOXING = YES;
				GCC_C_LANGUAGE_STANDARD = gnu17;
				GCC_NO_COMMON_BLOCKS = YES;
				GCC_WARN_64_TO_32_BIT_CONVERSION = YES;
				GCC_WARN_ABOUT_RETURN_TYPE = YES_ERROR;
				GCC_WARN_UNDECLARED_SELECTOR = YES;
				GCC_WARN_UNINITIALIZED_AUTOS = YES_AGGRESSIVE;
				GCC_WARN_UNUSED_FUNCTION = YES;
				GCC_WARN_UNUSED_VARIABLE = YES;
				IPHONEOS_DEPLOYMENT_TARGET = 17.0;
				LOCALIZATION_PREFERS_STRING_CATALOGS = YES;
				MTL_ENABLE_DEBUG_INFO = NO;
				MTL_FAST_MATH = YES;
				SDKROOT = iphoneos;
				SWIFT_COMPILATION_MODE = wholemodule;
				VALIDATE_PRODUCT = YES;
			};
			name = Release;
		};
		141344C02ACF74830000B8AC /* Debug */ = {
			isa = XCBuildConfiguration;
			buildSettings = {
				ASSETCATALOG_COMPILER_APPICON_NAME = AppIcon;
				ASSETCATALOG_COMPILER_GLOBAL_ACCENT_COLOR_NAME = AccentColor;
				CODE_SIGN_STYLE = Automatic;
				CURRENT_PROJECT_VERSION = 1;
				DEVELOPMENT_ASSET_PATHS = "\"hidingViews/Preview Content\"";
				DEVELOPMENT_TEAM = 39X532FCX5;
				ENABLE_PREVIEWS = YES;
				GENERATE_INFOPLIST_FILE = YES;
				INFOPLIST_KEY_UIApplicationSceneManifest_Generation = YES;
				INFOPLIST_KEY_UIApplicationSupportsIndirectInputEvents = YES;
				INFOPLIST_KEY_UILaunchScreen_Generation = YES;
				INFOPLIST_KEY_UISupportedInterfaceOrientations_iPad = "UIInterfaceOrientationPortrait UIInterfaceOrientationPortraitUpsideDown UIInterfaceOrientationLandscapeLeft UIInterfaceOrientationLandscapeRight";
				INFOPLIST_KEY_UISupportedInterfaceOrientations_iPhone = "UIInterfaceOrientationPortrait UIInterfaceOrientationLandscapeLeft UIInterfaceOrientationLandscapeRight";
				LD_RUNPATH_SEARCH_PATHS = (
					"$(inherited)",
					"@executable_path/Frameworks",
				);
				MARKETING_VERSION = 1.0;
				PRODUCT_BUNDLE_IDENTIFIER = vedantmistry.hidingViews;
				PRODUCT_NAME = "$(TARGET_NAME)";
				SWIFT_EMIT_LOC_STRINGS = YES;
				SWIFT_VERSION = 5.0;
				TARGETED_DEVICE_FAMILY = "1,2";
			};
			name = Debug;
		};
		141344C12ACF74830000B8AC /* Release */ = {
			isa = XCBuildConfiguration;
			buildSettings = {
				ASSETCATALOG_COMPILER_APPICON_NAME = AppIcon;
				ASSETCATALOG_COMPILER_GLOBAL_ACCENT_COLOR_NAME = AccentColor;
				CODE_SIGN_STYLE = Automatic;
				CURRENT_PROJECT_VERSION = 1;
				DEVELOPMENT_ASSET_PATHS = "\"hidingViews/Preview Content\"";
				DEVELOPMENT_TEAM = 39X532FCX5;
				ENABLE_PREVIEWS = YES;
				GENERATE_INFOPLIST_FILE = YES;
				INFOPLIST_KEY_UIApplicationSceneManifest_Generation = YES;
				INFOPLIST_KEY_UIApplicationSupportsIndirectInputEvents = YES;
				INFOPLIST_KEY_UILaunchScreen_Generation = YES;
				INFOPLIST_KEY_UISupportedInterfaceOrientations_iPad = "UIInterfaceOrientationPortrait UIInterfaceOrientationPortraitUpsideDown UIInterfaceOrientationLandscapeLeft UIInterfaceOrientationLandscapeRight";
				INFOPLIST_KEY_UISupportedInterfaceOrientations_iPhone = "UIInterfaceOrientationPortrait UIInterfaceOrientationLandscapeLeft UIInterfaceOrientationLandscapeRight";
				LD_RUNPATH_SEARCH_PATHS = (
					"$(inherited)",
					"@executable_path/Frameworks",
				);
				MARKETING_VERSION = 1.0;
				PRODUCT_BUNDLE_IDENTIFIER = vedantmistry.hidingViews;
				PRODUCT_NAME = "$(TARGET_NAME)";
				SWIFT_EMIT_LOC_STRINGS = YES;
				SWIFT_VERSION = 5.0;
				TARGETED_DEVICE_FAMILY = "1,2";
			};
			name = Release;
		};
		141344C32ACF74830000B8AC /* Debug */ = {
			isa = XCBuildConfiguration;
			buildSettings = {
				ALWAYS_EMBED_SWIFT_STANDARD_LIBRARIES = YES;
				BUNDLE_LOADER = "$(TEST_HOST)";
				CODE_SIGN_STYLE = Automatic;
				CURRENT_PROJECT_VERSION = 1;
				DEVELOPMENT_TEAM = 39X532FCX5;
				GENERATE_INFOPLIST_FILE = YES;
				IPHONEOS_DEPLOYMENT_TARGET = 17.0;
				MARKETING_VERSION = 1.0;
				PRODUCT_BUNDLE_IDENTIFIER = vedantmistry.hidingViewsTests;
				PRODUCT_NAME = "$(TARGET_NAME)";
				SWIFT_EMIT_LOC_STRINGS = NO;
				SWIFT_VERSION = 5.0;
				TARGETED_DEVICE_FAMILY = "1,2";
				TEST_HOST = "$(BUILT_PRODUCTS_DIR)/hidingViews.app/$(BUNDLE_EXECUTABLE_FOLDER_PATH)/hidingViews";
			};
			name = Debug;
		};
		141344C42ACF74830000B8AC /* Release */ = {
			isa = XCBuildConfiguration;
			buildSettings = {
				ALWAYS_EMBED_SWIFT_STANDARD_LIBRARIES = YES;
				BUNDLE_LOADER = "$(TEST_HOST)";
				CODE_SIGN_STYLE = Automatic;
				CURRENT_PROJECT_VERSION = 1;
				DEVELOPMENT_TEAM = 39X532FCX5;
				GENERATE_INFOPLIST_FILE = YES;
				IPHONEOS_DEPLOYMENT_TARGET = 17.0;
				MARKETING_VERSION = 1.0;
				PRODUCT_BUNDLE_IDENTIFIER = vedantmistry.hidingViewsTests;
				PRODUCT_NAME = "$(TARGET_NAME)";
				SWIFT_EMIT_LOC_STRINGS = NO;
				SWIFT_VERSION = 5.0;
				TARGETED_DEVICE_FAMILY = "1,2";
				TEST_HOST = "$(BUILT_PRODUCTS_DIR)/hidingViews.app/$(BUNDLE_EXECUTABLE_FOLDER_PATH)/hidingViews";
			};
			name = Release;
		};
		141344C62ACF74830000B8AC /* Debug */ = {
			isa = XCBuildConfiguration;
			buildSettings = {
				ALWAYS_EMBED_SWIFT_STANDARD_LIBRARIES = YES;
				CODE_SIGN_STYLE = Automatic;
				CURRENT_PROJECT_VERSION = 1;
				DEVELOPMENT_TEAM = 39X532FCX5;
				GENERATE_INFOPLIST_FILE = YES;
				MARKETING_VERSION = 1.0;
				PRODUCT_BUNDLE_IDENTIFIER = vedantmistry.hidingViewsUITests;
				PRODUCT_NAME = "$(TARGET_NAME)";
				SWIFT_EMIT_LOC_STRINGS = NO;
				SWIFT_VERSION = 5.0;
				TARGETED_DEVICE_FAMILY = "1,2";
				TEST_TARGET_NAME = hidingViews;
			};
			name = Debug;
		};
		141344C72ACF74830000B8AC /* Release */ = {
			isa = XCBuildConfiguration;
			buildSettings = {
				ALWAYS_EMBED_SWIFT_STANDARD_LIBRARIES = YES;
				CODE_SIGN_STYLE = Automatic;
				CURRENT_PROJECT_VERSION = 1;
				DEVELOPMENT_TEAM = 39X532FCX5;
				GENERATE_INFOPLIST_FILE = YES;
				MARKETING_VERSION = 1.0;
				PRODUCT_BUNDLE_IDENTIFIER = vedantmistry.hidingViewsUITests;
				PRODUCT_NAME = "$(TARGET_NAME)";
				SWIFT_EMIT_LOC_STRINGS = NO;
				SWIFT_VERSION = 5.0;
				TARGETED_DEVICE_FAMILY = "1,2";
				TEST_TARGET_NAME = hidingViews;
			};
			name = Release;
		};
/* End XCBuildConfiguration section */

/* Begin XCConfigurationList section */
		141344962ACF747F0000B8AC /* Build configuration list for PBXProject "hidingViews" */ = {
			isa = XCConfigurationList;
			buildConfigurations = (
				141344BD2ACF74830000B8AC /* Debug */,
				141344BE2ACF74830000B8AC /* Release */,
			);
			defaultConfigurationIsVisible = 0;
			defaultConfigurationName = Release;
		};
		141344BF2ACF74830000B8AC /* Build configuration list for PBXNativeTarget "hidingViews" */ = {
			isa = XCConfigurationList;
			buildConfigurations = (
				141344C02ACF74830000B8AC /* Debug */,
				141344C12ACF74830000B8AC /* Release */,
			);
			defaultConfigurationIsVisible = 0;
			defaultConfigurationName = Release;
		};
		141344C22ACF74830000B8AC /* Build configuration list for PBXNativeTarget "hidingViewsTests" */ = {
			isa = XCConfigurationList;
			buildConfigurations = (
				141344C32ACF74830000B8AC /* Debug */,
				141344C42ACF74830000B8AC /* Release */,
			);
			defaultConfigurationIsVisible = 0;
			defaultConfigurationName = Release;
		};
		141344C52ACF74830000B8AC /* Build configuration list for PBXNativeTarget "hidingViewsUITests" */ = {
			isa = XCConfigurationList;
			buildConfigurations = (
				141344C62ACF74830000B8AC /* Debug */,
				141344C72ACF74830000B8AC /* Release */,
			);
			defaultConfigurationIsVisible = 0;
			defaultConfigurationName = Release;
		};
/* End XCConfigurationList section */
	};
	rootObject = 141344932ACF747F0000B8AC /* Project object */;
}
