// !$*UTF8*$!
{
	archiveVersion = 1;
	classes = {
	};
	objectVersion = 56;
	objects = {

/* Begin PBXBuildFile section */
		14D6C7E92AF9A91F005697BE /* myCalculatorApp.swift in Sources */ = {isa = PBXBuildFile; fileRef = 14D6C7E82AF9A91F005697BE /* myCalculatorApp.swift */; };
		14D6C7EB2AF9A91F005697BE /* ContentView.swift in Sources */ = {isa = PBXBuildFile; fileRef = 14D6C7EA2AF9A91F005697BE /* ContentView.swift */; };
		14D6C7ED2AF9A921005697BE /* Assets.xcassets in Resources */ = {isa = PBXBuildFile; fileRef = 14D6C7EC2AF9A921005697BE /* Assets.xcassets */; };
		14D6C7F02AF9A921005697BE /* Preview Assets.xcassets in Resources */ = {isa = PBXBuildFile; fileRef = 14D6C7EF2AF9A921005697BE /* Preview Assets.xcassets */; };
		14D6C7FA2AF9A921005697BE /* myCalculatorTests.swift in Sources */ = {isa = PBXBuildFile; fileRef = 14D6C7F92AF9A921005697BE /* myCalculatorTests.swift */; };
		14D6C8042AF9A921005697BE /* myCalculatorUITests.swift in Sources */ = {isa = PBXBuildFile; fileRef = 14D6C8032AF9A921005697BE /* myCalculatorUITests.swift */; };
		14D6C8062AF9A921005697BE /* myCalculatorUITestsLaunchTests.swift in Sources */ = {isa = PBXBuildFile; fileRef = 14D6C8052AF9A921005697BE /* myCalculatorUITestsLaunchTests.swift */; };
/* End PBXBuildFile section */

/* Begin PBXContainerItemProxy section */
		14D6C7F62AF9A921005697BE /* PBXContainerItemProxy */ = {
			isa = PBXContainerItemProxy;
			containerPortal = 14D6C7DD2AF9A91F005697BE /* Project object */;
			proxyType = 1;
			remoteGlobalIDString = 14D6C7E42AF9A91F005697BE;
			remoteInfo = myCalculator;
		};
		14D6C8002AF9A921005697BE /* PBXContainerItemProxy */ = {
			isa = PBXContainerItemProxy;
			containerPortal = 14D6C7DD2AF9A91F005697BE /* Project object */;
			proxyType = 1;
			remoteGlobalIDString = 14D6C7E42AF9A91F005697BE;
			remoteInfo = myCalculator;
		};
/* End PBXContainerItemProxy section */

/* Begin PBXFileReference section */
		14D6C7E52AF9A91F005697BE /* myCalculator.app */ = {isa = PBXFileReference; explicitFileType = wrapper.application; includeInIndex = 0; path = myCalculator.app; sourceTree = BUILT_PRODUCTS_DIR; };
		14D6C7E82AF9A91F005697BE /* myCalculatorApp.swift */ = {isa = PBXFileReference; lastKnownFileType = sourcecode.swift; path = myCalculatorApp.swift; sourceTree = "<group>"; };
		14D6C7EA2AF9A91F005697BE /* ContentView.swift */ = {isa = PBXFileReference; lastKnownFileType = sourcecode.swift; path = ContentView.swift; sourceTree = "<group>"; };
		14D6C7EC2AF9A921005697BE /* Assets.xcassets */ = {isa = PBXFileReference; lastKnownFileType = folder.assetcatalog; path = Assets.xcassets; sourceTree = "<group>"; };
		14D6C7EF2AF9A921005697BE /* Preview Assets.xcassets */ = {isa = PBXFileReference; lastKnownFileType = folder.assetcatalog; path = "Preview Assets.xcassets"; sourceTree = "<group>"; };
		14D6C7F52AF9A921005697BE /* myCalculatorTests.xctest */ = {isa = PBXFileReference; explicitFileType = wrapper.cfbundle; includeInIndex = 0; path = myCalculatorTests.xctest; sourceTree = BUILT_PRODUCTS_DIR; };
		14D6C7F92AF9A921005697BE /* myCalculatorTests.swift */ = {isa = PBXFileReference; lastKnownFileType = sourcecode.swift; path = myCalculatorTests.swift; sourceTree = "<group>"; };
		14D6C7FF2AF9A921005697BE /* myCalculatorUITests.xctest */ = {isa = PBXFileReference; explicitFileType = wrapper.cfbundle; includeInIndex = 0; path = myCalculatorUITests.xctest; sourceTree = BUILT_PRODUCTS_DIR; };
		14D6C8032AF9A921005697BE /* myCalculatorUITests.swift */ = {isa = PBXFileReference; lastKnownFileType = sourcecode.swift; path = myCalculatorUITests.swift; sourceTree = "<group>"; };
		14D6C8052AF9A921005697BE /* myCalculatorUITestsLaunchTests.swift */ = {isa = PBXFileReference; lastKnownFileType = sourcecode.swift; path = myCalculatorUITestsLaunchTests.swift; sourceTree = "<group>"; };
/* End PBXFileReference section */

/* Begin PBXFrameworksBuildPhase section */
		14D6C7E22AF9A91F005697BE /* Frameworks */ = {
			isa = PBXFrameworksBuildPhase;
			buildActionMask = 2147483647;
			files = (
			);
			runOnlyForDeploymentPostprocessing = 0;
		};
		14D6C7F22AF9A921005697BE /* Frameworks */ = {
			isa = PBXFrameworksBuildPhase;
			buildActionMask = 2147483647;
			files = (
			);
			runOnlyForDeploymentPostprocessing = 0;
		};
		14D6C7FC2AF9A921005697BE /* Frameworks */ = {
			isa = PBXFrameworksBuildPhase;
			buildActionMask = 2147483647;
			files = (
			);
			runOnlyForDeploymentPostprocessing = 0;
		};
/* End PBXFrameworksBuildPhase section */

/* Begin PBXGroup section */
		14D6C7DC2AF9A91F005697BE = {
			isa = PBXGroup;
			children = (
				14D6C7E72AF9A91F005697BE /* myCalculator */,
				14D6C7F82AF9A921005697BE /* myCalculatorTests */,
				14D6C8022AF9A921005697BE /* myCalculatorUITests */,
				14D6C7E62AF9A91F005697BE /* Products */,
			);
			sourceTree = "<group>";
		};
		14D6C7E62AF9A91F005697BE /* Products */ = {
			isa = PBXGroup;
			children = (
				14D6C7E52AF9A91F005697BE /* myCalculator.app */,
				14D6C7F52AF9A921005697BE /* myCalculatorTests.xctest */,
				14D6C7FF2AF9A921005697BE /* myCalculatorUITests.xctest */,
			);
			name = Products;
			sourceTree = "<group>";
		};
		14D6C7E72AF9A91F005697BE /* myCalculator */ = {
			isa = PBXGroup;
			children = (
				14D6C7E82AF9A91F005697BE /* myCalculatorApp.swift */,
				14D6C7EA2AF9A91F005697BE /* ContentView.swift */,
				14D6C7EC2AF9A921005697BE /* Assets.xcassets */,
				14D6C7EE2AF9A921005697BE /* Preview Content */,
			);
			path = myCalculator;
			sourceTree = "<group>";
		};
		14D6C7EE2AF9A921005697BE /* Preview Content */ = {
			isa = PBXGroup;
			children = (
				14D6C7EF2AF9A921005697BE /* Preview Assets.xcassets */,
			);
			path = "Preview Content";
			sourceTree = "<group>";
		};
		14D6C7F82AF9A921005697BE /* myCalculatorTests */ = {
			isa = PBXGroup;
			children = (
				14D6C7F92AF9A921005697BE /* myCalculatorTests.swift */,
			);
			path = myCalculatorTests;
			sourceTree = "<group>";
		};
		14D6C8022AF9A921005697BE /* myCalculatorUITests */ = {
			isa = PBXGroup;
			children = (
				14D6C8032AF9A921005697BE /* myCalculatorUITests.swift */,
				14D6C8052AF9A921005697BE /* myCalculatorUITestsLaunchTests.swift */,
			);
			path = myCalculatorUITests;
			sourceTree = "<group>";
		};
/* End PBXGroup section */

/* Begin PBXNativeTarget section */
		14D6C7E42AF9A91F005697BE /* myCalculator */ = {
			isa = PBXNativeTarget;
			buildConfigurationList = 14D6C8092AF9A921005697BE /* Build configuration list for PBXNativeTarget "myCalculator" */;
			buildPhases = (
				14D6C7E12AF9A91F005697BE /* Sources */,
				14D6C7E22AF9A91F005697BE /* Frameworks */,
				14D6C7E32AF9A91F005697BE /* Resources */,
			);
			buildRules = (
			);
			dependencies = (
			);
			name = myCalculator;
			productName = myCalculator;
			productReference = 14D6C7E52AF9A91F005697BE /* myCalculator.app */;
			productType = "com.apple.product-type.application";
		};
		14D6C7F42AF9A921005697BE /* myCalculatorTests */ = {
			isa = PBXNativeTarget;
			buildConfigurationList = 14D6C80C2AF9A921005697BE /* Build configuration list for PBXNativeTarget "myCalculatorTests" */;
			buildPhases = (
				14D6C7F12AF9A921005697BE /* Sources */,
				14D6C7F22AF9A921005697BE /* Frameworks */,
				14D6C7F32AF9A921005697BE /* Resources */,
			);
			buildRules = (
			);
			dependencies = (
				14D6C7F72AF9A921005697BE /* PBXTargetDependency */,
			);
			name = myCalculatorTests;
			productName = myCalculatorTests;
			productReference = 14D6C7F52AF9A921005697BE /* myCalculatorTests.xctest */;
			productType = "com.apple.product-type.bundle.unit-test";
		};
		14D6C7FE2AF9A921005697BE /* myCalculatorUITests */ = {
			isa = PBXNativeTarget;
			buildConfigurationList = 14D6C80F2AF9A921005697BE /* Build configuration list for PBXNativeTarget "myCalculatorUITests" */;
			buildPhases = (
				14D6C7FB2AF9A921005697BE /* Sources */,
				14D6C7FC2AF9A921005697BE /* Frameworks */,
				14D6C7FD2AF9A921005697BE /* Resources */,
			);
			buildRules = (
			);
			dependencies = (
				14D6C8012AF9A921005697BE /* PBXTargetDependency */,
			);
			name = myCalculatorUITests;
			productName = myCalculatorUITests;
			productReference = 14D6C7FF2AF9A921005697BE /* myCalculatorUITests.xctest */;
			productType = "com.apple.product-type.bundle.ui-testing";
		};
/* End PBXNativeTarget section */

/* Begin PBXProject section */
		14D6C7DD2AF9A91F005697BE /* Project object */ = {
			isa = PBXProject;
			attributes = {
				BuildIndependentTargetsInParallel = 1;
				LastSwiftUpdateCheck = 1500;
				LastUpgradeCheck = 1500;
				TargetAttributes = {
					14D6C7E42AF9A91F005697BE = {
						CreatedOnToolsVersion = 15.0.1;
					};
					14D6C7F42AF9A921005697BE = {
						CreatedOnToolsVersion = 15.0.1;
						TestTargetID = 14D6C7E42AF9A91F005697BE;
					};
					14D6C7FE2AF9A921005697BE = {
						CreatedOnToolsVersion = 15.0.1;
						TestTargetID = 14D6C7E42AF9A91F005697BE;
					};
				};
			};
			buildConfigurationList = 14D6C7E02AF9A91F005697BE /* Build configuration list for PBXProject "myCalculator" */;
			compatibilityVersion = "Xcode 14.0";
			developmentRegion = en;
			hasScannedForEncodings = 0;
			knownRegions = (
				en,
				Base,
			);
			mainGroup = 14D6C7DC2AF9A91F005697BE;
			productRefGroup = 14D6C7E62AF9A91F005697BE /* Products */;
			projectDirPath = "";
			projectRoot = "";
			targets = (
				14D6C7E42AF9A91F005697BE /* myCalculator */,
				14D6C7F42AF9A921005697BE /* myCalculatorTests */,
				14D6C7FE2AF9A921005697BE /* myCalculatorUITests */,
			);
		};
/* End PBXProject section */

/* Begin PBXResourcesBuildPhase section */
		14D6C7E32AF9A91F005697BE /* Resources */ = {
			isa = PBXResourcesBuildPhase;
			buildActionMask = 2147483647;
			files = (
				14D6C7F02AF9A921005697BE /* Preview Assets.xcassets in Resources */,
				14D6C7ED2AF9A921005697BE /* Assets.xcassets in Resources */,
			);
			runOnlyForDeploymentPostprocessing = 0;
		};
		14D6C7F32AF9A921005697BE /* Resources */ = {
			isa = PBXResourcesBuildPhase;
			buildActionMask = 2147483647;
			files = (
			);
			runOnlyForDeploymentPostprocessing = 0;
		};
		14D6C7FD2AF9A921005697BE /* Resources */ = {
			isa = PBXResourcesBuildPhase;
			buildActionMask = 2147483647;
			files = (
			);
			runOnlyForDeploymentPostprocessing = 0;
		};
/* End PBXResourcesBuildPhase section */

/* Begin PBXSourcesBuildPhase section */
		14D6C7E12AF9A91F005697BE /* Sources */ = {
			isa = PBXSourcesBuildPhase;
			buildActionMask = 2147483647;
			files = (
				14D6C7EB2AF9A91F005697BE /* ContentView.swift in Sources */,
				14D6C7E92AF9A91F005697BE /* myCalculatorApp.swift in Sources */,
			);
			runOnlyForDeploymentPostprocessing = 0;
		};
		14D6C7F12AF9A921005697BE /* Sources */ = {
			isa = PBXSourcesBuildPhase;
			buildActionMask = 2147483647;
			files = (
				14D6C7FA2AF9A921005697BE /* myCalculatorTests.swift in Sources */,
			);
			runOnlyForDeploymentPostprocessing = 0;
		};
		14D6C7FB2AF9A921005697BE /* Sources */ = {
			isa = PBXSourcesBuildPhase;
			buildActionMask = 2147483647;
			files = (
				14D6C8062AF9A921005697BE /* myCalculatorUITestsLaunchTests.swift in Sources */,
				14D6C8042AF9A921005697BE /* myCalculatorUITests.swift in Sources */,
			);
			runOnlyForDeploymentPostprocessing = 0;
		};
/* End PBXSourcesBuildPhase section */

/* Begin PBXTargetDependency section */
		14D6C7F72AF9A921005697BE /* PBXTargetDependency */ = {
			isa = PBXTargetDependency;
			target = 14D6C7E42AF9A91F005697BE /* myCalculator */;
			targetProxy = 14D6C7F62AF9A921005697BE /* PBXContainerItemProxy */;
		};
		14D6C8012AF9A921005697BE /* PBXTargetDependency */ = {
			isa = PBXTargetDependency;
			target = 14D6C7E42AF9A91F005697BE /* myCalculator */;
			targetProxy = 14D6C8002AF9A921005697BE /* PBXContainerItemProxy */;
		};
/* End PBXTargetDependency section */

/* Begin XCBuildConfiguration section */
		14D6C8072AF9A921005697BE /* Debug */ = {
			isa = XCBuildConfiguration;
			buildSettings = {
				ALWAYS_SEARCH_USER_PATHS = NO;
				ASSETCATALOG_COMPILER_GENERATE_SWIFT_ASSET_SYMBOL_EXTENSIONS = YES;
				CLANG_ANALYZER_NONNULL = YES;
				CLANG_ANALYZER_NUMBER_OBJECT_CONVERSION = YES_AGGRESSIVE;
				CLANG_CXX_LANGUAGE_STANDARD = "gnu++20";
				CLANG_ENABLE_MODULES = YES;
				CLANG_ENABLE_OBJC_ARC = YES;
				CLANG_ENABLE_OBJC_WEAK = YES;
				CLANG_WARN_BLOCK_CAPTURE_AUTORELEASING = YES;
				CLANG_WARN_BOOL_CONVERSION = YES;
				CLANG_WARN_COMMA = YES;
				CLANG_WARN_CONSTANT_CONVERSION = YES;
				CLANG_WARN_DEPRECATED_OBJC_IMPLEMENTATIONS = YES;
				CLANG_WARN_DIRECT_OBJC_ISA_USAGE = YES_ERROR;
				CLANG_WARN_DOCUMENTATION_COMMENTS = YES;
				CLANG_WARN_EMPTY_BODY = YES;
				CLANG_WARN_ENUM_CONVERSION = YES;
				CLANG_WARN_INFINITE_RECURSION = YES;
				CLANG_WARN_INT_CONVERSION = YES;
				CLANG_WARN_NON_LITERAL_NULL_CONVERSION = YES;
				CLANG_WARN_OBJC_IMPLICIT_RETAIN_SELF = YES;
				CLANG_WARN_OBJC_LITERAL_CONVERSION = YES;
				CLANG_WARN_OBJC_ROOT_CLASS = YES_ERROR;
				CLANG_WARN_QUOTED_INCLUDE_IN_FRAMEWORK_HEADER = YES;
				CLANG_WARN_RANGE_LOOP_ANALYSIS = YES;
				CLANG_WARN_STRICT_PROTOTYPES = YES;
				CLANG_WARN_SUSPICIOUS_MOVE = YES;
				CLANG_WARN_UNGUARDED_AVAILABILITY = YES_AGGRESSIVE;
				CLANG_WARN_UNREACHABLE_CODE = YES;
				CLANG_WARN__DUPLICATE_METHOD_MATCH = YES;
				COPY_PHASE_STRIP = NO;
				DEBUG_INFORMATION_FORMAT = dwarf;
				ENABLE_STRICT_OBJC_MSGSEND = YES;
				ENABLE_TESTABILITY = YES;
				ENABLE_USER_SCRIPT_SANDBOXING = YES;
				GCC_C_LANGUAGE_STANDARD = gnu17;
				GCC_DYNAMIC_NO_PIC = NO;
				GCC_NO_COMMON_BLOCKS = YES;
				GCC_OPTIMIZATION_LEVEL = 0;
				GCC_PREPROCESSOR_DEFINITIONS = (
					"DEBUG=1",
					"$(inherited)",
				);
				GCC_WARN_64_TO_32_BIT_CONVERSION = YES;
				GCC_WARN_ABOUT_RETURN_TYPE = YES_ERROR;
				GCC_WARN_UNDECLARED_SELECTOR = YES;
				GCC_WARN_UNINITIALIZED_AUTOS = YES_AGGRESSIVE;
				GCC_WARN_UNUSED_FUNCTION = YES;
				GCC_WARN_UNUSED_VARIABLE = YES;
				IPHONEOS_DEPLOYMENT_TARGET = 17.0;
				LOCALIZATION_PREFERS_STRING_CATALOGS = YES;
				MTL_ENABLE_DEBUG_INFO = INCLUDE_SOURCE;
				MTL_FAST_MATH = YES;
				ONLY_ACTIVE_ARCH = YES;
				SDKROOT = iphoneos;
				SWIFT_ACTIVE_COMPILATION_CONDITIONS = "DEBUG $(inherited)";
				SWIFT_OPTIMIZATION_LEVEL = "-Onone";
			};
			name = Debug;
		};
		14D6C8082AF9A921005697BE /* Release */ = {
			isa = XCBuildConfiguration;
			buildSettings = {
				ALWAYS_SEARCH_USER_PATHS = NO;
				ASSETCATALOG_COMPILER_GENERATE_SWIFT_ASSET_SYMBOL_EXTENSIONS = YES;
				CLANG_ANALYZER_NONNULL = YES;
				CLANG_ANALYZER_NUMBER_OBJECT_CONVERSION = YES_AGGRESSIVE;
				CLANG_CXX_LANGUAGE_STANDARD = "gnu++20";
				CLANG_ENABLE_MODULES = YES;
				CLANG_ENABLE_OBJC_ARC = YES;
				CLANG_ENABLE_OBJC_WEAK = YES;
				CLANG_WARN_BLOCK_CAPTURE_AUTORELEASING = YES;
				CLANG_WARN_BOOL_CONVERSION = YES;
				CLANG_WARN_COMMA = YES;
				CLANG_WARN_CONSTANT_CONVERSION = YES;
				CLANG_WARN_DEPRECATED_OBJC_IMPLEMENTATIONS = YES;
				CLANG_WARN_DIRECT_OBJC_ISA_USAGE = YES_ERROR;
				CLANG_WARN_DOCUMENTATION_COMMENTS = YES;
				CLANG_WARN_EMPTY_BODY = YES;
				CLANG_WARN_ENUM_CONVERSION = YES;
				CLANG_WARN_INFINITE_RECURSION = YES;
				CLANG_WARN_INT_CONVERSION = YES;
				CLANG_WARN_NON_LITERAL_NULL_CONVERSION = YES;
				CLANG_WARN_OBJC_IMPLICIT_RETAIN_SELF = YES;
				CLANG_WARN_OBJC_LITERAL_CONVERSION = YES;
				CLANG_WARN_OBJC_ROOT_CLASS = YES_ERROR;
				CLANG_WARN_QUOTED_INCLUDE_IN_FRAMEWORK_HEADER = YES;
				CLANG_WARN_RANGE_LOOP_ANALYSIS = YES;
				CLANG_WARN_STRICT_PROTOTYPES = YES;
				CLANG_WARN_SUSPICIOUS_MOVE = YES;
				CLANG_WARN_UNGUARDED_AVAILABILITY = YES_AGGRESSIVE;
				CLANG_WARN_UNREACHABLE_CODE = YES;
				CLANG_WARN__DUPLICATE_METHOD_MATCH = YES;
				COPY_PHASE_STRIP = NO;
				DEBUG_INFORMATION_FORMAT = "dwarf-with-dsym";
				ENABLE_NS_ASSERTIONS = NO;
				ENABLE_STRICT_OBJC_MSGSEND = YES;
				ENABLE_USER_SCRIPT_SANDBOXING = YES;
				GCC_C_LANGUAGE_STANDARD = gnu17;
				GCC_NO_COMMON_BLOCKS = YES;
				GCC_WARN_64_TO_32_BIT_CONVERSION = YES;
				GCC_WARN_ABOUT_RETURN_TYPE = YES_ERROR;
				GCC_WARN_UNDECLARED_SELECTOR = YES;
				GCC_WARN_UNINITIALIZED_AUTOS = YES_AGGRESSIVE;
				GCC_WARN_UNUSED_FUNCTION = YES;
				GCC_WARN_UNUSED_VARIABLE = YES;
				IPHONEOS_DEPLOYMENT_TARGET = 17.0;
				LOCALIZATION_PREFERS_STRING_CATALOGS = YES;
				MTL_ENABLE_DEBUG_INFO = NO;
				MTL_FAST_MATH = YES;
				SDKROOT = iphoneos;
				SWIFT_COMPILATION_MODE = wholemodule;
				VALIDATE_PRODUCT = YES;
			};
			name = Release;
		};
		14D6C80A2AF9A921005697BE /* Debug */ = {
			isa = XCBuildConfiguration;
			buildSettings = {
				ASSETCATALOG_COMPILER_APPICON_NAME = AppIcon;
				ASSETCATALOG_COMPILER_GLOBAL_ACCENT_COLOR_NAME = AccentColor;
				CODE_SIGN_STYLE = Automatic;
				CURRENT_PROJECT_VERSION = 1;
				DEVELOPMENT_ASSET_PATHS = "\"myCalculator/Preview Content\"";
				DEVELOPMENT_TEAM = 39X532FCX5;
				ENABLE_PREVIEWS = YES;
				GENERATE_INFOPLIST_FILE = YES;
				INFOPLIST_KEY_UIApplicationSceneManifest_Generation = YES;
				INFOPLIST_KEY_UIApplicationSupportsIndirectInputEvents = YES;
				INFOPLIST_KEY_UILaunchScreen_Generation = YES;
				INFOPLIST_KEY_UISupportedInterfaceOrientations_iPad = "UIInterfaceOrientationPortrait UIInterfaceOrientationPortraitUpsideDown UIInterfaceOrientationLandscapeLeft UIInterfaceOrientationLandscapeRight";
				INFOPLIST_KEY_UISupportedInterfaceOrientations_iPhone = "UIInterfaceOrientationPortrait UIInterfaceOrientationLandscapeLeft UIInterfaceOrientationLandscapeRight";
				LD_RUNPATH_SEARCH_PATHS = (
					"$(inherited)",
					"@executable_path/Frameworks",
				);
				MARKETING_VERSION = 1.0;
				PRODUCT_BUNDLE_IDENTIFIER = vedantmistry.myCalculator;
				PRODUCT_NAME = "$(TARGET_NAME)";
				SWIFT_EMIT_LOC_STRINGS = YES;
				SWIFT_VERSION = 5.0;
				TARGETED_DEVICE_FAMILY = "1,2";
			};
			name = Debug;
		};
		14D6C80B2AF9A921005697BE /* Release */ = {
			isa = XCBuildConfiguration;
			buildSettings = {
				ASSETCATALOG_COMPILER_APPICON_NAME = AppIcon;
				ASSETCATALOG_COMPILER_GLOBAL_ACCENT_COLOR_NAME = AccentColor;
				CODE_SIGN_STYLE = Automatic;
				CURRENT_PROJECT_VERSION = 1;
				DEVELOPMENT_ASSET_PATHS = "\"myCalculator/Preview Content\"";
				DEVELOPMENT_TEAM = 39X532FCX5;
				ENABLE_PREVIEWS = YES;
				GENERATE_INFOPLIST_FILE = YES;
				INFOPLIST_KEY_UIApplicationSceneManifest_Generation = YES;
				INFOPLIST_KEY_UIApplicationSupportsIndirectInputEvents = YES;
				INFOPLIST_KEY_UILaunchScreen_Generation = YES;
				INFOPLIST_KEY_UISupportedInterfaceOrientations_iPad = "UIInterfaceOrientationPortrait UIInterfaceOrientationPortraitUpsideDown UIInterfaceOrientationLandscapeLeft UIInterfaceOrientationLandscapeRight";
				INFOPLIST_KEY_UISupportedInterfaceOrientations_iPhone = "UIInterfaceOrientationPortrait UIInterfaceOrientationLandscapeLeft UIInterfaceOrientationLandscapeRight";
				LD_RUNPATH_SEARCH_PATHS = (
					"$(inherited)",
					"@executable_path/Frameworks",
				);
				MARKETING_VERSION = 1.0;
				PRODUCT_BUNDLE_IDENTIFIER = vedantmistry.myCalculator;
				PRODUCT_NAME = "$(TARGET_NAME)";
				SWIFT_EMIT_LOC_STRINGS = YES;
				SWIFT_VERSION = 5.0;
				TARGETED_DEVICE_FAMILY = "1,2";
			};
			name = Release;
		};
		14D6C80D2AF9A921005697BE /* Debug */ = {
			isa = XCBuildConfiguration;
			buildSettings = {
				ALWAYS_EMBED_SWIFT_STANDARD_LIBRARIES = YES;
				BUNDLE_LOADER = "$(TEST_HOST)";
				CODE_SIGN_STYLE = Automatic;
				CURRENT_PROJECT_VERSION = 1;
				DEVELOPMENT_TEAM = 39X532FCX5;
				GENERATE_INFOPLIST_FILE = YES;
				IPHONEOS_DEPLOYMENT_TARGET = 17.0;
				MARKETING_VERSION = 1.0;
				PRODUCT_BUNDLE_IDENTIFIER = vedantmistry.myCalculatorTests;
				PRODUCT_NAME = "$(TARGET_NAME)";
				SWIFT_EMIT_LOC_STRINGS = NO;
				SWIFT_VERSION = 5.0;
				TARGETED_DEVICE_FAMILY = "1,2";
				TEST_HOST = "$(BUILT_PRODUCTS_DIR)/myCalculator.app/$(BUNDLE_EXECUTABLE_FOLDER_PATH)/myCalculator";
			};
			name = Debug;
		};
		14D6C80E2AF9A921005697BE /* Release */ = {
			isa = XCBuildConfiguration;
			buildSettings = {
				ALWAYS_EMBED_SWIFT_STANDARD_LIBRARIES = YES;
				BUNDLE_LOADER = "$(TEST_HOST)";
				CODE_SIGN_STYLE = Automatic;
				CURRENT_PROJECT_VERSION = 1;
				DEVELOPMENT_TEAM = 39X532FCX5;
				GENERATE_INFOPLIST_FILE = YES;
				IPHONEOS_DEPLOYMENT_TARGET = 17.0;
				MARKETING_VERSION = 1.0;
				PRODUCT_BUNDLE_IDENTIFIER = vedantmistry.myCalculatorTests;
				PRODUCT_NAME = "$(TARGET_NAME)";
				SWIFT_EMIT_LOC_STRINGS = NO;
				SWIFT_VERSION = 5.0;
				TARGETED_DEVICE_FAMILY = "1,2";
				TEST_HOST = "$(BUILT_PRODUCTS_DIR)/myCalculator.app/$(BUNDLE_EXECUTABLE_FOLDER_PATH)/myCalculator";
			};
			name = Release;
		};
		14D6C8102AF9A921005697BE /* Debug */ = {
			isa = XCBuildConfiguration;
			buildSettings = {
				ALWAYS_EMBED_SWIFT_STANDARD_LIBRARIES = YES;
				CODE_SIGN_STYLE = Automatic;
				CURRENT_PROJECT_VERSION = 1;
				DEVELOPMENT_TEAM = 39X532FCX5;
				GENERATE_INFOPLIST_FILE = YES;
				MARKETING_VERSION = 1.0;
				PRODUCT_BUNDLE_IDENTIFIER = vedantmistry.myCalculatorUITests;
				PRODUCT_NAME = "$(TARGET_NAME)";
				SWIFT_EMIT_LOC_STRINGS = NO;
				SWIFT_VERSION = 5.0;
				TARGETED_DEVICE_FAMILY = "1,2";
				TEST_TARGET_NAME = myCalculator;
			};
			name = Debug;
		};
		14D6C8112AF9A921005697BE /* Release */ = {
			isa = XCBuildConfiguration;
			buildSettings = {
				ALWAYS_EMBED_SWIFT_STANDARD_LIBRARIES = YES;
				CODE_SIGN_STYLE = Automatic;
				CURRENT_PROJECT_VERSION = 1;
				DEVELOPMENT_TEAM = 39X532FCX5;
				GENERATE_INFOPLIST_FILE = YES;
				MARKETING_VERSION = 1.0;
				PRODUCT_BUNDLE_IDENTIFIER = vedantmistry.myCalculatorUITests;
				PRODUCT_NAME = "$(TARGET_NAME)";
				SWIFT_EMIT_LOC_STRINGS = NO;
				SWIFT_VERSION = 5.0;
				TARGETED_DEVICE_FAMILY = "1,2";
				TEST_TARGET_NAME = myCalculator;
			};
			name = Release;
		};
/* End XCBuildConfiguration section */

/* Begin XCConfigurationList section */
		14D6C7E02AF9A91F005697BE /* Build configuration list for PBXProject "myCalculator" */ = {
			isa = XCConfigurationList;
			buildConfigurations = (
				14D6C8072AF9A921005697BE /* Debug */,
				14D6C8082AF9A921005697BE /* Release */,
			);
			defaultConfigurationIsVisible = 0;
			defaultConfigurationName = Release;
		};
		14D6C8092AF9A921005697BE /* Build configuration list for PBXNativeTarget "myCalculator" */ = {
			isa = XCConfigurationList;
			buildConfigurations = (
				14D6C80A2AF9A921005697BE /* Debug */,
				14D6C80B2AF9A921005697BE /* Release */,
			);
			defaultConfigurationIsVisible = 0;
			defaultConfigurationName = Release;
		};
		14D6C80C2AF9A921005697BE /* Build configuration list for PBXNativeTarget "myCalculatorTests" */ = {
			isa = XCConfigurationList;
			buildConfigurations = (
				14D6C80D2AF9A921005697BE /* Debug */,
				14D6C80E2AF9A921005697BE /* Release */,
			);
			defaultConfigurationIsVisible = 0;
			defaultConfigurationName = Release;
		};
		14D6C80F2AF9A921005697BE /* Build configuration list for PBXNativeTarget "myCalculatorUITests" */ = {
			isa = XCConfigurationList;
			buildConfigurations = (
				14D6C8102AF9A921005697BE /* Debug */,
				14D6C8112AF9A921005697BE /* Release */,
			);
			defaultConfigurationIsVisible = 0;
			defaultConfigurationName = Release;
		};
/* End XCConfigurationList section */
	};
	rootObject = 14D6C7DD2AF9A91F005697BE /* Project object */;
}
